
Microsoft Visual Studio Solution File, Format Version 12.00
# Visual Studio Version 16
VisualStudioVersion = 16.0.29123.88
MinimumVisualStudioVersion = 10.0.40219.1
Project("{9A19103F-16F7-4668-BE54-9A1E7A4F7556}") = "Trine.Mobile.Bootstrapper", "src\Bootstrapper\Trine.Mobile.Bootstrapper.csproj", "{92F28CBD-CB0D-4F4E-A272-2004811B96BA}"
EndProject
Project("{FAE04EC0-301F-11D3-BF4B-00C04F79EFBC}") = "Trine.Mobile.iOS", "src\native\iOS\Trine.Mobile.iOS.csproj", "{1C876011-D7FC-4728-AC1F-41BABD3CC24F}"
EndProject
Project("{FAE04EC0-301F-11D3-BF4B-00C04F79EFBC}") = "Trine.Mobile.UWP", "src\native\UWP\Trine.Mobile.UWP.csproj", "{6149F141-1273-47DF-822D-E219D01EE7EF}"
EndProject
Project("{2150E333-8FDC-42A3-9474-1A3956D46DE8}") = "00 - Solution Items", "00 - Solution Items", "{F8DD56F6-FF6B-4B73-8C42-C461F7BFDF7F}"
	ProjectSection(SolutionItems) = preProject
		appcenter-post-build.sh = appcenter-post-build.sh
		src\native\Android\appcenter-post-build.sh = src\native\Android\appcenter-post-build.sh
		appcenter-pre-build.sh = appcenter-pre-build.sh
		src\native\Android\appcenter-pre-build.sh = src\native\Android\appcenter-pre-build.sh
		nuget.config = nuget.config
		readme.md = readme.md
	EndProjectSection
EndProject
Project("{2150E333-8FDC-42A3-9474-1A3956D46DE8}") = "01 - DAL", "01 - DAL", "{159FB821-DFD9-4AC1-88E9-9580183CD4B2}"
EndProject
Project("{2150E333-8FDC-42A3-9474-1A3956D46DE8}") = "02 - BLL", "02 - BLL", "{4AAC535E-F0C3-4141-8210-8A12B934D724}"
EndProject
Project("{2150E333-8FDC-42A3-9474-1A3956D46DE8}") = "03 - UI", "03 - UI", "{F71A7AEB-DA19-40E1-8777-BF9A7A09D9DB}"
EndProject
Project("{2150E333-8FDC-42A3-9474-1A3956D46DE8}") = "04 - Modules", "04 - Modules", "{9A918B19-4EC4-460D-8B09-233F82E5E947}"
EndProject
Project("{2150E333-8FDC-42A3-9474-1A3956D46DE8}") = "Native", "Native", "{EB77F75E-D518-4D0F-89AC-63DD309AEF32}"
EndProject
Project("{9A19103F-16F7-4668-BE54-9A1E7A4F7556}") = "Modules.Authentication", "src\modules\Modules.Authentication\Modules.Authentication.csproj", "{21CC98C8-686B-40BD-A1FB-AF1474C7A432}"
EndProject
Project("{9A19103F-16F7-4668-BE54-9A1E7A4F7556}") = "Trine.Mobile.Components", "src\Components\Trine.Mobile.Components.csproj", "{03733502-C617-4953-8CE2-1CE15638A973}"
EndProject
Project("{9A19103F-16F7-4668-BE54-9A1E7A4F7556}") = "Bll", "src\Bll\Trine.Mobile.Bll\Bll.csproj", "{5AB648D4-C1D2-4C6A-934A-10F401662663}"
EndProject
Project("{2150E333-8FDC-42A3-9474-1A3956D46DE8}") = "Impl", "Impl", "{B1894732-D6BD-40F0-8523-3FDB6688D26E}"
EndProject
Project("{9A19103F-16F7-4668-BE54-9A1E7A4F7556}") = "Bll.Impl", "src\Bll\Trine.Mobile.Bll.Impl\Bll.Impl.csproj", "{2E0D3107-4A4C-44AC-90A2-4EEA56D2AEDF}"
EndProject
Project("{9A19103F-16F7-4668-BE54-9A1E7A4F7556}") = "Dal", "src\Dal\Trine.Mobile.Dal\Dal.csproj", "{EEF9A0B6-CA0C-4961-987D-2693370B7141}"
EndProject
Project("{9A19103F-16F7-4668-BE54-9A1E7A4F7556}") = "Model", "src\Model\Trine.Mobile.Model\Model.csproj", "{3FA8D1D0-F3B3-40CF-91C9-4B6CD052015A}"
EndProject
Project("{9A19103F-16F7-4668-BE54-9A1E7A4F7556}") = "Dal.Swagger", "src\Dal\Trine.Mobile.Dal.Swagger\Dal.Swagger.csproj", "{35AE98C0-E46A-4B1A-9240-2C7A053BF8B2}"
EndProject
Project("{2150E333-8FDC-42A3-9474-1A3956D46DE8}") = "Impl", "Impl", "{D02227F7-3642-443E-B0FA-8C7E6F2C3FD6}"
EndProject
Project("{9A19103F-16F7-4668-BE54-9A1E7A4F7556}") = "Entities", "src\Dal\Trine.Mobile.Entities\Entities.csproj", "{43A41B5A-45E2-48AE-B2F3-7932C93537DA}"
EndProject
Project("{9A19103F-16F7-4668-BE54-9A1E7A4F7556}") = "Trine.Mobile.Dto", "src\Trine.Mobile.Dto\Trine.Mobile.Dto.csproj", "{AD62AA52-487D-457F-A178-DD7B03F62F24}"
EndProject
Project("{9A19103F-16F7-4668-BE54-9A1E7A4F7556}") = "Modules.Authentication.UnitTests", "test\Modules.Authentication.UnitTests\Modules.Authentication.UnitTests.csproj", "{269E0B77-2404-464A-96C4-926771228EE5}"
EndProject
Project("{2150E333-8FDC-42A3-9474-1A3956D46DE8}") = "Authentication", "Authentication", "{233207FC-E7D3-46C0-8E12-DF6B8712397F}"
EndProject
Project("{2150E333-8FDC-42A3-9474-1A3956D46DE8}") = "Settings", "Settings", "{29C07BDB-0C8D-486E-A924-F9CDC9F73373}"
EndProject
Project("{9A19103F-16F7-4668-BE54-9A1E7A4F7556}") = "Modules.Settings", "src\modules\Modules.Settings\Modules.Settings.csproj", "{08A8BFA7-9E06-401E-A057-B998A3B1F3BF}"
EndProject
Project("{9A19103F-16F7-4668-BE54-9A1E7A4F7556}") = "Dal.AzureBlobStorage", "src\Dal\Trine.Mobile.Dal.AzureBlobStorage\Dal.AzureBlobStorage.csproj", "{E90887FC-E4E9-417D-BC2E-2DAD9E49D75D}"
EndProject
Project("{2150E333-8FDC-42A3-9474-1A3956D46DE8}") = "Consultant", "Consultant", "{CB70BF45-FDDB-41AD-AECB-7F871A7F727F}"
EndProject
Project("{9A19103F-16F7-4668-BE54-9A1E7A4F7556}") = "Modules.Consultant", "src\modules\Modules.Consultant\Modules.Consultant.csproj", "{09336E1C-C1B6-48C2-9287-F330A29E5E40}"
EndProject
Project("{2150E333-8FDC-42A3-9474-1A3956D46DE8}") = "Customer", "Customer", "{DCA2EC79-624D-460F-B2E8-6DECFDBE0EBB}"
EndProject
Project("{9A19103F-16F7-4668-BE54-9A1E7A4F7556}") = "Modules.Customer", "src\modules\Modules.Customer\Modules.Customer.csproj", "{5399BA0E-D05A-4F83-993C-AF57AE9ACB99}"
EndProject
Project("{FAE04EC0-301F-11D3-BF4B-00C04F79EFBC}") = "Trine.Mobile.Android", "src\native\Android\Trine.Mobile.Android.csproj", "{1EB6EC34-D630-4866-A08A-07DDC7F1D73F}"
EndProject
Project("{9A19103F-16F7-4668-BE54-9A1E7A4F7556}") = "Modules.Customer.UnitTests", "test\Modules.Customer.UnitTests\Modules.Customer.UnitTests.csproj", "{F9C52180-228A-4A7B-AC16-CD5C990CDCF4}"
EndProject
Project("{FAE04EC0-301F-11D3-BF4B-00C04F79EFBC}") = "Trine.Mobile.UITests", "test\Trine.Mobile.UITests\Trine.Mobile.UITests.csproj", "{B19C892E-2628-4CA7-AD27-08D406A3B14B}"
EndProject
Global
	GlobalSection(SolutionConfigurationPlatforms) = preSolution
		Ad-Hoc|Any CPU = Ad-Hoc|Any CPU
		Ad-Hoc|ARM = Ad-Hoc|ARM
		Ad-Hoc|iPhone = Ad-Hoc|iPhone
		Ad-Hoc|iPhoneSimulator = Ad-Hoc|iPhoneSimulator
		Ad-Hoc|x64 = Ad-Hoc|x64
		Ad-Hoc|x86 = Ad-Hoc|x86
		AppStore|Any CPU = AppStore|Any CPU
		AppStore|ARM = AppStore|ARM
		AppStore|iPhone = AppStore|iPhone
		AppStore|iPhoneSimulator = AppStore|iPhoneSimulator
		AppStore|x64 = AppStore|x64
		AppStore|x86 = AppStore|x86
		Debug|Any CPU = Debug|Any CPU
		Debug|ARM = Debug|ARM
		Debug|iPhone = Debug|iPhone
		Debug|iPhoneSimulator = Debug|iPhoneSimulator
		Debug|x64 = Debug|x64
		Debug|x86 = Debug|x86
		Release|Any CPU = Release|Any CPU
		Release|ARM = Release|ARM
		Release|iPhone = Release|iPhone
		Release|iPhoneSimulator = Release|iPhoneSimulator
		Release|x64 = Release|x64
		Release|x86 = Release|x86
	EndGlobalSection
	GlobalSection(ProjectConfigurationPlatforms) = postSolution
		{92F28CBD-CB0D-4F4E-A272-2004811B96BA}.Ad-Hoc|Any CPU.ActiveCfg = Debug|Any CPU
		{92F28CBD-CB0D-4F4E-A272-2004811B96BA}.Ad-Hoc|Any CPU.Build.0 = Debug|Any CPU
		{92F28CBD-CB0D-4F4E-A272-2004811B96BA}.Ad-Hoc|ARM.ActiveCfg = Debug|Any CPU
		{92F28CBD-CB0D-4F4E-A272-2004811B96BA}.Ad-Hoc|ARM.Build.0 = Debug|Any CPU
		{92F28CBD-CB0D-4F4E-A272-2004811B96BA}.Ad-Hoc|iPhone.ActiveCfg = Debug|Any CPU
		{92F28CBD-CB0D-4F4E-A272-2004811B96BA}.Ad-Hoc|iPhone.Build.0 = Debug|Any CPU
		{92F28CBD-CB0D-4F4E-A272-2004811B96BA}.Ad-Hoc|iPhoneSimulator.ActiveCfg = Debug|Any CPU
		{92F28CBD-CB0D-4F4E-A272-2004811B96BA}.Ad-Hoc|iPhoneSimulator.Build.0 = Debug|Any CPU
		{92F28CBD-CB0D-4F4E-A272-2004811B96BA}.Ad-Hoc|x64.ActiveCfg = Debug|Any CPU
		{92F28CBD-CB0D-4F4E-A272-2004811B96BA}.Ad-Hoc|x64.Build.0 = Debug|Any CPU
		{92F28CBD-CB0D-4F4E-A272-2004811B96BA}.Ad-Hoc|x86.ActiveCfg = Debug|Any CPU
		{92F28CBD-CB0D-4F4E-A272-2004811B96BA}.Ad-Hoc|x86.Build.0 = Debug|Any CPU
		{92F28CBD-CB0D-4F4E-A272-2004811B96BA}.AppStore|Any CPU.ActiveCfg = Debug|Any CPU
		{92F28CBD-CB0D-4F4E-A272-2004811B96BA}.AppStore|Any CPU.Build.0 = Debug|Any CPU
		{92F28CBD-CB0D-4F4E-A272-2004811B96BA}.AppStore|ARM.ActiveCfg = Debug|Any CPU
		{92F28CBD-CB0D-4F4E-A272-2004811B96BA}.AppStore|ARM.Build.0 = Debug|Any CPU
		{92F28CBD-CB0D-4F4E-A272-2004811B96BA}.AppStore|iPhone.ActiveCfg = Debug|Any CPU
		{92F28CBD-CB0D-4F4E-A272-2004811B96BA}.AppStore|iPhone.Build.0 = Debug|Any CPU
		{92F28CBD-CB0D-4F4E-A272-2004811B96BA}.AppStore|iPhoneSimulator.ActiveCfg = Debug|Any CPU
		{92F28CBD-CB0D-4F4E-A272-2004811B96BA}.AppStore|iPhoneSimulator.Build.0 = Debug|Any CPU
		{92F28CBD-CB0D-4F4E-A272-2004811B96BA}.AppStore|x64.ActiveCfg = Debug|Any CPU
		{92F28CBD-CB0D-4F4E-A272-2004811B96BA}.AppStore|x64.Build.0 = Debug|Any CPU
		{92F28CBD-CB0D-4F4E-A272-2004811B96BA}.AppStore|x86.ActiveCfg = Debug|Any CPU
		{92F28CBD-CB0D-4F4E-A272-2004811B96BA}.AppStore|x86.Build.0 = Debug|Any CPU
		{92F28CBD-CB0D-4F4E-A272-2004811B96BA}.Debug|Any CPU.ActiveCfg = Debug|Any CPU
		{92F28CBD-CB0D-4F4E-A272-2004811B96BA}.Debug|Any CPU.Build.0 = Debug|Any CPU
		{92F28CBD-CB0D-4F4E-A272-2004811B96BA}.Debug|ARM.ActiveCfg = Debug|Any CPU
		{92F28CBD-CB0D-4F4E-A272-2004811B96BA}.Debug|ARM.Build.0 = Debug|Any CPU
		{92F28CBD-CB0D-4F4E-A272-2004811B96BA}.Debug|iPhone.ActiveCfg = Debug|Any CPU
		{92F28CBD-CB0D-4F4E-A272-2004811B96BA}.Debug|iPhone.Build.0 = Debug|Any CPU
		{92F28CBD-CB0D-4F4E-A272-2004811B96BA}.Debug|iPhoneSimulator.ActiveCfg = Debug|Any CPU
		{92F28CBD-CB0D-4F4E-A272-2004811B96BA}.Debug|iPhoneSimulator.Build.0 = Debug|Any CPU
		{92F28CBD-CB0D-4F4E-A272-2004811B96BA}.Debug|x64.ActiveCfg = Debug|Any CPU
		{92F28CBD-CB0D-4F4E-A272-2004811B96BA}.Debug|x64.Build.0 = Debug|Any CPU
		{92F28CBD-CB0D-4F4E-A272-2004811B96BA}.Debug|x86.ActiveCfg = Debug|Any CPU
		{92F28CBD-CB0D-4F4E-A272-2004811B96BA}.Debug|x86.Build.0 = Debug|Any CPU
		{92F28CBD-CB0D-4F4E-A272-2004811B96BA}.Release|Any CPU.ActiveCfg = Release|Any CPU
		{92F28CBD-CB0D-4F4E-A272-2004811B96BA}.Release|Any CPU.Build.0 = Release|Any CPU
		{92F28CBD-CB0D-4F4E-A272-2004811B96BA}.Release|ARM.ActiveCfg = Release|Any CPU
		{92F28CBD-CB0D-4F4E-A272-2004811B96BA}.Release|ARM.Build.0 = Release|Any CPU
		{92F28CBD-CB0D-4F4E-A272-2004811B96BA}.Release|iPhone.ActiveCfg = Release|Any CPU
		{92F28CBD-CB0D-4F4E-A272-2004811B96BA}.Release|iPhone.Build.0 = Release|Any CPU
		{92F28CBD-CB0D-4F4E-A272-2004811B96BA}.Release|iPhoneSimulator.ActiveCfg = Release|Any CPU
		{92F28CBD-CB0D-4F4E-A272-2004811B96BA}.Release|iPhoneSimulator.Build.0 = Release|Any CPU
		{92F28CBD-CB0D-4F4E-A272-2004811B96BA}.Release|x64.ActiveCfg = Release|Any CPU
		{92F28CBD-CB0D-4F4E-A272-2004811B96BA}.Release|x64.Build.0 = Release|Any CPU
		{92F28CBD-CB0D-4F4E-A272-2004811B96BA}.Release|x86.ActiveCfg = Release|Any CPU
		{92F28CBD-CB0D-4F4E-A272-2004811B96BA}.Release|x86.Build.0 = Release|Any CPU
		{1C876011-D7FC-4728-AC1F-41BABD3CC24F}.Ad-Hoc|Any CPU.ActiveCfg = Ad-Hoc|iPhone
		{1C876011-D7FC-4728-AC1F-41BABD3CC24F}.Ad-Hoc|ARM.ActiveCfg = Ad-Hoc|iPhone
		{1C876011-D7FC-4728-AC1F-41BABD3CC24F}.Ad-Hoc|iPhone.ActiveCfg = Ad-Hoc|iPhone
		{1C876011-D7FC-4728-AC1F-41BABD3CC24F}.Ad-Hoc|iPhone.Build.0 = Ad-Hoc|iPhone
		{1C876011-D7FC-4728-AC1F-41BABD3CC24F}.Ad-Hoc|iPhoneSimulator.ActiveCfg = Ad-Hoc|iPhoneSimulator
		{1C876011-D7FC-4728-AC1F-41BABD3CC24F}.Ad-Hoc|iPhoneSimulator.Build.0 = Ad-Hoc|iPhoneSimulator
		{1C876011-D7FC-4728-AC1F-41BABD3CC24F}.Ad-Hoc|x64.ActiveCfg = Ad-Hoc|iPhone
		{1C876011-D7FC-4728-AC1F-41BABD3CC24F}.Ad-Hoc|x86.ActiveCfg = Ad-Hoc|iPhone
		{1C876011-D7FC-4728-AC1F-41BABD3CC24F}.AppStore|Any CPU.ActiveCfg = AppStore|iPhone
		{1C876011-D7FC-4728-AC1F-41BABD3CC24F}.AppStore|ARM.ActiveCfg = AppStore|iPhone
		{1C876011-D7FC-4728-AC1F-41BABD3CC24F}.AppStore|iPhone.ActiveCfg = AppStore|iPhone
		{1C876011-D7FC-4728-AC1F-41BABD3CC24F}.AppStore|iPhone.Build.0 = AppStore|iPhone
		{1C876011-D7FC-4728-AC1F-41BABD3CC24F}.AppStore|iPhoneSimulator.ActiveCfg = AppStore|iPhoneSimulator
		{1C876011-D7FC-4728-AC1F-41BABD3CC24F}.AppStore|iPhoneSimulator.Build.0 = AppStore|iPhoneSimulator
		{1C876011-D7FC-4728-AC1F-41BABD3CC24F}.AppStore|x64.ActiveCfg = AppStore|iPhone
		{1C876011-D7FC-4728-AC1F-41BABD3CC24F}.AppStore|x86.ActiveCfg = AppStore|iPhone
		{1C876011-D7FC-4728-AC1F-41BABD3CC24F}.Debug|Any CPU.ActiveCfg = Debug|iPhone
		{1C876011-D7FC-4728-AC1F-41BABD3CC24F}.Debug|ARM.ActiveCfg = Debug|iPhone
		{1C876011-D7FC-4728-AC1F-41BABD3CC24F}.Debug|iPhone.ActiveCfg = Debug|iPhone
		{1C876011-D7FC-4728-AC1F-41BABD3CC24F}.Debug|iPhone.Build.0 = Debug|iPhone
		{1C876011-D7FC-4728-AC1F-41BABD3CC24F}.Debug|iPhoneSimulator.ActiveCfg = Debug|iPhoneSimulator
		{1C876011-D7FC-4728-AC1F-41BABD3CC24F}.Debug|iPhoneSimulator.Build.0 = Debug|iPhoneSimulator
		{1C876011-D7FC-4728-AC1F-41BABD3CC24F}.Debug|x64.ActiveCfg = Debug|iPhone
		{1C876011-D7FC-4728-AC1F-41BABD3CC24F}.Debug|x86.ActiveCfg = Debug|iPhone
		{1C876011-D7FC-4728-AC1F-41BABD3CC24F}.Release|Any CPU.ActiveCfg = Release|iPhone
		{1C876011-D7FC-4728-AC1F-41BABD3CC24F}.Release|ARM.ActiveCfg = Release|iPhone
		{1C876011-D7FC-4728-AC1F-41BABD3CC24F}.Release|iPhone.ActiveCfg = Release|iPhone
		{1C876011-D7FC-4728-AC1F-41BABD3CC24F}.Release|iPhone.Build.0 = Release|iPhone
		{1C876011-D7FC-4728-AC1F-41BABD3CC24F}.Release|iPhoneSimulator.ActiveCfg = Release|iPhoneSimulator
		{1C876011-D7FC-4728-AC1F-41BABD3CC24F}.Release|iPhoneSimulator.Build.0 = Release|iPhoneSimulator
		{1C876011-D7FC-4728-AC1F-41BABD3CC24F}.Release|x64.ActiveCfg = Release|iPhone
		{1C876011-D7FC-4728-AC1F-41BABD3CC24F}.Release|x86.ActiveCfg = Release|iPhone
		{6149F141-1273-47DF-822D-E219D01EE7EF}.Ad-Hoc|Any CPU.ActiveCfg = Release|x86
		{6149F141-1273-47DF-822D-E219D01EE7EF}.Ad-Hoc|Any CPU.Build.0 = Release|x86
		{6149F141-1273-47DF-822D-E219D01EE7EF}.Ad-Hoc|Any CPU.Deploy.0 = Release|x86
		{6149F141-1273-47DF-822D-E219D01EE7EF}.Ad-Hoc|ARM.ActiveCfg = Release|ARM
		{6149F141-1273-47DF-822D-E219D01EE7EF}.Ad-Hoc|ARM.Build.0 = Release|ARM
		{6149F141-1273-47DF-822D-E219D01EE7EF}.Ad-Hoc|ARM.Deploy.0 = Release|ARM
		{6149F141-1273-47DF-822D-E219D01EE7EF}.Ad-Hoc|iPhone.ActiveCfg = Release|x86
		{6149F141-1273-47DF-822D-E219D01EE7EF}.Ad-Hoc|iPhone.Build.0 = Release|x86
		{6149F141-1273-47DF-822D-E219D01EE7EF}.Ad-Hoc|iPhone.Deploy.0 = Release|x86
		{6149F141-1273-47DF-822D-E219D01EE7EF}.Ad-Hoc|iPhoneSimulator.ActiveCfg = Release|x86
		{6149F141-1273-47DF-822D-E219D01EE7EF}.Ad-Hoc|iPhoneSimulator.Build.0 = Release|x86
		{6149F141-1273-47DF-822D-E219D01EE7EF}.Ad-Hoc|iPhoneSimulator.Deploy.0 = Release|x86
		{6149F141-1273-47DF-822D-E219D01EE7EF}.Ad-Hoc|x64.ActiveCfg = Release|x64
		{6149F141-1273-47DF-822D-E219D01EE7EF}.Ad-Hoc|x64.Build.0 = Release|x64
		{6149F141-1273-47DF-822D-E219D01EE7EF}.Ad-Hoc|x64.Deploy.0 = Release|x64
		{6149F141-1273-47DF-822D-E219D01EE7EF}.Ad-Hoc|x86.ActiveCfg = Release|x86
		{6149F141-1273-47DF-822D-E219D01EE7EF}.Ad-Hoc|x86.Build.0 = Release|x86
		{6149F141-1273-47DF-822D-E219D01EE7EF}.Ad-Hoc|x86.Deploy.0 = Release|x86
		{6149F141-1273-47DF-822D-E219D01EE7EF}.AppStore|Any CPU.ActiveCfg = Release|x86
		{6149F141-1273-47DF-822D-E219D01EE7EF}.AppStore|Any CPU.Build.0 = Release|x86
		{6149F141-1273-47DF-822D-E219D01EE7EF}.AppStore|Any CPU.Deploy.0 = Release|x86
		{6149F141-1273-47DF-822D-E219D01EE7EF}.AppStore|ARM.ActiveCfg = Release|ARM
		{6149F141-1273-47DF-822D-E219D01EE7EF}.AppStore|ARM.Build.0 = Release|ARM
		{6149F141-1273-47DF-822D-E219D01EE7EF}.AppStore|ARM.Deploy.0 = Release|ARM
		{6149F141-1273-47DF-822D-E219D01EE7EF}.AppStore|iPhone.ActiveCfg = Release|x86
		{6149F141-1273-47DF-822D-E219D01EE7EF}.AppStore|iPhone.Build.0 = Release|x86
		{6149F141-1273-47DF-822D-E219D01EE7EF}.AppStore|iPhone.Deploy.0 = Release|x86
		{6149F141-1273-47DF-822D-E219D01EE7EF}.AppStore|iPhoneSimulator.ActiveCfg = Release|x86
		{6149F141-1273-47DF-822D-E219D01EE7EF}.AppStore|iPhoneSimulator.Build.0 = Release|x86
		{6149F141-1273-47DF-822D-E219D01EE7EF}.AppStore|iPhoneSimulator.Deploy.0 = Release|x86
		{6149F141-1273-47DF-822D-E219D01EE7EF}.AppStore|x64.ActiveCfg = Release|x64
		{6149F141-1273-47DF-822D-E219D01EE7EF}.AppStore|x64.Build.0 = Release|x64
		{6149F141-1273-47DF-822D-E219D01EE7EF}.AppStore|x64.Deploy.0 = Release|x64
		{6149F141-1273-47DF-822D-E219D01EE7EF}.AppStore|x86.ActiveCfg = Release|x86
		{6149F141-1273-47DF-822D-E219D01EE7EF}.AppStore|x86.Build.0 = Release|x86
		{6149F141-1273-47DF-822D-E219D01EE7EF}.AppStore|x86.Deploy.0 = Release|x86
		{6149F141-1273-47DF-822D-E219D01EE7EF}.Debug|Any CPU.ActiveCfg = Debug|x86
		{6149F141-1273-47DF-822D-E219D01EE7EF}.Debug|ARM.ActiveCfg = Debug|ARM
		{6149F141-1273-47DF-822D-E219D01EE7EF}.Debug|ARM.Build.0 = Debug|ARM
		{6149F141-1273-47DF-822D-E219D01EE7EF}.Debug|ARM.Deploy.0 = Debug|ARM
		{6149F141-1273-47DF-822D-E219D01EE7EF}.Debug|iPhone.ActiveCfg = Debug|x86
		{6149F141-1273-47DF-822D-E219D01EE7EF}.Debug|iPhoneSimulator.ActiveCfg = Debug|x86
		{6149F141-1273-47DF-822D-E219D01EE7EF}.Debug|x64.ActiveCfg = Debug|x64
		{6149F141-1273-47DF-822D-E219D01EE7EF}.Debug|x64.Build.0 = Debug|x64
		{6149F141-1273-47DF-822D-E219D01EE7EF}.Debug|x64.Deploy.0 = Debug|x64
		{6149F141-1273-47DF-822D-E219D01EE7EF}.Debug|x86.ActiveCfg = Debug|x86
		{6149F141-1273-47DF-822D-E219D01EE7EF}.Debug|x86.Build.0 = Debug|x86
		{6149F141-1273-47DF-822D-E219D01EE7EF}.Debug|x86.Deploy.0 = Debug|x86
		{6149F141-1273-47DF-822D-E219D01EE7EF}.Release|Any CPU.ActiveCfg = Release|x86
		{6149F141-1273-47DF-822D-E219D01EE7EF}.Release|ARM.ActiveCfg = Release|ARM
		{6149F141-1273-47DF-822D-E219D01EE7EF}.Release|ARM.Build.0 = Release|ARM
		{6149F141-1273-47DF-822D-E219D01EE7EF}.Release|ARM.Deploy.0 = Release|ARM
		{6149F141-1273-47DF-822D-E219D01EE7EF}.Release|iPhone.ActiveCfg = Release|x86
		{6149F141-1273-47DF-822D-E219D01EE7EF}.Release|iPhoneSimulator.ActiveCfg = Release|x86
		{6149F141-1273-47DF-822D-E219D01EE7EF}.Release|x64.ActiveCfg = Release|x64
		{6149F141-1273-47DF-822D-E219D01EE7EF}.Release|x64.Build.0 = Release|x64
		{6149F141-1273-47DF-822D-E219D01EE7EF}.Release|x64.Deploy.0 = Release|x64
		{6149F141-1273-47DF-822D-E219D01EE7EF}.Release|x86.ActiveCfg = Release|x86
		{6149F141-1273-47DF-822D-E219D01EE7EF}.Release|x86.Build.0 = Release|x86
		{6149F141-1273-47DF-822D-E219D01EE7EF}.Release|x86.Deploy.0 = Release|x86
		{21CC98C8-686B-40BD-A1FB-AF1474C7A432}.Ad-Hoc|Any CPU.ActiveCfg = Debug|Any CPU
		{21CC98C8-686B-40BD-A1FB-AF1474C7A432}.Ad-Hoc|Any CPU.Build.0 = Debug|Any CPU
		{21CC98C8-686B-40BD-A1FB-AF1474C7A432}.Ad-Hoc|ARM.ActiveCfg = Debug|Any CPU
		{21CC98C8-686B-40BD-A1FB-AF1474C7A432}.Ad-Hoc|ARM.Build.0 = Debug|Any CPU
		{21CC98C8-686B-40BD-A1FB-AF1474C7A432}.Ad-Hoc|iPhone.ActiveCfg = Debug|Any CPU
		{21CC98C8-686B-40BD-A1FB-AF1474C7A432}.Ad-Hoc|iPhone.Build.0 = Debug|Any CPU
		{21CC98C8-686B-40BD-A1FB-AF1474C7A432}.Ad-Hoc|iPhoneSimulator.ActiveCfg = Debug|Any CPU
		{21CC98C8-686B-40BD-A1FB-AF1474C7A432}.Ad-Hoc|iPhoneSimulator.Build.0 = Debug|Any CPU
		{21CC98C8-686B-40BD-A1FB-AF1474C7A432}.Ad-Hoc|x64.ActiveCfg = Debug|Any CPU
		{21CC98C8-686B-40BD-A1FB-AF1474C7A432}.Ad-Hoc|x64.Build.0 = Debug|Any CPU
		{21CC98C8-686B-40BD-A1FB-AF1474C7A432}.Ad-Hoc|x86.ActiveCfg = Debug|Any CPU
		{21CC98C8-686B-40BD-A1FB-AF1474C7A432}.Ad-Hoc|x86.Build.0 = Debug|Any CPU
		{21CC98C8-686B-40BD-A1FB-AF1474C7A432}.AppStore|Any CPU.ActiveCfg = Debug|Any CPU
		{21CC98C8-686B-40BD-A1FB-AF1474C7A432}.AppStore|Any CPU.Build.0 = Debug|Any CPU
		{21CC98C8-686B-40BD-A1FB-AF1474C7A432}.AppStore|ARM.ActiveCfg = Debug|Any CPU
		{21CC98C8-686B-40BD-A1FB-AF1474C7A432}.AppStore|ARM.Build.0 = Debug|Any CPU
		{21CC98C8-686B-40BD-A1FB-AF1474C7A432}.AppStore|iPhone.ActiveCfg = Debug|Any CPU
		{21CC98C8-686B-40BD-A1FB-AF1474C7A432}.AppStore|iPhone.Build.0 = Debug|Any CPU
		{21CC98C8-686B-40BD-A1FB-AF1474C7A432}.AppStore|iPhoneSimulator.ActiveCfg = Debug|Any CPU
		{21CC98C8-686B-40BD-A1FB-AF1474C7A432}.AppStore|iPhoneSimulator.Build.0 = Debug|Any CPU
		{21CC98C8-686B-40BD-A1FB-AF1474C7A432}.AppStore|x64.ActiveCfg = Debug|Any CPU
		{21CC98C8-686B-40BD-A1FB-AF1474C7A432}.AppStore|x64.Build.0 = Debug|Any CPU
		{21CC98C8-686B-40BD-A1FB-AF1474C7A432}.AppStore|x86.ActiveCfg = Debug|Any CPU
		{21CC98C8-686B-40BD-A1FB-AF1474C7A432}.AppStore|x86.Build.0 = Debug|Any CPU
		{21CC98C8-686B-40BD-A1FB-AF1474C7A432}.Debug|Any CPU.ActiveCfg = Debug|Any CPU
		{21CC98C8-686B-40BD-A1FB-AF1474C7A432}.Debug|Any CPU.Build.0 = Debug|Any CPU
		{21CC98C8-686B-40BD-A1FB-AF1474C7A432}.Debug|ARM.ActiveCfg = Debug|Any CPU
		{21CC98C8-686B-40BD-A1FB-AF1474C7A432}.Debug|ARM.Build.0 = Debug|Any CPU
		{21CC98C8-686B-40BD-A1FB-AF1474C7A432}.Debug|iPhone.ActiveCfg = Debug|Any CPU
		{21CC98C8-686B-40BD-A1FB-AF1474C7A432}.Debug|iPhone.Build.0 = Debug|Any CPU
		{21CC98C8-686B-40BD-A1FB-AF1474C7A432}.Debug|iPhoneSimulator.ActiveCfg = Debug|Any CPU
		{21CC98C8-686B-40BD-A1FB-AF1474C7A432}.Debug|iPhoneSimulator.Build.0 = Debug|Any CPU
		{21CC98C8-686B-40BD-A1FB-AF1474C7A432}.Debug|x64.ActiveCfg = Debug|Any CPU
		{21CC98C8-686B-40BD-A1FB-AF1474C7A432}.Debug|x64.Build.0 = Debug|Any CPU
		{21CC98C8-686B-40BD-A1FB-AF1474C7A432}.Debug|x86.ActiveCfg = Debug|Any CPU
		{21CC98C8-686B-40BD-A1FB-AF1474C7A432}.Debug|x86.Build.0 = Debug|Any CPU
		{21CC98C8-686B-40BD-A1FB-AF1474C7A432}.Release|Any CPU.ActiveCfg = Release|Any CPU
		{21CC98C8-686B-40BD-A1FB-AF1474C7A432}.Release|Any CPU.Build.0 = Release|Any CPU
		{21CC98C8-686B-40BD-A1FB-AF1474C7A432}.Release|ARM.ActiveCfg = Release|Any CPU
		{21CC98C8-686B-40BD-A1FB-AF1474C7A432}.Release|ARM.Build.0 = Release|Any CPU
		{21CC98C8-686B-40BD-A1FB-AF1474C7A432}.Release|iPhone.ActiveCfg = Release|Any CPU
		{21CC98C8-686B-40BD-A1FB-AF1474C7A432}.Release|iPhone.Build.0 = Release|Any CPU
		{21CC98C8-686B-40BD-A1FB-AF1474C7A432}.Release|iPhoneSimulator.ActiveCfg = Release|Any CPU
		{21CC98C8-686B-40BD-A1FB-AF1474C7A432}.Release|iPhoneSimulator.Build.0 = Release|Any CPU
		{21CC98C8-686B-40BD-A1FB-AF1474C7A432}.Release|x64.ActiveCfg = Release|Any CPU
		{21CC98C8-686B-40BD-A1FB-AF1474C7A432}.Release|x64.Build.0 = Release|Any CPU
		{21CC98C8-686B-40BD-A1FB-AF1474C7A432}.Release|x86.ActiveCfg = Release|Any CPU
		{21CC98C8-686B-40BD-A1FB-AF1474C7A432}.Release|x86.Build.0 = Release|Any CPU
		{03733502-C617-4953-8CE2-1CE15638A973}.Ad-Hoc|Any CPU.ActiveCfg = Debug|Any CPU
		{03733502-C617-4953-8CE2-1CE15638A973}.Ad-Hoc|Any CPU.Build.0 = Debug|Any CPU
		{03733502-C617-4953-8CE2-1CE15638A973}.Ad-Hoc|ARM.ActiveCfg = Debug|Any CPU
		{03733502-C617-4953-8CE2-1CE15638A973}.Ad-Hoc|ARM.Build.0 = Debug|Any CPU
		{03733502-C617-4953-8CE2-1CE15638A973}.Ad-Hoc|iPhone.ActiveCfg = Debug|Any CPU
		{03733502-C617-4953-8CE2-1CE15638A973}.Ad-Hoc|iPhone.Build.0 = Debug|Any CPU
		{03733502-C617-4953-8CE2-1CE15638A973}.Ad-Hoc|iPhoneSimulator.ActiveCfg = Debug|Any CPU
		{03733502-C617-4953-8CE2-1CE15638A973}.Ad-Hoc|iPhoneSimulator.Build.0 = Debug|Any CPU
		{03733502-C617-4953-8CE2-1CE15638A973}.Ad-Hoc|x64.ActiveCfg = Debug|Any CPU
		{03733502-C617-4953-8CE2-1CE15638A973}.Ad-Hoc|x64.Build.0 = Debug|Any CPU
		{03733502-C617-4953-8CE2-1CE15638A973}.Ad-Hoc|x86.ActiveCfg = Debug|Any CPU
		{03733502-C617-4953-8CE2-1CE15638A973}.Ad-Hoc|x86.Build.0 = Debug|Any CPU
		{03733502-C617-4953-8CE2-1CE15638A973}.AppStore|Any CPU.ActiveCfg = Debug|Any CPU
		{03733502-C617-4953-8CE2-1CE15638A973}.AppStore|Any CPU.Build.0 = Debug|Any CPU
		{03733502-C617-4953-8CE2-1CE15638A973}.AppStore|ARM.ActiveCfg = Debug|Any CPU
		{03733502-C617-4953-8CE2-1CE15638A973}.AppStore|ARM.Build.0 = Debug|Any CPU
		{03733502-C617-4953-8CE2-1CE15638A973}.AppStore|iPhone.ActiveCfg = Debug|Any CPU
		{03733502-C617-4953-8CE2-1CE15638A973}.AppStore|iPhone.Build.0 = Debug|Any CPU
		{03733502-C617-4953-8CE2-1CE15638A973}.AppStore|iPhoneSimulator.ActiveCfg = Debug|Any CPU
		{03733502-C617-4953-8CE2-1CE15638A973}.AppStore|iPhoneSimulator.Build.0 = Debug|Any CPU
		{03733502-C617-4953-8CE2-1CE15638A973}.AppStore|x64.ActiveCfg = Debug|Any CPU
		{03733502-C617-4953-8CE2-1CE15638A973}.AppStore|x64.Build.0 = Debug|Any CPU
		{03733502-C617-4953-8CE2-1CE15638A973}.AppStore|x86.ActiveCfg = Debug|Any CPU
		{03733502-C617-4953-8CE2-1CE15638A973}.AppStore|x86.Build.0 = Debug|Any CPU
		{03733502-C617-4953-8CE2-1CE15638A973}.Debug|Any CPU.ActiveCfg = Debug|Any CPU
		{03733502-C617-4953-8CE2-1CE15638A973}.Debug|Any CPU.Build.0 = Debug|Any CPU
		{03733502-C617-4953-8CE2-1CE15638A973}.Debug|ARM.ActiveCfg = Debug|Any CPU
		{03733502-C617-4953-8CE2-1CE15638A973}.Debug|ARM.Build.0 = Debug|Any CPU
		{03733502-C617-4953-8CE2-1CE15638A973}.Debug|iPhone.ActiveCfg = Debug|Any CPU
		{03733502-C617-4953-8CE2-1CE15638A973}.Debug|iPhone.Build.0 = Debug|Any CPU
		{03733502-C617-4953-8CE2-1CE15638A973}.Debug|iPhoneSimulator.ActiveCfg = Debug|Any CPU
		{03733502-C617-4953-8CE2-1CE15638A973}.Debug|iPhoneSimulator.Build.0 = Debug|Any CPU
		{03733502-C617-4953-8CE2-1CE15638A973}.Debug|x64.ActiveCfg = Debug|Any CPU
		{03733502-C617-4953-8CE2-1CE15638A973}.Debug|x64.Build.0 = Debug|Any CPU
		{03733502-C617-4953-8CE2-1CE15638A973}.Debug|x86.ActiveCfg = Debug|Any CPU
		{03733502-C617-4953-8CE2-1CE15638A973}.Debug|x86.Build.0 = Debug|Any CPU
		{03733502-C617-4953-8CE2-1CE15638A973}.Release|Any CPU.ActiveCfg = Release|Any CPU
		{03733502-C617-4953-8CE2-1CE15638A973}.Release|Any CPU.Build.0 = Release|Any CPU
		{03733502-C617-4953-8CE2-1CE15638A973}.Release|ARM.ActiveCfg = Release|Any CPU
		{03733502-C617-4953-8CE2-1CE15638A973}.Release|ARM.Build.0 = Release|Any CPU
		{03733502-C617-4953-8CE2-1CE15638A973}.Release|iPhone.ActiveCfg = Release|Any CPU
		{03733502-C617-4953-8CE2-1CE15638A973}.Release|iPhone.Build.0 = Release|Any CPU
		{03733502-C617-4953-8CE2-1CE15638A973}.Release|iPhoneSimulator.ActiveCfg = Release|Any CPU
		{03733502-C617-4953-8CE2-1CE15638A973}.Release|iPhoneSimulator.Build.0 = Release|Any CPU
		{03733502-C617-4953-8CE2-1CE15638A973}.Release|x64.ActiveCfg = Release|Any CPU
		{03733502-C617-4953-8CE2-1CE15638A973}.Release|x64.Build.0 = Release|Any CPU
		{03733502-C617-4953-8CE2-1CE15638A973}.Release|x86.ActiveCfg = Release|Any CPU
		{03733502-C617-4953-8CE2-1CE15638A973}.Release|x86.Build.0 = Release|Any CPU
		{5AB648D4-C1D2-4C6A-934A-10F401662663}.Ad-Hoc|Any CPU.ActiveCfg = Debug|Any CPU
		{5AB648D4-C1D2-4C6A-934A-10F401662663}.Ad-Hoc|Any CPU.Build.0 = Debug|Any CPU
		{5AB648D4-C1D2-4C6A-934A-10F401662663}.Ad-Hoc|ARM.ActiveCfg = Debug|Any CPU
		{5AB648D4-C1D2-4C6A-934A-10F401662663}.Ad-Hoc|ARM.Build.0 = Debug|Any CPU
		{5AB648D4-C1D2-4C6A-934A-10F401662663}.Ad-Hoc|iPhone.ActiveCfg = Debug|Any CPU
		{5AB648D4-C1D2-4C6A-934A-10F401662663}.Ad-Hoc|iPhone.Build.0 = Debug|Any CPU
		{5AB648D4-C1D2-4C6A-934A-10F401662663}.Ad-Hoc|iPhoneSimulator.ActiveCfg = Debug|Any CPU
		{5AB648D4-C1D2-4C6A-934A-10F401662663}.Ad-Hoc|iPhoneSimulator.Build.0 = Debug|Any CPU
		{5AB648D4-C1D2-4C6A-934A-10F401662663}.Ad-Hoc|x64.ActiveCfg = Debug|Any CPU
		{5AB648D4-C1D2-4C6A-934A-10F401662663}.Ad-Hoc|x64.Build.0 = Debug|Any CPU
		{5AB648D4-C1D2-4C6A-934A-10F401662663}.Ad-Hoc|x86.ActiveCfg = Debug|Any CPU
		{5AB648D4-C1D2-4C6A-934A-10F401662663}.Ad-Hoc|x86.Build.0 = Debug|Any CPU
		{5AB648D4-C1D2-4C6A-934A-10F401662663}.AppStore|Any CPU.ActiveCfg = Debug|Any CPU
		{5AB648D4-C1D2-4C6A-934A-10F401662663}.AppStore|Any CPU.Build.0 = Debug|Any CPU
		{5AB648D4-C1D2-4C6A-934A-10F401662663}.AppStore|ARM.ActiveCfg = Debug|Any CPU
		{5AB648D4-C1D2-4C6A-934A-10F401662663}.AppStore|ARM.Build.0 = Debug|Any CPU
		{5AB648D4-C1D2-4C6A-934A-10F401662663}.AppStore|iPhone.ActiveCfg = Debug|Any CPU
		{5AB648D4-C1D2-4C6A-934A-10F401662663}.AppStore|iPhone.Build.0 = Debug|Any CPU
		{5AB648D4-C1D2-4C6A-934A-10F401662663}.AppStore|iPhoneSimulator.ActiveCfg = Debug|Any CPU
		{5AB648D4-C1D2-4C6A-934A-10F401662663}.AppStore|iPhoneSimulator.Build.0 = Debug|Any CPU
		{5AB648D4-C1D2-4C6A-934A-10F401662663}.AppStore|x64.ActiveCfg = Debug|Any CPU
		{5AB648D4-C1D2-4C6A-934A-10F401662663}.AppStore|x64.Build.0 = Debug|Any CPU
		{5AB648D4-C1D2-4C6A-934A-10F401662663}.AppStore|x86.ActiveCfg = Debug|Any CPU
		{5AB648D4-C1D2-4C6A-934A-10F401662663}.AppStore|x86.Build.0 = Debug|Any CPU
		{5AB648D4-C1D2-4C6A-934A-10F401662663}.Debug|Any CPU.ActiveCfg = Debug|Any CPU
		{5AB648D4-C1D2-4C6A-934A-10F401662663}.Debug|Any CPU.Build.0 = Debug|Any CPU
		{5AB648D4-C1D2-4C6A-934A-10F401662663}.Debug|ARM.ActiveCfg = Debug|Any CPU
		{5AB648D4-C1D2-4C6A-934A-10F401662663}.Debug|ARM.Build.0 = Debug|Any CPU
		{5AB648D4-C1D2-4C6A-934A-10F401662663}.Debug|iPhone.ActiveCfg = Debug|Any CPU
		{5AB648D4-C1D2-4C6A-934A-10F401662663}.Debug|iPhone.Build.0 = Debug|Any CPU
		{5AB648D4-C1D2-4C6A-934A-10F401662663}.Debug|iPhoneSimulator.ActiveCfg = Debug|Any CPU
		{5AB648D4-C1D2-4C6A-934A-10F401662663}.Debug|iPhoneSimulator.Build.0 = Debug|Any CPU
		{5AB648D4-C1D2-4C6A-934A-10F401662663}.Debug|x64.ActiveCfg = Debug|Any CPU
		{5AB648D4-C1D2-4C6A-934A-10F401662663}.Debug|x64.Build.0 = Debug|Any CPU
		{5AB648D4-C1D2-4C6A-934A-10F401662663}.Debug|x86.ActiveCfg = Debug|Any CPU
		{5AB648D4-C1D2-4C6A-934A-10F401662663}.Debug|x86.Build.0 = Debug|Any CPU
		{5AB648D4-C1D2-4C6A-934A-10F401662663}.Release|Any CPU.ActiveCfg = Release|Any CPU
		{5AB648D4-C1D2-4C6A-934A-10F401662663}.Release|Any CPU.Build.0 = Release|Any CPU
		{5AB648D4-C1D2-4C6A-934A-10F401662663}.Release|ARM.ActiveCfg = Release|Any CPU
		{5AB648D4-C1D2-4C6A-934A-10F401662663}.Release|ARM.Build.0 = Release|Any CPU
		{5AB648D4-C1D2-4C6A-934A-10F401662663}.Release|iPhone.ActiveCfg = Release|Any CPU
		{5AB648D4-C1D2-4C6A-934A-10F401662663}.Release|iPhone.Build.0 = Release|Any CPU
		{5AB648D4-C1D2-4C6A-934A-10F401662663}.Release|iPhoneSimulator.ActiveCfg = Release|Any CPU
		{5AB648D4-C1D2-4C6A-934A-10F401662663}.Release|iPhoneSimulator.Build.0 = Release|Any CPU
		{5AB648D4-C1D2-4C6A-934A-10F401662663}.Release|x64.ActiveCfg = Release|Any CPU
		{5AB648D4-C1D2-4C6A-934A-10F401662663}.Release|x64.Build.0 = Release|Any CPU
		{5AB648D4-C1D2-4C6A-934A-10F401662663}.Release|x86.ActiveCfg = Release|Any CPU
		{5AB648D4-C1D2-4C6A-934A-10F401662663}.Release|x86.Build.0 = Release|Any CPU
		{2E0D3107-4A4C-44AC-90A2-4EEA56D2AEDF}.Ad-Hoc|Any CPU.ActiveCfg = Debug|Any CPU
		{2E0D3107-4A4C-44AC-90A2-4EEA56D2AEDF}.Ad-Hoc|Any CPU.Build.0 = Debug|Any CPU
		{2E0D3107-4A4C-44AC-90A2-4EEA56D2AEDF}.Ad-Hoc|ARM.ActiveCfg = Debug|Any CPU
		{2E0D3107-4A4C-44AC-90A2-4EEA56D2AEDF}.Ad-Hoc|ARM.Build.0 = Debug|Any CPU
		{2E0D3107-4A4C-44AC-90A2-4EEA56D2AEDF}.Ad-Hoc|iPhone.ActiveCfg = Debug|Any CPU
		{2E0D3107-4A4C-44AC-90A2-4EEA56D2AEDF}.Ad-Hoc|iPhone.Build.0 = Debug|Any CPU
		{2E0D3107-4A4C-44AC-90A2-4EEA56D2AEDF}.Ad-Hoc|iPhoneSimulator.ActiveCfg = Debug|Any CPU
		{2E0D3107-4A4C-44AC-90A2-4EEA56D2AEDF}.Ad-Hoc|iPhoneSimulator.Build.0 = Debug|Any CPU
		{2E0D3107-4A4C-44AC-90A2-4EEA56D2AEDF}.Ad-Hoc|x64.ActiveCfg = Debug|Any CPU
		{2E0D3107-4A4C-44AC-90A2-4EEA56D2AEDF}.Ad-Hoc|x64.Build.0 = Debug|Any CPU
		{2E0D3107-4A4C-44AC-90A2-4EEA56D2AEDF}.Ad-Hoc|x86.ActiveCfg = Debug|Any CPU
		{2E0D3107-4A4C-44AC-90A2-4EEA56D2AEDF}.Ad-Hoc|x86.Build.0 = Debug|Any CPU
		{2E0D3107-4A4C-44AC-90A2-4EEA56D2AEDF}.AppStore|Any CPU.ActiveCfg = Debug|Any CPU
		{2E0D3107-4A4C-44AC-90A2-4EEA56D2AEDF}.AppStore|Any CPU.Build.0 = Debug|Any CPU
		{2E0D3107-4A4C-44AC-90A2-4EEA56D2AEDF}.AppStore|ARM.ActiveCfg = Debug|Any CPU
		{2E0D3107-4A4C-44AC-90A2-4EEA56D2AEDF}.AppStore|ARM.Build.0 = Debug|Any CPU
		{2E0D3107-4A4C-44AC-90A2-4EEA56D2AEDF}.AppStore|iPhone.ActiveCfg = Debug|Any CPU
		{2E0D3107-4A4C-44AC-90A2-4EEA56D2AEDF}.AppStore|iPhone.Build.0 = Debug|Any CPU
		{2E0D3107-4A4C-44AC-90A2-4EEA56D2AEDF}.AppStore|iPhoneSimulator.ActiveCfg = Debug|Any CPU
		{2E0D3107-4A4C-44AC-90A2-4EEA56D2AEDF}.AppStore|iPhoneSimulator.Build.0 = Debug|Any CPU
		{2E0D3107-4A4C-44AC-90A2-4EEA56D2AEDF}.AppStore|x64.ActiveCfg = Debug|Any CPU
		{2E0D3107-4A4C-44AC-90A2-4EEA56D2AEDF}.AppStore|x64.Build.0 = Debug|Any CPU
		{2E0D3107-4A4C-44AC-90A2-4EEA56D2AEDF}.AppStore|x86.ActiveCfg = Debug|Any CPU
		{2E0D3107-4A4C-44AC-90A2-4EEA56D2AEDF}.AppStore|x86.Build.0 = Debug|Any CPU
		{2E0D3107-4A4C-44AC-90A2-4EEA56D2AEDF}.Debug|Any CPU.ActiveCfg = Debug|Any CPU
		{2E0D3107-4A4C-44AC-90A2-4EEA56D2AEDF}.Debug|Any CPU.Build.0 = Debug|Any CPU
		{2E0D3107-4A4C-44AC-90A2-4EEA56D2AEDF}.Debug|ARM.ActiveCfg = Debug|Any CPU
		{2E0D3107-4A4C-44AC-90A2-4EEA56D2AEDF}.Debug|ARM.Build.0 = Debug|Any CPU
		{2E0D3107-4A4C-44AC-90A2-4EEA56D2AEDF}.Debug|iPhone.ActiveCfg = Debug|Any CPU
		{2E0D3107-4A4C-44AC-90A2-4EEA56D2AEDF}.Debug|iPhone.Build.0 = Debug|Any CPU
		{2E0D3107-4A4C-44AC-90A2-4EEA56D2AEDF}.Debug|iPhoneSimulator.ActiveCfg = Debug|Any CPU
		{2E0D3107-4A4C-44AC-90A2-4EEA56D2AEDF}.Debug|iPhoneSimulator.Build.0 = Debug|Any CPU
		{2E0D3107-4A4C-44AC-90A2-4EEA56D2AEDF}.Debug|x64.ActiveCfg = Debug|Any CPU
		{2E0D3107-4A4C-44AC-90A2-4EEA56D2AEDF}.Debug|x64.Build.0 = Debug|Any CPU
		{2E0D3107-4A4C-44AC-90A2-4EEA56D2AEDF}.Debug|x86.ActiveCfg = Debug|Any CPU
		{2E0D3107-4A4C-44AC-90A2-4EEA56D2AEDF}.Debug|x86.Build.0 = Debug|Any CPU
		{2E0D3107-4A4C-44AC-90A2-4EEA56D2AEDF}.Release|Any CPU.ActiveCfg = Release|Any CPU
		{2E0D3107-4A4C-44AC-90A2-4EEA56D2AEDF}.Release|Any CPU.Build.0 = Release|Any CPU
		{2E0D3107-4A4C-44AC-90A2-4EEA56D2AEDF}.Release|ARM.ActiveCfg = Release|Any CPU
		{2E0D3107-4A4C-44AC-90A2-4EEA56D2AEDF}.Release|ARM.Build.0 = Release|Any CPU
		{2E0D3107-4A4C-44AC-90A2-4EEA56D2AEDF}.Release|iPhone.ActiveCfg = Release|Any CPU
		{2E0D3107-4A4C-44AC-90A2-4EEA56D2AEDF}.Release|iPhone.Build.0 = Release|Any CPU
		{2E0D3107-4A4C-44AC-90A2-4EEA56D2AEDF}.Release|iPhoneSimulator.ActiveCfg = Release|Any CPU
		{2E0D3107-4A4C-44AC-90A2-4EEA56D2AEDF}.Release|iPhoneSimulator.Build.0 = Release|Any CPU
		{2E0D3107-4A4C-44AC-90A2-4EEA56D2AEDF}.Release|x64.ActiveCfg = Release|Any CPU
		{2E0D3107-4A4C-44AC-90A2-4EEA56D2AEDF}.Release|x64.Build.0 = Release|Any CPU
		{2E0D3107-4A4C-44AC-90A2-4EEA56D2AEDF}.Release|x86.ActiveCfg = Release|Any CPU
		{2E0D3107-4A4C-44AC-90A2-4EEA56D2AEDF}.Release|x86.Build.0 = Release|Any CPU
		{EEF9A0B6-CA0C-4961-987D-2693370B7141}.Ad-Hoc|Any CPU.ActiveCfg = Debug|Any CPU
		{EEF9A0B6-CA0C-4961-987D-2693370B7141}.Ad-Hoc|Any CPU.Build.0 = Debug|Any CPU
		{EEF9A0B6-CA0C-4961-987D-2693370B7141}.Ad-Hoc|ARM.ActiveCfg = Debug|Any CPU
		{EEF9A0B6-CA0C-4961-987D-2693370B7141}.Ad-Hoc|ARM.Build.0 = Debug|Any CPU
		{EEF9A0B6-CA0C-4961-987D-2693370B7141}.Ad-Hoc|iPhone.ActiveCfg = Debug|Any CPU
		{EEF9A0B6-CA0C-4961-987D-2693370B7141}.Ad-Hoc|iPhone.Build.0 = Debug|Any CPU
		{EEF9A0B6-CA0C-4961-987D-2693370B7141}.Ad-Hoc|iPhoneSimulator.ActiveCfg = Debug|Any CPU
		{EEF9A0B6-CA0C-4961-987D-2693370B7141}.Ad-Hoc|iPhoneSimulator.Build.0 = Debug|Any CPU
		{EEF9A0B6-CA0C-4961-987D-2693370B7141}.Ad-Hoc|x64.ActiveCfg = Debug|Any CPU
		{EEF9A0B6-CA0C-4961-987D-2693370B7141}.Ad-Hoc|x64.Build.0 = Debug|Any CPU
		{EEF9A0B6-CA0C-4961-987D-2693370B7141}.Ad-Hoc|x86.ActiveCfg = Debug|Any CPU
		{EEF9A0B6-CA0C-4961-987D-2693370B7141}.Ad-Hoc|x86.Build.0 = Debug|Any CPU
		{EEF9A0B6-CA0C-4961-987D-2693370B7141}.AppStore|Any CPU.ActiveCfg = Debug|Any CPU
		{EEF9A0B6-CA0C-4961-987D-2693370B7141}.AppStore|Any CPU.Build.0 = Debug|Any CPU
		{EEF9A0B6-CA0C-4961-987D-2693370B7141}.AppStore|ARM.ActiveCfg = Debug|Any CPU
		{EEF9A0B6-CA0C-4961-987D-2693370B7141}.AppStore|ARM.Build.0 = Debug|Any CPU
		{EEF9A0B6-CA0C-4961-987D-2693370B7141}.AppStore|iPhone.ActiveCfg = Debug|Any CPU
		{EEF9A0B6-CA0C-4961-987D-2693370B7141}.AppStore|iPhone.Build.0 = Debug|Any CPU
		{EEF9A0B6-CA0C-4961-987D-2693370B7141}.AppStore|iPhoneSimulator.ActiveCfg = Debug|Any CPU
		{EEF9A0B6-CA0C-4961-987D-2693370B7141}.AppStore|iPhoneSimulator.Build.0 = Debug|Any CPU
		{EEF9A0B6-CA0C-4961-987D-2693370B7141}.AppStore|x64.ActiveCfg = Debug|Any CPU
		{EEF9A0B6-CA0C-4961-987D-2693370B7141}.AppStore|x64.Build.0 = Debug|Any CPU
		{EEF9A0B6-CA0C-4961-987D-2693370B7141}.AppStore|x86.ActiveCfg = Debug|Any CPU
		{EEF9A0B6-CA0C-4961-987D-2693370B7141}.AppStore|x86.Build.0 = Debug|Any CPU
		{EEF9A0B6-CA0C-4961-987D-2693370B7141}.Debug|Any CPU.ActiveCfg = Debug|Any CPU
		{EEF9A0B6-CA0C-4961-987D-2693370B7141}.Debug|Any CPU.Build.0 = Debug|Any CPU
		{EEF9A0B6-CA0C-4961-987D-2693370B7141}.Debug|ARM.ActiveCfg = Debug|Any CPU
		{EEF9A0B6-CA0C-4961-987D-2693370B7141}.Debug|ARM.Build.0 = Debug|Any CPU
		{EEF9A0B6-CA0C-4961-987D-2693370B7141}.Debug|iPhone.ActiveCfg = Debug|Any CPU
		{EEF9A0B6-CA0C-4961-987D-2693370B7141}.Debug|iPhone.Build.0 = Debug|Any CPU
		{EEF9A0B6-CA0C-4961-987D-2693370B7141}.Debug|iPhoneSimulator.ActiveCfg = Debug|Any CPU
		{EEF9A0B6-CA0C-4961-987D-2693370B7141}.Debug|iPhoneSimulator.Build.0 = Debug|Any CPU
		{EEF9A0B6-CA0C-4961-987D-2693370B7141}.Debug|x64.ActiveCfg = Debug|Any CPU
		{EEF9A0B6-CA0C-4961-987D-2693370B7141}.Debug|x64.Build.0 = Debug|Any CPU
		{EEF9A0B6-CA0C-4961-987D-2693370B7141}.Debug|x86.ActiveCfg = Debug|Any CPU
		{EEF9A0B6-CA0C-4961-987D-2693370B7141}.Debug|x86.Build.0 = Debug|Any CPU
		{EEF9A0B6-CA0C-4961-987D-2693370B7141}.Release|Any CPU.ActiveCfg = Release|Any CPU
		{EEF9A0B6-CA0C-4961-987D-2693370B7141}.Release|Any CPU.Build.0 = Release|Any CPU
		{EEF9A0B6-CA0C-4961-987D-2693370B7141}.Release|ARM.ActiveCfg = Release|Any CPU
		{EEF9A0B6-CA0C-4961-987D-2693370B7141}.Release|ARM.Build.0 = Release|Any CPU
		{EEF9A0B6-CA0C-4961-987D-2693370B7141}.Release|iPhone.ActiveCfg = Release|Any CPU
		{EEF9A0B6-CA0C-4961-987D-2693370B7141}.Release|iPhone.Build.0 = Release|Any CPU
		{EEF9A0B6-CA0C-4961-987D-2693370B7141}.Release|iPhoneSimulator.ActiveCfg = Release|Any CPU
		{EEF9A0B6-CA0C-4961-987D-2693370B7141}.Release|iPhoneSimulator.Build.0 = Release|Any CPU
		{EEF9A0B6-CA0C-4961-987D-2693370B7141}.Release|x64.ActiveCfg = Release|Any CPU
		{EEF9A0B6-CA0C-4961-987D-2693370B7141}.Release|x64.Build.0 = Release|Any CPU
		{EEF9A0B6-CA0C-4961-987D-2693370B7141}.Release|x86.ActiveCfg = Release|Any CPU
		{EEF9A0B6-CA0C-4961-987D-2693370B7141}.Release|x86.Build.0 = Release|Any CPU
		{3FA8D1D0-F3B3-40CF-91C9-4B6CD052015A}.Ad-Hoc|Any CPU.ActiveCfg = Debug|Any CPU
		{3FA8D1D0-F3B3-40CF-91C9-4B6CD052015A}.Ad-Hoc|Any CPU.Build.0 = Debug|Any CPU
		{3FA8D1D0-F3B3-40CF-91C9-4B6CD052015A}.Ad-Hoc|ARM.ActiveCfg = Debug|Any CPU
		{3FA8D1D0-F3B3-40CF-91C9-4B6CD052015A}.Ad-Hoc|ARM.Build.0 = Debug|Any CPU
		{3FA8D1D0-F3B3-40CF-91C9-4B6CD052015A}.Ad-Hoc|iPhone.ActiveCfg = Debug|Any CPU
		{3FA8D1D0-F3B3-40CF-91C9-4B6CD052015A}.Ad-Hoc|iPhone.Build.0 = Debug|Any CPU
		{3FA8D1D0-F3B3-40CF-91C9-4B6CD052015A}.Ad-Hoc|iPhoneSimulator.ActiveCfg = Debug|Any CPU
		{3FA8D1D0-F3B3-40CF-91C9-4B6CD052015A}.Ad-Hoc|iPhoneSimulator.Build.0 = Debug|Any CPU
		{3FA8D1D0-F3B3-40CF-91C9-4B6CD052015A}.Ad-Hoc|x64.ActiveCfg = Debug|Any CPU
		{3FA8D1D0-F3B3-40CF-91C9-4B6CD052015A}.Ad-Hoc|x64.Build.0 = Debug|Any CPU
		{3FA8D1D0-F3B3-40CF-91C9-4B6CD052015A}.Ad-Hoc|x86.ActiveCfg = Debug|Any CPU
		{3FA8D1D0-F3B3-40CF-91C9-4B6CD052015A}.Ad-Hoc|x86.Build.0 = Debug|Any CPU
		{3FA8D1D0-F3B3-40CF-91C9-4B6CD052015A}.AppStore|Any CPU.ActiveCfg = Debug|Any CPU
		{3FA8D1D0-F3B3-40CF-91C9-4B6CD052015A}.AppStore|Any CPU.Build.0 = Debug|Any CPU
		{3FA8D1D0-F3B3-40CF-91C9-4B6CD052015A}.AppStore|ARM.ActiveCfg = Debug|Any CPU
		{3FA8D1D0-F3B3-40CF-91C9-4B6CD052015A}.AppStore|ARM.Build.0 = Debug|Any CPU
		{3FA8D1D0-F3B3-40CF-91C9-4B6CD052015A}.AppStore|iPhone.ActiveCfg = Debug|Any CPU
		{3FA8D1D0-F3B3-40CF-91C9-4B6CD052015A}.AppStore|iPhone.Build.0 = Debug|Any CPU
		{3FA8D1D0-F3B3-40CF-91C9-4B6CD052015A}.AppStore|iPhoneSimulator.ActiveCfg = Debug|Any CPU
		{3FA8D1D0-F3B3-40CF-91C9-4B6CD052015A}.AppStore|iPhoneSimulator.Build.0 = Debug|Any CPU
		{3FA8D1D0-F3B3-40CF-91C9-4B6CD052015A}.AppStore|x64.ActiveCfg = Debug|Any CPU
		{3FA8D1D0-F3B3-40CF-91C9-4B6CD052015A}.AppStore|x64.Build.0 = Debug|Any CPU
		{3FA8D1D0-F3B3-40CF-91C9-4B6CD052015A}.AppStore|x86.ActiveCfg = Debug|Any CPU
		{3FA8D1D0-F3B3-40CF-91C9-4B6CD052015A}.AppStore|x86.Build.0 = Debug|Any CPU
		{3FA8D1D0-F3B3-40CF-91C9-4B6CD052015A}.Debug|Any CPU.ActiveCfg = Debug|Any CPU
		{3FA8D1D0-F3B3-40CF-91C9-4B6CD052015A}.Debug|Any CPU.Build.0 = Debug|Any CPU
		{3FA8D1D0-F3B3-40CF-91C9-4B6CD052015A}.Debug|ARM.ActiveCfg = Debug|Any CPU
		{3FA8D1D0-F3B3-40CF-91C9-4B6CD052015A}.Debug|ARM.Build.0 = Debug|Any CPU
		{3FA8D1D0-F3B3-40CF-91C9-4B6CD052015A}.Debug|iPhone.ActiveCfg = Debug|Any CPU
		{3FA8D1D0-F3B3-40CF-91C9-4B6CD052015A}.Debug|iPhone.Build.0 = Debug|Any CPU
		{3FA8D1D0-F3B3-40CF-91C9-4B6CD052015A}.Debug|iPhoneSimulator.ActiveCfg = Debug|Any CPU
		{3FA8D1D0-F3B3-40CF-91C9-4B6CD052015A}.Debug|iPhoneSimulator.Build.0 = Debug|Any CPU
		{3FA8D1D0-F3B3-40CF-91C9-4B6CD052015A}.Debug|x64.ActiveCfg = Debug|Any CPU
		{3FA8D1D0-F3B3-40CF-91C9-4B6CD052015A}.Debug|x64.Build.0 = Debug|Any CPU
		{3FA8D1D0-F3B3-40CF-91C9-4B6CD052015A}.Debug|x86.ActiveCfg = Debug|Any CPU
		{3FA8D1D0-F3B3-40CF-91C9-4B6CD052015A}.Debug|x86.Build.0 = Debug|Any CPU
		{3FA8D1D0-F3B3-40CF-91C9-4B6CD052015A}.Release|Any CPU.ActiveCfg = Release|Any CPU
		{3FA8D1D0-F3B3-40CF-91C9-4B6CD052015A}.Release|Any CPU.Build.0 = Release|Any CPU
		{3FA8D1D0-F3B3-40CF-91C9-4B6CD052015A}.Release|ARM.ActiveCfg = Release|Any CPU
		{3FA8D1D0-F3B3-40CF-91C9-4B6CD052015A}.Release|ARM.Build.0 = Release|Any CPU
		{3FA8D1D0-F3B3-40CF-91C9-4B6CD052015A}.Release|iPhone.ActiveCfg = Release|Any CPU
		{3FA8D1D0-F3B3-40CF-91C9-4B6CD052015A}.Release|iPhone.Build.0 = Release|Any CPU
		{3FA8D1D0-F3B3-40CF-91C9-4B6CD052015A}.Release|iPhoneSimulator.ActiveCfg = Release|Any CPU
		{3FA8D1D0-F3B3-40CF-91C9-4B6CD052015A}.Release|iPhoneSimulator.Build.0 = Release|Any CPU
		{3FA8D1D0-F3B3-40CF-91C9-4B6CD052015A}.Release|x64.ActiveCfg = Release|Any CPU
		{3FA8D1D0-F3B3-40CF-91C9-4B6CD052015A}.Release|x64.Build.0 = Release|Any CPU
		{3FA8D1D0-F3B3-40CF-91C9-4B6CD052015A}.Release|x86.ActiveCfg = Release|Any CPU
		{3FA8D1D0-F3B3-40CF-91C9-4B6CD052015A}.Release|x86.Build.0 = Release|Any CPU
		{35AE98C0-E46A-4B1A-9240-2C7A053BF8B2}.Ad-Hoc|Any CPU.ActiveCfg = Debug|Any CPU
		{35AE98C0-E46A-4B1A-9240-2C7A053BF8B2}.Ad-Hoc|Any CPU.Build.0 = Debug|Any CPU
		{35AE98C0-E46A-4B1A-9240-2C7A053BF8B2}.Ad-Hoc|ARM.ActiveCfg = Debug|Any CPU
		{35AE98C0-E46A-4B1A-9240-2C7A053BF8B2}.Ad-Hoc|ARM.Build.0 = Debug|Any CPU
		{35AE98C0-E46A-4B1A-9240-2C7A053BF8B2}.Ad-Hoc|iPhone.ActiveCfg = Debug|Any CPU
		{35AE98C0-E46A-4B1A-9240-2C7A053BF8B2}.Ad-Hoc|iPhone.Build.0 = Debug|Any CPU
		{35AE98C0-E46A-4B1A-9240-2C7A053BF8B2}.Ad-Hoc|iPhoneSimulator.ActiveCfg = Debug|Any CPU
		{35AE98C0-E46A-4B1A-9240-2C7A053BF8B2}.Ad-Hoc|iPhoneSimulator.Build.0 = Debug|Any CPU
		{35AE98C0-E46A-4B1A-9240-2C7A053BF8B2}.Ad-Hoc|x64.ActiveCfg = Debug|Any CPU
		{35AE98C0-E46A-4B1A-9240-2C7A053BF8B2}.Ad-Hoc|x64.Build.0 = Debug|Any CPU
		{35AE98C0-E46A-4B1A-9240-2C7A053BF8B2}.Ad-Hoc|x86.ActiveCfg = Debug|Any CPU
		{35AE98C0-E46A-4B1A-9240-2C7A053BF8B2}.Ad-Hoc|x86.Build.0 = Debug|Any CPU
		{35AE98C0-E46A-4B1A-9240-2C7A053BF8B2}.AppStore|Any CPU.ActiveCfg = Debug|Any CPU
		{35AE98C0-E46A-4B1A-9240-2C7A053BF8B2}.AppStore|Any CPU.Build.0 = Debug|Any CPU
		{35AE98C0-E46A-4B1A-9240-2C7A053BF8B2}.AppStore|ARM.ActiveCfg = Debug|Any CPU
		{35AE98C0-E46A-4B1A-9240-2C7A053BF8B2}.AppStore|ARM.Build.0 = Debug|Any CPU
		{35AE98C0-E46A-4B1A-9240-2C7A053BF8B2}.AppStore|iPhone.ActiveCfg = Debug|Any CPU
		{35AE98C0-E46A-4B1A-9240-2C7A053BF8B2}.AppStore|iPhone.Build.0 = Debug|Any CPU
		{35AE98C0-E46A-4B1A-9240-2C7A053BF8B2}.AppStore|iPhoneSimulator.ActiveCfg = Debug|Any CPU
		{35AE98C0-E46A-4B1A-9240-2C7A053BF8B2}.AppStore|iPhoneSimulator.Build.0 = Debug|Any CPU
		{35AE98C0-E46A-4B1A-9240-2C7A053BF8B2}.AppStore|x64.ActiveCfg = Debug|Any CPU
		{35AE98C0-E46A-4B1A-9240-2C7A053BF8B2}.AppStore|x64.Build.0 = Debug|Any CPU
		{35AE98C0-E46A-4B1A-9240-2C7A053BF8B2}.AppStore|x86.ActiveCfg = Debug|Any CPU
		{35AE98C0-E46A-4B1A-9240-2C7A053BF8B2}.AppStore|x86.Build.0 = Debug|Any CPU
		{35AE98C0-E46A-4B1A-9240-2C7A053BF8B2}.Debug|Any CPU.ActiveCfg = Debug|Any CPU
		{35AE98C0-E46A-4B1A-9240-2C7A053BF8B2}.Debug|Any CPU.Build.0 = Debug|Any CPU
		{35AE98C0-E46A-4B1A-9240-2C7A053BF8B2}.Debug|ARM.ActiveCfg = Debug|Any CPU
		{35AE98C0-E46A-4B1A-9240-2C7A053BF8B2}.Debug|ARM.Build.0 = Debug|Any CPU
		{35AE98C0-E46A-4B1A-9240-2C7A053BF8B2}.Debug|iPhone.ActiveCfg = Debug|Any CPU
		{35AE98C0-E46A-4B1A-9240-2C7A053BF8B2}.Debug|iPhone.Build.0 = Debug|Any CPU
		{35AE98C0-E46A-4B1A-9240-2C7A053BF8B2}.Debug|iPhoneSimulator.ActiveCfg = Debug|Any CPU
		{35AE98C0-E46A-4B1A-9240-2C7A053BF8B2}.Debug|iPhoneSimulator.Build.0 = Debug|Any CPU
		{35AE98C0-E46A-4B1A-9240-2C7A053BF8B2}.Debug|x64.ActiveCfg = Debug|Any CPU
		{35AE98C0-E46A-4B1A-9240-2C7A053BF8B2}.Debug|x64.Build.0 = Debug|Any CPU
		{35AE98C0-E46A-4B1A-9240-2C7A053BF8B2}.Debug|x86.ActiveCfg = Debug|Any CPU
		{35AE98C0-E46A-4B1A-9240-2C7A053BF8B2}.Debug|x86.Build.0 = Debug|Any CPU
		{35AE98C0-E46A-4B1A-9240-2C7A053BF8B2}.Release|Any CPU.ActiveCfg = Release|Any CPU
		{35AE98C0-E46A-4B1A-9240-2C7A053BF8B2}.Release|Any CPU.Build.0 = Release|Any CPU
		{35AE98C0-E46A-4B1A-9240-2C7A053BF8B2}.Release|ARM.ActiveCfg = Release|Any CPU
		{35AE98C0-E46A-4B1A-9240-2C7A053BF8B2}.Release|ARM.Build.0 = Release|Any CPU
		{35AE98C0-E46A-4B1A-9240-2C7A053BF8B2}.Release|iPhone.ActiveCfg = Release|Any CPU
		{35AE98C0-E46A-4B1A-9240-2C7A053BF8B2}.Release|iPhone.Build.0 = Release|Any CPU
		{35AE98C0-E46A-4B1A-9240-2C7A053BF8B2}.Release|iPhoneSimulator.ActiveCfg = Release|Any CPU
		{35AE98C0-E46A-4B1A-9240-2C7A053BF8B2}.Release|iPhoneSimulator.Build.0 = Release|Any CPU
		{35AE98C0-E46A-4B1A-9240-2C7A053BF8B2}.Release|x64.ActiveCfg = Release|Any CPU
		{35AE98C0-E46A-4B1A-9240-2C7A053BF8B2}.Release|x64.Build.0 = Release|Any CPU
		{35AE98C0-E46A-4B1A-9240-2C7A053BF8B2}.Release|x86.ActiveCfg = Release|Any CPU
		{35AE98C0-E46A-4B1A-9240-2C7A053BF8B2}.Release|x86.Build.0 = Release|Any CPU
		{43A41B5A-45E2-48AE-B2F3-7932C93537DA}.Ad-Hoc|Any CPU.ActiveCfg = Debug|Any CPU
		{43A41B5A-45E2-48AE-B2F3-7932C93537DA}.Ad-Hoc|Any CPU.Build.0 = Debug|Any CPU
		{43A41B5A-45E2-48AE-B2F3-7932C93537DA}.Ad-Hoc|ARM.ActiveCfg = Debug|Any CPU
		{43A41B5A-45E2-48AE-B2F3-7932C93537DA}.Ad-Hoc|ARM.Build.0 = Debug|Any CPU
		{43A41B5A-45E2-48AE-B2F3-7932C93537DA}.Ad-Hoc|iPhone.ActiveCfg = Debug|Any CPU
		{43A41B5A-45E2-48AE-B2F3-7932C93537DA}.Ad-Hoc|iPhone.Build.0 = Debug|Any CPU
		{43A41B5A-45E2-48AE-B2F3-7932C93537DA}.Ad-Hoc|iPhoneSimulator.ActiveCfg = Debug|Any CPU
		{43A41B5A-45E2-48AE-B2F3-7932C93537DA}.Ad-Hoc|iPhoneSimulator.Build.0 = Debug|Any CPU
		{43A41B5A-45E2-48AE-B2F3-7932C93537DA}.Ad-Hoc|x64.ActiveCfg = Debug|Any CPU
		{43A41B5A-45E2-48AE-B2F3-7932C93537DA}.Ad-Hoc|x64.Build.0 = Debug|Any CPU
		{43A41B5A-45E2-48AE-B2F3-7932C93537DA}.Ad-Hoc|x86.ActiveCfg = Debug|Any CPU
		{43A41B5A-45E2-48AE-B2F3-7932C93537DA}.Ad-Hoc|x86.Build.0 = Debug|Any CPU
		{43A41B5A-45E2-48AE-B2F3-7932C93537DA}.AppStore|Any CPU.ActiveCfg = Debug|Any CPU
		{43A41B5A-45E2-48AE-B2F3-7932C93537DA}.AppStore|Any CPU.Build.0 = Debug|Any CPU
		{43A41B5A-45E2-48AE-B2F3-7932C93537DA}.AppStore|ARM.ActiveCfg = Debug|Any CPU
		{43A41B5A-45E2-48AE-B2F3-7932C93537DA}.AppStore|ARM.Build.0 = Debug|Any CPU
		{43A41B5A-45E2-48AE-B2F3-7932C93537DA}.AppStore|iPhone.ActiveCfg = Debug|Any CPU
		{43A41B5A-45E2-48AE-B2F3-7932C93537DA}.AppStore|iPhone.Build.0 = Debug|Any CPU
		{43A41B5A-45E2-48AE-B2F3-7932C93537DA}.AppStore|iPhoneSimulator.ActiveCfg = Debug|Any CPU
		{43A41B5A-45E2-48AE-B2F3-7932C93537DA}.AppStore|iPhoneSimulator.Build.0 = Debug|Any CPU
		{43A41B5A-45E2-48AE-B2F3-7932C93537DA}.AppStore|x64.ActiveCfg = Debug|Any CPU
		{43A41B5A-45E2-48AE-B2F3-7932C93537DA}.AppStore|x64.Build.0 = Debug|Any CPU
		{43A41B5A-45E2-48AE-B2F3-7932C93537DA}.AppStore|x86.ActiveCfg = Debug|Any CPU
		{43A41B5A-45E2-48AE-B2F3-7932C93537DA}.AppStore|x86.Build.0 = Debug|Any CPU
		{43A41B5A-45E2-48AE-B2F3-7932C93537DA}.Debug|Any CPU.ActiveCfg = Debug|Any CPU
		{43A41B5A-45E2-48AE-B2F3-7932C93537DA}.Debug|Any CPU.Build.0 = Debug|Any CPU
		{43A41B5A-45E2-48AE-B2F3-7932C93537DA}.Debug|ARM.ActiveCfg = Debug|Any CPU
		{43A41B5A-45E2-48AE-B2F3-7932C93537DA}.Debug|ARM.Build.0 = Debug|Any CPU
		{43A41B5A-45E2-48AE-B2F3-7932C93537DA}.Debug|iPhone.ActiveCfg = Debug|Any CPU
		{43A41B5A-45E2-48AE-B2F3-7932C93537DA}.Debug|iPhone.Build.0 = Debug|Any CPU
		{43A41B5A-45E2-48AE-B2F3-7932C93537DA}.Debug|iPhoneSimulator.ActiveCfg = Debug|Any CPU
		{43A41B5A-45E2-48AE-B2F3-7932C93537DA}.Debug|iPhoneSimulator.Build.0 = Debug|Any CPU
		{43A41B5A-45E2-48AE-B2F3-7932C93537DA}.Debug|x64.ActiveCfg = Debug|Any CPU
		{43A41B5A-45E2-48AE-B2F3-7932C93537DA}.Debug|x64.Build.0 = Debug|Any CPU
		{43A41B5A-45E2-48AE-B2F3-7932C93537DA}.Debug|x86.ActiveCfg = Debug|Any CPU
		{43A41B5A-45E2-48AE-B2F3-7932C93537DA}.Debug|x86.Build.0 = Debug|Any CPU
		{43A41B5A-45E2-48AE-B2F3-7932C93537DA}.Release|Any CPU.ActiveCfg = Release|Any CPU
		{43A41B5A-45E2-48AE-B2F3-7932C93537DA}.Release|Any CPU.Build.0 = Release|Any CPU
		{43A41B5A-45E2-48AE-B2F3-7932C93537DA}.Release|ARM.ActiveCfg = Release|Any CPU
		{43A41B5A-45E2-48AE-B2F3-7932C93537DA}.Release|ARM.Build.0 = Release|Any CPU
		{43A41B5A-45E2-48AE-B2F3-7932C93537DA}.Release|iPhone.ActiveCfg = Release|Any CPU
		{43A41B5A-45E2-48AE-B2F3-7932C93537DA}.Release|iPhone.Build.0 = Release|Any CPU
		{43A41B5A-45E2-48AE-B2F3-7932C93537DA}.Release|iPhoneSimulator.ActiveCfg = Release|Any CPU
		{43A41B5A-45E2-48AE-B2F3-7932C93537DA}.Release|iPhoneSimulator.Build.0 = Release|Any CPU
		{43A41B5A-45E2-48AE-B2F3-7932C93537DA}.Release|x64.ActiveCfg = Release|Any CPU
		{43A41B5A-45E2-48AE-B2F3-7932C93537DA}.Release|x64.Build.0 = Release|Any CPU
		{43A41B5A-45E2-48AE-B2F3-7932C93537DA}.Release|x86.ActiveCfg = Release|Any CPU
		{43A41B5A-45E2-48AE-B2F3-7932C93537DA}.Release|x86.Build.0 = Release|Any CPU
		{AD62AA52-487D-457F-A178-DD7B03F62F24}.Ad-Hoc|Any CPU.ActiveCfg = Debug|Any CPU
		{AD62AA52-487D-457F-A178-DD7B03F62F24}.Ad-Hoc|Any CPU.Build.0 = Debug|Any CPU
		{AD62AA52-487D-457F-A178-DD7B03F62F24}.Ad-Hoc|ARM.ActiveCfg = Debug|Any CPU
		{AD62AA52-487D-457F-A178-DD7B03F62F24}.Ad-Hoc|ARM.Build.0 = Debug|Any CPU
		{AD62AA52-487D-457F-A178-DD7B03F62F24}.Ad-Hoc|iPhone.ActiveCfg = Debug|Any CPU
		{AD62AA52-487D-457F-A178-DD7B03F62F24}.Ad-Hoc|iPhone.Build.0 = Debug|Any CPU
		{AD62AA52-487D-457F-A178-DD7B03F62F24}.Ad-Hoc|iPhoneSimulator.ActiveCfg = Debug|Any CPU
		{AD62AA52-487D-457F-A178-DD7B03F62F24}.Ad-Hoc|iPhoneSimulator.Build.0 = Debug|Any CPU
		{AD62AA52-487D-457F-A178-DD7B03F62F24}.Ad-Hoc|x64.ActiveCfg = Debug|Any CPU
		{AD62AA52-487D-457F-A178-DD7B03F62F24}.Ad-Hoc|x64.Build.0 = Debug|Any CPU
		{AD62AA52-487D-457F-A178-DD7B03F62F24}.Ad-Hoc|x86.ActiveCfg = Debug|Any CPU
		{AD62AA52-487D-457F-A178-DD7B03F62F24}.Ad-Hoc|x86.Build.0 = Debug|Any CPU
		{AD62AA52-487D-457F-A178-DD7B03F62F24}.AppStore|Any CPU.ActiveCfg = Debug|Any CPU
		{AD62AA52-487D-457F-A178-DD7B03F62F24}.AppStore|Any CPU.Build.0 = Debug|Any CPU
		{AD62AA52-487D-457F-A178-DD7B03F62F24}.AppStore|ARM.ActiveCfg = Debug|Any CPU
		{AD62AA52-487D-457F-A178-DD7B03F62F24}.AppStore|ARM.Build.0 = Debug|Any CPU
		{AD62AA52-487D-457F-A178-DD7B03F62F24}.AppStore|iPhone.ActiveCfg = Debug|Any CPU
		{AD62AA52-487D-457F-A178-DD7B03F62F24}.AppStore|iPhone.Build.0 = Debug|Any CPU
		{AD62AA52-487D-457F-A178-DD7B03F62F24}.AppStore|iPhoneSimulator.ActiveCfg = Debug|Any CPU
		{AD62AA52-487D-457F-A178-DD7B03F62F24}.AppStore|iPhoneSimulator.Build.0 = Debug|Any CPU
		{AD62AA52-487D-457F-A178-DD7B03F62F24}.AppStore|x64.ActiveCfg = Debug|Any CPU
		{AD62AA52-487D-457F-A178-DD7B03F62F24}.AppStore|x64.Build.0 = Debug|Any CPU
		{AD62AA52-487D-457F-A178-DD7B03F62F24}.AppStore|x86.ActiveCfg = Debug|Any CPU
		{AD62AA52-487D-457F-A178-DD7B03F62F24}.AppStore|x86.Build.0 = Debug|Any CPU
		{AD62AA52-487D-457F-A178-DD7B03F62F24}.Debug|Any CPU.ActiveCfg = Debug|Any CPU
		{AD62AA52-487D-457F-A178-DD7B03F62F24}.Debug|Any CPU.Build.0 = Debug|Any CPU
		{AD62AA52-487D-457F-A178-DD7B03F62F24}.Debug|ARM.ActiveCfg = Debug|Any CPU
		{AD62AA52-487D-457F-A178-DD7B03F62F24}.Debug|ARM.Build.0 = Debug|Any CPU
		{AD62AA52-487D-457F-A178-DD7B03F62F24}.Debug|iPhone.ActiveCfg = Debug|Any CPU
		{AD62AA52-487D-457F-A178-DD7B03F62F24}.Debug|iPhone.Build.0 = Debug|Any CPU
		{AD62AA52-487D-457F-A178-DD7B03F62F24}.Debug|iPhoneSimulator.ActiveCfg = Debug|Any CPU
		{AD62AA52-487D-457F-A178-DD7B03F62F24}.Debug|iPhoneSimulator.Build.0 = Debug|Any CPU
		{AD62AA52-487D-457F-A178-DD7B03F62F24}.Debug|x64.ActiveCfg = Debug|Any CPU
		{AD62AA52-487D-457F-A178-DD7B03F62F24}.Debug|x64.Build.0 = Debug|Any CPU
		{AD62AA52-487D-457F-A178-DD7B03F62F24}.Debug|x86.ActiveCfg = Debug|Any CPU
		{AD62AA52-487D-457F-A178-DD7B03F62F24}.Debug|x86.Build.0 = Debug|Any CPU
		{AD62AA52-487D-457F-A178-DD7B03F62F24}.Release|Any CPU.ActiveCfg = Release|Any CPU
		{AD62AA52-487D-457F-A178-DD7B03F62F24}.Release|Any CPU.Build.0 = Release|Any CPU
		{AD62AA52-487D-457F-A178-DD7B03F62F24}.Release|ARM.ActiveCfg = Release|Any CPU
		{AD62AA52-487D-457F-A178-DD7B03F62F24}.Release|ARM.Build.0 = Release|Any CPU
		{AD62AA52-487D-457F-A178-DD7B03F62F24}.Release|iPhone.ActiveCfg = Release|Any CPU
		{AD62AA52-487D-457F-A178-DD7B03F62F24}.Release|iPhone.Build.0 = Release|Any CPU
		{AD62AA52-487D-457F-A178-DD7B03F62F24}.Release|iPhoneSimulator.ActiveCfg = Release|Any CPU
		{AD62AA52-487D-457F-A178-DD7B03F62F24}.Release|iPhoneSimulator.Build.0 = Release|Any CPU
		{AD62AA52-487D-457F-A178-DD7B03F62F24}.Release|x64.ActiveCfg = Release|Any CPU
		{AD62AA52-487D-457F-A178-DD7B03F62F24}.Release|x64.Build.0 = Release|Any CPU
		{AD62AA52-487D-457F-A178-DD7B03F62F24}.Release|x86.ActiveCfg = Release|Any CPU
		{AD62AA52-487D-457F-A178-DD7B03F62F24}.Release|x86.Build.0 = Release|Any CPU
		{269E0B77-2404-464A-96C4-926771228EE5}.Ad-Hoc|Any CPU.ActiveCfg = Debug|Any CPU
		{269E0B77-2404-464A-96C4-926771228EE5}.Ad-Hoc|Any CPU.Build.0 = Debug|Any CPU
		{269E0B77-2404-464A-96C4-926771228EE5}.Ad-Hoc|ARM.ActiveCfg = Debug|Any CPU
		{269E0B77-2404-464A-96C4-926771228EE5}.Ad-Hoc|ARM.Build.0 = Debug|Any CPU
		{269E0B77-2404-464A-96C4-926771228EE5}.Ad-Hoc|iPhone.ActiveCfg = Debug|Any CPU
		{269E0B77-2404-464A-96C4-926771228EE5}.Ad-Hoc|iPhone.Build.0 = Debug|Any CPU
		{269E0B77-2404-464A-96C4-926771228EE5}.Ad-Hoc|iPhoneSimulator.ActiveCfg = Debug|Any CPU
		{269E0B77-2404-464A-96C4-926771228EE5}.Ad-Hoc|iPhoneSimulator.Build.0 = Debug|Any CPU
		{269E0B77-2404-464A-96C4-926771228EE5}.Ad-Hoc|x64.ActiveCfg = Debug|Any CPU
		{269E0B77-2404-464A-96C4-926771228EE5}.Ad-Hoc|x64.Build.0 = Debug|Any CPU
		{269E0B77-2404-464A-96C4-926771228EE5}.Ad-Hoc|x86.ActiveCfg = Debug|Any CPU
		{269E0B77-2404-464A-96C4-926771228EE5}.Ad-Hoc|x86.Build.0 = Debug|Any CPU
		{269E0B77-2404-464A-96C4-926771228EE5}.AppStore|Any CPU.ActiveCfg = Debug|Any CPU
		{269E0B77-2404-464A-96C4-926771228EE5}.AppStore|Any CPU.Build.0 = Debug|Any CPU
		{269E0B77-2404-464A-96C4-926771228EE5}.AppStore|ARM.ActiveCfg = Debug|Any CPU
		{269E0B77-2404-464A-96C4-926771228EE5}.AppStore|ARM.Build.0 = Debug|Any CPU
		{269E0B77-2404-464A-96C4-926771228EE5}.AppStore|iPhone.ActiveCfg = Debug|Any CPU
		{269E0B77-2404-464A-96C4-926771228EE5}.AppStore|iPhone.Build.0 = Debug|Any CPU
		{269E0B77-2404-464A-96C4-926771228EE5}.AppStore|iPhoneSimulator.ActiveCfg = Debug|Any CPU
		{269E0B77-2404-464A-96C4-926771228EE5}.AppStore|iPhoneSimulator.Build.0 = Debug|Any CPU
		{269E0B77-2404-464A-96C4-926771228EE5}.AppStore|x64.ActiveCfg = Debug|Any CPU
		{269E0B77-2404-464A-96C4-926771228EE5}.AppStore|x64.Build.0 = Debug|Any CPU
		{269E0B77-2404-464A-96C4-926771228EE5}.AppStore|x86.ActiveCfg = Debug|Any CPU
		{269E0B77-2404-464A-96C4-926771228EE5}.AppStore|x86.Build.0 = Debug|Any CPU
		{269E0B77-2404-464A-96C4-926771228EE5}.Debug|Any CPU.ActiveCfg = Debug|Any CPU
		{269E0B77-2404-464A-96C4-926771228EE5}.Debug|Any CPU.Build.0 = Debug|Any CPU
		{269E0B77-2404-464A-96C4-926771228EE5}.Debug|ARM.ActiveCfg = Debug|Any CPU
		{269E0B77-2404-464A-96C4-926771228EE5}.Debug|ARM.Build.0 = Debug|Any CPU
		{269E0B77-2404-464A-96C4-926771228EE5}.Debug|iPhone.ActiveCfg = Debug|Any CPU
		{269E0B77-2404-464A-96C4-926771228EE5}.Debug|iPhone.Build.0 = Debug|Any CPU
		{269E0B77-2404-464A-96C4-926771228EE5}.Debug|iPhoneSimulator.ActiveCfg = Debug|Any CPU
		{269E0B77-2404-464A-96C4-926771228EE5}.Debug|iPhoneSimulator.Build.0 = Debug|Any CPU
		{269E0B77-2404-464A-96C4-926771228EE5}.Debug|x64.ActiveCfg = Debug|Any CPU
		{269E0B77-2404-464A-96C4-926771228EE5}.Debug|x64.Build.0 = Debug|Any CPU
		{269E0B77-2404-464A-96C4-926771228EE5}.Debug|x86.ActiveCfg = Debug|Any CPU
		{269E0B77-2404-464A-96C4-926771228EE5}.Debug|x86.Build.0 = Debug|Any CPU
		{269E0B77-2404-464A-96C4-926771228EE5}.Release|Any CPU.ActiveCfg = Release|Any CPU
		{269E0B77-2404-464A-96C4-926771228EE5}.Release|Any CPU.Build.0 = Release|Any CPU
		{269E0B77-2404-464A-96C4-926771228EE5}.Release|ARM.ActiveCfg = Release|Any CPU
		{269E0B77-2404-464A-96C4-926771228EE5}.Release|ARM.Build.0 = Release|Any CPU
		{269E0B77-2404-464A-96C4-926771228EE5}.Release|iPhone.ActiveCfg = Release|Any CPU
		{269E0B77-2404-464A-96C4-926771228EE5}.Release|iPhone.Build.0 = Release|Any CPU
		{269E0B77-2404-464A-96C4-926771228EE5}.Release|iPhoneSimulator.ActiveCfg = Release|Any CPU
		{269E0B77-2404-464A-96C4-926771228EE5}.Release|iPhoneSimulator.Build.0 = Release|Any CPU
		{269E0B77-2404-464A-96C4-926771228EE5}.Release|x64.ActiveCfg = Release|Any CPU
		{269E0B77-2404-464A-96C4-926771228EE5}.Release|x64.Build.0 = Release|Any CPU
		{269E0B77-2404-464A-96C4-926771228EE5}.Release|x86.ActiveCfg = Release|Any CPU
		{269E0B77-2404-464A-96C4-926771228EE5}.Release|x86.Build.0 = Release|Any CPU
		{08A8BFA7-9E06-401E-A057-B998A3B1F3BF}.Ad-Hoc|Any CPU.ActiveCfg = Debug|Any CPU
		{08A8BFA7-9E06-401E-A057-B998A3B1F3BF}.Ad-Hoc|Any CPU.Build.0 = Debug|Any CPU
		{08A8BFA7-9E06-401E-A057-B998A3B1F3BF}.Ad-Hoc|ARM.ActiveCfg = Debug|Any CPU
		{08A8BFA7-9E06-401E-A057-B998A3B1F3BF}.Ad-Hoc|ARM.Build.0 = Debug|Any CPU
		{08A8BFA7-9E06-401E-A057-B998A3B1F3BF}.Ad-Hoc|iPhone.ActiveCfg = Debug|Any CPU
		{08A8BFA7-9E06-401E-A057-B998A3B1F3BF}.Ad-Hoc|iPhone.Build.0 = Debug|Any CPU
		{08A8BFA7-9E06-401E-A057-B998A3B1F3BF}.Ad-Hoc|iPhoneSimulator.ActiveCfg = Debug|Any CPU
		{08A8BFA7-9E06-401E-A057-B998A3B1F3BF}.Ad-Hoc|iPhoneSimulator.Build.0 = Debug|Any CPU
		{08A8BFA7-9E06-401E-A057-B998A3B1F3BF}.Ad-Hoc|x64.ActiveCfg = Debug|Any CPU
		{08A8BFA7-9E06-401E-A057-B998A3B1F3BF}.Ad-Hoc|x64.Build.0 = Debug|Any CPU
		{08A8BFA7-9E06-401E-A057-B998A3B1F3BF}.Ad-Hoc|x86.ActiveCfg = Debug|Any CPU
		{08A8BFA7-9E06-401E-A057-B998A3B1F3BF}.Ad-Hoc|x86.Build.0 = Debug|Any CPU
		{08A8BFA7-9E06-401E-A057-B998A3B1F3BF}.AppStore|Any CPU.ActiveCfg = Debug|Any CPU
		{08A8BFA7-9E06-401E-A057-B998A3B1F3BF}.AppStore|Any CPU.Build.0 = Debug|Any CPU
		{08A8BFA7-9E06-401E-A057-B998A3B1F3BF}.AppStore|ARM.ActiveCfg = Debug|Any CPU
		{08A8BFA7-9E06-401E-A057-B998A3B1F3BF}.AppStore|ARM.Build.0 = Debug|Any CPU
		{08A8BFA7-9E06-401E-A057-B998A3B1F3BF}.AppStore|iPhone.ActiveCfg = Debug|Any CPU
		{08A8BFA7-9E06-401E-A057-B998A3B1F3BF}.AppStore|iPhone.Build.0 = Debug|Any CPU
		{08A8BFA7-9E06-401E-A057-B998A3B1F3BF}.AppStore|iPhoneSimulator.ActiveCfg = Debug|Any CPU
		{08A8BFA7-9E06-401E-A057-B998A3B1F3BF}.AppStore|iPhoneSimulator.Build.0 = Debug|Any CPU
		{08A8BFA7-9E06-401E-A057-B998A3B1F3BF}.AppStore|x64.ActiveCfg = Debug|Any CPU
		{08A8BFA7-9E06-401E-A057-B998A3B1F3BF}.AppStore|x64.Build.0 = Debug|Any CPU
		{08A8BFA7-9E06-401E-A057-B998A3B1F3BF}.AppStore|x86.ActiveCfg = Debug|Any CPU
		{08A8BFA7-9E06-401E-A057-B998A3B1F3BF}.AppStore|x86.Build.0 = Debug|Any CPU
		{08A8BFA7-9E06-401E-A057-B998A3B1F3BF}.Debug|Any CPU.ActiveCfg = Debug|Any CPU
		{08A8BFA7-9E06-401E-A057-B998A3B1F3BF}.Debug|Any CPU.Build.0 = Debug|Any CPU
		{08A8BFA7-9E06-401E-A057-B998A3B1F3BF}.Debug|ARM.ActiveCfg = Debug|Any CPU
		{08A8BFA7-9E06-401E-A057-B998A3B1F3BF}.Debug|ARM.Build.0 = Debug|Any CPU
		{08A8BFA7-9E06-401E-A057-B998A3B1F3BF}.Debug|iPhone.ActiveCfg = Debug|Any CPU
		{08A8BFA7-9E06-401E-A057-B998A3B1F3BF}.Debug|iPhone.Build.0 = Debug|Any CPU
		{08A8BFA7-9E06-401E-A057-B998A3B1F3BF}.Debug|iPhoneSimulator.ActiveCfg = Debug|Any CPU
		{08A8BFA7-9E06-401E-A057-B998A3B1F3BF}.Debug|iPhoneSimulator.Build.0 = Debug|Any CPU
		{08A8BFA7-9E06-401E-A057-B998A3B1F3BF}.Debug|x64.ActiveCfg = Debug|Any CPU
		{08A8BFA7-9E06-401E-A057-B998A3B1F3BF}.Debug|x64.Build.0 = Debug|Any CPU
		{08A8BFA7-9E06-401E-A057-B998A3B1F3BF}.Debug|x86.ActiveCfg = Debug|Any CPU
		{08A8BFA7-9E06-401E-A057-B998A3B1F3BF}.Debug|x86.Build.0 = Debug|Any CPU
		{08A8BFA7-9E06-401E-A057-B998A3B1F3BF}.Release|Any CPU.ActiveCfg = Release|Any CPU
		{08A8BFA7-9E06-401E-A057-B998A3B1F3BF}.Release|Any CPU.Build.0 = Release|Any CPU
		{08A8BFA7-9E06-401E-A057-B998A3B1F3BF}.Release|ARM.ActiveCfg = Release|Any CPU
		{08A8BFA7-9E06-401E-A057-B998A3B1F3BF}.Release|ARM.Build.0 = Release|Any CPU
		{08A8BFA7-9E06-401E-A057-B998A3B1F3BF}.Release|iPhone.ActiveCfg = Release|Any CPU
		{08A8BFA7-9E06-401E-A057-B998A3B1F3BF}.Release|iPhone.Build.0 = Release|Any CPU
		{08A8BFA7-9E06-401E-A057-B998A3B1F3BF}.Release|iPhoneSimulator.ActiveCfg = Release|Any CPU
		{08A8BFA7-9E06-401E-A057-B998A3B1F3BF}.Release|iPhoneSimulator.Build.0 = Release|Any CPU
		{08A8BFA7-9E06-401E-A057-B998A3B1F3BF}.Release|x64.ActiveCfg = Release|Any CPU
		{08A8BFA7-9E06-401E-A057-B998A3B1F3BF}.Release|x64.Build.0 = Release|Any CPU
		{08A8BFA7-9E06-401E-A057-B998A3B1F3BF}.Release|x86.ActiveCfg = Release|Any CPU
		{08A8BFA7-9E06-401E-A057-B998A3B1F3BF}.Release|x86.Build.0 = Release|Any CPU
		{E90887FC-E4E9-417D-BC2E-2DAD9E49D75D}.Ad-Hoc|Any CPU.ActiveCfg = Debug|Any CPU
		{E90887FC-E4E9-417D-BC2E-2DAD9E49D75D}.Ad-Hoc|Any CPU.Build.0 = Debug|Any CPU
		{E90887FC-E4E9-417D-BC2E-2DAD9E49D75D}.Ad-Hoc|ARM.ActiveCfg = Debug|Any CPU
		{E90887FC-E4E9-417D-BC2E-2DAD9E49D75D}.Ad-Hoc|ARM.Build.0 = Debug|Any CPU
		{E90887FC-E4E9-417D-BC2E-2DAD9E49D75D}.Ad-Hoc|iPhone.ActiveCfg = Debug|Any CPU
		{E90887FC-E4E9-417D-BC2E-2DAD9E49D75D}.Ad-Hoc|iPhone.Build.0 = Debug|Any CPU
		{E90887FC-E4E9-417D-BC2E-2DAD9E49D75D}.Ad-Hoc|iPhoneSimulator.ActiveCfg = Debug|Any CPU
		{E90887FC-E4E9-417D-BC2E-2DAD9E49D75D}.Ad-Hoc|iPhoneSimulator.Build.0 = Debug|Any CPU
		{E90887FC-E4E9-417D-BC2E-2DAD9E49D75D}.Ad-Hoc|x64.ActiveCfg = Debug|Any CPU
		{E90887FC-E4E9-417D-BC2E-2DAD9E49D75D}.Ad-Hoc|x64.Build.0 = Debug|Any CPU
		{E90887FC-E4E9-417D-BC2E-2DAD9E49D75D}.Ad-Hoc|x86.ActiveCfg = Debug|Any CPU
		{E90887FC-E4E9-417D-BC2E-2DAD9E49D75D}.Ad-Hoc|x86.Build.0 = Debug|Any CPU
		{E90887FC-E4E9-417D-BC2E-2DAD9E49D75D}.AppStore|Any CPU.ActiveCfg = Debug|Any CPU
		{E90887FC-E4E9-417D-BC2E-2DAD9E49D75D}.AppStore|Any CPU.Build.0 = Debug|Any CPU
		{E90887FC-E4E9-417D-BC2E-2DAD9E49D75D}.AppStore|ARM.ActiveCfg = Debug|Any CPU
		{E90887FC-E4E9-417D-BC2E-2DAD9E49D75D}.AppStore|ARM.Build.0 = Debug|Any CPU
		{E90887FC-E4E9-417D-BC2E-2DAD9E49D75D}.AppStore|iPhone.ActiveCfg = Debug|Any CPU
		{E90887FC-E4E9-417D-BC2E-2DAD9E49D75D}.AppStore|iPhone.Build.0 = Debug|Any CPU
		{E90887FC-E4E9-417D-BC2E-2DAD9E49D75D}.AppStore|iPhoneSimulator.ActiveCfg = Debug|Any CPU
		{E90887FC-E4E9-417D-BC2E-2DAD9E49D75D}.AppStore|iPhoneSimulator.Build.0 = Debug|Any CPU
		{E90887FC-E4E9-417D-BC2E-2DAD9E49D75D}.AppStore|x64.ActiveCfg = Debug|Any CPU
		{E90887FC-E4E9-417D-BC2E-2DAD9E49D75D}.AppStore|x64.Build.0 = Debug|Any CPU
		{E90887FC-E4E9-417D-BC2E-2DAD9E49D75D}.AppStore|x86.ActiveCfg = Debug|Any CPU
		{E90887FC-E4E9-417D-BC2E-2DAD9E49D75D}.AppStore|x86.Build.0 = Debug|Any CPU
		{E90887FC-E4E9-417D-BC2E-2DAD9E49D75D}.Debug|Any CPU.ActiveCfg = Debug|Any CPU
		{E90887FC-E4E9-417D-BC2E-2DAD9E49D75D}.Debug|Any CPU.Build.0 = Debug|Any CPU
		{E90887FC-E4E9-417D-BC2E-2DAD9E49D75D}.Debug|ARM.ActiveCfg = Debug|Any CPU
		{E90887FC-E4E9-417D-BC2E-2DAD9E49D75D}.Debug|ARM.Build.0 = Debug|Any CPU
		{E90887FC-E4E9-417D-BC2E-2DAD9E49D75D}.Debug|iPhone.ActiveCfg = Debug|Any CPU
		{E90887FC-E4E9-417D-BC2E-2DAD9E49D75D}.Debug|iPhone.Build.0 = Debug|Any CPU
		{E90887FC-E4E9-417D-BC2E-2DAD9E49D75D}.Debug|iPhoneSimulator.ActiveCfg = Debug|Any CPU
		{E90887FC-E4E9-417D-BC2E-2DAD9E49D75D}.Debug|iPhoneSimulator.Build.0 = Debug|Any CPU
		{E90887FC-E4E9-417D-BC2E-2DAD9E49D75D}.Debug|x64.ActiveCfg = Debug|Any CPU
		{E90887FC-E4E9-417D-BC2E-2DAD9E49D75D}.Debug|x64.Build.0 = Debug|Any CPU
		{E90887FC-E4E9-417D-BC2E-2DAD9E49D75D}.Debug|x86.ActiveCfg = Debug|Any CPU
		{E90887FC-E4E9-417D-BC2E-2DAD9E49D75D}.Debug|x86.Build.0 = Debug|Any CPU
		{E90887FC-E4E9-417D-BC2E-2DAD9E49D75D}.Release|Any CPU.ActiveCfg = Release|Any CPU
		{E90887FC-E4E9-417D-BC2E-2DAD9E49D75D}.Release|Any CPU.Build.0 = Release|Any CPU
		{E90887FC-E4E9-417D-BC2E-2DAD9E49D75D}.Release|ARM.ActiveCfg = Release|Any CPU
		{E90887FC-E4E9-417D-BC2E-2DAD9E49D75D}.Release|ARM.Build.0 = Release|Any CPU
		{E90887FC-E4E9-417D-BC2E-2DAD9E49D75D}.Release|iPhone.ActiveCfg = Release|Any CPU
		{E90887FC-E4E9-417D-BC2E-2DAD9E49D75D}.Release|iPhone.Build.0 = Release|Any CPU
		{E90887FC-E4E9-417D-BC2E-2DAD9E49D75D}.Release|iPhoneSimulator.ActiveCfg = Release|Any CPU
		{E90887FC-E4E9-417D-BC2E-2DAD9E49D75D}.Release|iPhoneSimulator.Build.0 = Release|Any CPU
		{E90887FC-E4E9-417D-BC2E-2DAD9E49D75D}.Release|x64.ActiveCfg = Release|Any CPU
		{E90887FC-E4E9-417D-BC2E-2DAD9E49D75D}.Release|x64.Build.0 = Release|Any CPU
		{E90887FC-E4E9-417D-BC2E-2DAD9E49D75D}.Release|x86.ActiveCfg = Release|Any CPU
		{E90887FC-E4E9-417D-BC2E-2DAD9E49D75D}.Release|x86.Build.0 = Release|Any CPU
		{09336E1C-C1B6-48C2-9287-F330A29E5E40}.Ad-Hoc|Any CPU.ActiveCfg = Debug|Any CPU
		{09336E1C-C1B6-48C2-9287-F330A29E5E40}.Ad-Hoc|Any CPU.Build.0 = Debug|Any CPU
		{09336E1C-C1B6-48C2-9287-F330A29E5E40}.Ad-Hoc|ARM.ActiveCfg = Debug|Any CPU
		{09336E1C-C1B6-48C2-9287-F330A29E5E40}.Ad-Hoc|ARM.Build.0 = Debug|Any CPU
		{09336E1C-C1B6-48C2-9287-F330A29E5E40}.Ad-Hoc|iPhone.ActiveCfg = Debug|Any CPU
		{09336E1C-C1B6-48C2-9287-F330A29E5E40}.Ad-Hoc|iPhone.Build.0 = Debug|Any CPU
		{09336E1C-C1B6-48C2-9287-F330A29E5E40}.Ad-Hoc|iPhoneSimulator.ActiveCfg = Debug|Any CPU
		{09336E1C-C1B6-48C2-9287-F330A29E5E40}.Ad-Hoc|iPhoneSimulator.Build.0 = Debug|Any CPU
		{09336E1C-C1B6-48C2-9287-F330A29E5E40}.Ad-Hoc|x64.ActiveCfg = Debug|Any CPU
		{09336E1C-C1B6-48C2-9287-F330A29E5E40}.Ad-Hoc|x64.Build.0 = Debug|Any CPU
		{09336E1C-C1B6-48C2-9287-F330A29E5E40}.Ad-Hoc|x86.ActiveCfg = Debug|Any CPU
		{09336E1C-C1B6-48C2-9287-F330A29E5E40}.Ad-Hoc|x86.Build.0 = Debug|Any CPU
		{09336E1C-C1B6-48C2-9287-F330A29E5E40}.AppStore|Any CPU.ActiveCfg = Debug|Any CPU
		{09336E1C-C1B6-48C2-9287-F330A29E5E40}.AppStore|Any CPU.Build.0 = Debug|Any CPU
		{09336E1C-C1B6-48C2-9287-F330A29E5E40}.AppStore|ARM.ActiveCfg = Debug|Any CPU
		{09336E1C-C1B6-48C2-9287-F330A29E5E40}.AppStore|ARM.Build.0 = Debug|Any CPU
		{09336E1C-C1B6-48C2-9287-F330A29E5E40}.AppStore|iPhone.ActiveCfg = Debug|Any CPU
		{09336E1C-C1B6-48C2-9287-F330A29E5E40}.AppStore|iPhone.Build.0 = Debug|Any CPU
		{09336E1C-C1B6-48C2-9287-F330A29E5E40}.AppStore|iPhoneSimulator.ActiveCfg = Debug|Any CPU
		{09336E1C-C1B6-48C2-9287-F330A29E5E40}.AppStore|iPhoneSimulator.Build.0 = Debug|Any CPU
		{09336E1C-C1B6-48C2-9287-F330A29E5E40}.AppStore|x64.ActiveCfg = Debug|Any CPU
		{09336E1C-C1B6-48C2-9287-F330A29E5E40}.AppStore|x64.Build.0 = Debug|Any CPU
		{09336E1C-C1B6-48C2-9287-F330A29E5E40}.AppStore|x86.ActiveCfg = Debug|Any CPU
		{09336E1C-C1B6-48C2-9287-F330A29E5E40}.AppStore|x86.Build.0 = Debug|Any CPU
		{09336E1C-C1B6-48C2-9287-F330A29E5E40}.Debug|Any CPU.ActiveCfg = Debug|Any CPU
		{09336E1C-C1B6-48C2-9287-F330A29E5E40}.Debug|Any CPU.Build.0 = Debug|Any CPU
		{09336E1C-C1B6-48C2-9287-F330A29E5E40}.Debug|ARM.ActiveCfg = Debug|Any CPU
		{09336E1C-C1B6-48C2-9287-F330A29E5E40}.Debug|ARM.Build.0 = Debug|Any CPU
		{09336E1C-C1B6-48C2-9287-F330A29E5E40}.Debug|iPhone.ActiveCfg = Debug|Any CPU
		{09336E1C-C1B6-48C2-9287-F330A29E5E40}.Debug|iPhone.Build.0 = Debug|Any CPU
		{09336E1C-C1B6-48C2-9287-F330A29E5E40}.Debug|iPhoneSimulator.ActiveCfg = Debug|Any CPU
		{09336E1C-C1B6-48C2-9287-F330A29E5E40}.Debug|iPhoneSimulator.Build.0 = Debug|Any CPU
		{09336E1C-C1B6-48C2-9287-F330A29E5E40}.Debug|x64.ActiveCfg = Debug|Any CPU
		{09336E1C-C1B6-48C2-9287-F330A29E5E40}.Debug|x64.Build.0 = Debug|Any CPU
		{09336E1C-C1B6-48C2-9287-F330A29E5E40}.Debug|x86.ActiveCfg = Debug|Any CPU
		{09336E1C-C1B6-48C2-9287-F330A29E5E40}.Debug|x86.Build.0 = Debug|Any CPU
		{09336E1C-C1B6-48C2-9287-F330A29E5E40}.Release|Any CPU.ActiveCfg = Release|Any CPU
		{09336E1C-C1B6-48C2-9287-F330A29E5E40}.Release|Any CPU.Build.0 = Release|Any CPU
		{09336E1C-C1B6-48C2-9287-F330A29E5E40}.Release|ARM.ActiveCfg = Release|Any CPU
		{09336E1C-C1B6-48C2-9287-F330A29E5E40}.Release|ARM.Build.0 = Release|Any CPU
		{09336E1C-C1B6-48C2-9287-F330A29E5E40}.Release|iPhone.ActiveCfg = Release|Any CPU
		{09336E1C-C1B6-48C2-9287-F330A29E5E40}.Release|iPhone.Build.0 = Release|Any CPU
		{09336E1C-C1B6-48C2-9287-F330A29E5E40}.Release|iPhoneSimulator.ActiveCfg = Release|Any CPU
		{09336E1C-C1B6-48C2-9287-F330A29E5E40}.Release|iPhoneSimulator.Build.0 = Release|Any CPU
		{09336E1C-C1B6-48C2-9287-F330A29E5E40}.Release|x64.ActiveCfg = Release|Any CPU
		{09336E1C-C1B6-48C2-9287-F330A29E5E40}.Release|x64.Build.0 = Release|Any CPU
		{09336E1C-C1B6-48C2-9287-F330A29E5E40}.Release|x86.ActiveCfg = Release|Any CPU
		{09336E1C-C1B6-48C2-9287-F330A29E5E40}.Release|x86.Build.0 = Release|Any CPU
		{5399BA0E-D05A-4F83-993C-AF57AE9ACB99}.Ad-Hoc|Any CPU.ActiveCfg = Debug|Any CPU
		{5399BA0E-D05A-4F83-993C-AF57AE9ACB99}.Ad-Hoc|Any CPU.Build.0 = Debug|Any CPU
		{5399BA0E-D05A-4F83-993C-AF57AE9ACB99}.Ad-Hoc|ARM.ActiveCfg = Debug|Any CPU
		{5399BA0E-D05A-4F83-993C-AF57AE9ACB99}.Ad-Hoc|ARM.Build.0 = Debug|Any CPU
		{5399BA0E-D05A-4F83-993C-AF57AE9ACB99}.Ad-Hoc|iPhone.ActiveCfg = Debug|Any CPU
		{5399BA0E-D05A-4F83-993C-AF57AE9ACB99}.Ad-Hoc|iPhone.Build.0 = Debug|Any CPU
		{5399BA0E-D05A-4F83-993C-AF57AE9ACB99}.Ad-Hoc|iPhoneSimulator.ActiveCfg = Debug|Any CPU
		{5399BA0E-D05A-4F83-993C-AF57AE9ACB99}.Ad-Hoc|iPhoneSimulator.Build.0 = Debug|Any CPU
		{5399BA0E-D05A-4F83-993C-AF57AE9ACB99}.Ad-Hoc|x64.ActiveCfg = Debug|Any CPU
		{5399BA0E-D05A-4F83-993C-AF57AE9ACB99}.Ad-Hoc|x64.Build.0 = Debug|Any CPU
		{5399BA0E-D05A-4F83-993C-AF57AE9ACB99}.Ad-Hoc|x86.ActiveCfg = Debug|Any CPU
		{5399BA0E-D05A-4F83-993C-AF57AE9ACB99}.Ad-Hoc|x86.Build.0 = Debug|Any CPU
		{5399BA0E-D05A-4F83-993C-AF57AE9ACB99}.AppStore|Any CPU.ActiveCfg = Debug|Any CPU
		{5399BA0E-D05A-4F83-993C-AF57AE9ACB99}.AppStore|Any CPU.Build.0 = Debug|Any CPU
		{5399BA0E-D05A-4F83-993C-AF57AE9ACB99}.AppStore|ARM.ActiveCfg = Debug|Any CPU
		{5399BA0E-D05A-4F83-993C-AF57AE9ACB99}.AppStore|ARM.Build.0 = Debug|Any CPU
		{5399BA0E-D05A-4F83-993C-AF57AE9ACB99}.AppStore|iPhone.ActiveCfg = Debug|Any CPU
		{5399BA0E-D05A-4F83-993C-AF57AE9ACB99}.AppStore|iPhone.Build.0 = Debug|Any CPU
		{5399BA0E-D05A-4F83-993C-AF57AE9ACB99}.AppStore|iPhoneSimulator.ActiveCfg = Debug|Any CPU
		{5399BA0E-D05A-4F83-993C-AF57AE9ACB99}.AppStore|iPhoneSimulator.Build.0 = Debug|Any CPU
		{5399BA0E-D05A-4F83-993C-AF57AE9ACB99}.AppStore|x64.ActiveCfg = Debug|Any CPU
		{5399BA0E-D05A-4F83-993C-AF57AE9ACB99}.AppStore|x64.Build.0 = Debug|Any CPU
		{5399BA0E-D05A-4F83-993C-AF57AE9ACB99}.AppStore|x86.ActiveCfg = Debug|Any CPU
		{5399BA0E-D05A-4F83-993C-AF57AE9ACB99}.AppStore|x86.Build.0 = Debug|Any CPU
		{5399BA0E-D05A-4F83-993C-AF57AE9ACB99}.Debug|Any CPU.ActiveCfg = Debug|Any CPU
		{5399BA0E-D05A-4F83-993C-AF57AE9ACB99}.Debug|Any CPU.Build.0 = Debug|Any CPU
		{5399BA0E-D05A-4F83-993C-AF57AE9ACB99}.Debug|ARM.ActiveCfg = Debug|Any CPU
		{5399BA0E-D05A-4F83-993C-AF57AE9ACB99}.Debug|ARM.Build.0 = Debug|Any CPU
		{5399BA0E-D05A-4F83-993C-AF57AE9ACB99}.Debug|iPhone.ActiveCfg = Debug|Any CPU
		{5399BA0E-D05A-4F83-993C-AF57AE9ACB99}.Debug|iPhone.Build.0 = Debug|Any CPU
		{5399BA0E-D05A-4F83-993C-AF57AE9ACB99}.Debug|iPhoneSimulator.ActiveCfg = Debug|Any CPU
		{5399BA0E-D05A-4F83-993C-AF57AE9ACB99}.Debug|iPhoneSimulator.Build.0 = Debug|Any CPU
		{5399BA0E-D05A-4F83-993C-AF57AE9ACB99}.Debug|x64.ActiveCfg = Debug|Any CPU
		{5399BA0E-D05A-4F83-993C-AF57AE9ACB99}.Debug|x64.Build.0 = Debug|Any CPU
		{5399BA0E-D05A-4F83-993C-AF57AE9ACB99}.Debug|x86.ActiveCfg = Debug|Any CPU
		{5399BA0E-D05A-4F83-993C-AF57AE9ACB99}.Debug|x86.Build.0 = Debug|Any CPU
		{5399BA0E-D05A-4F83-993C-AF57AE9ACB99}.Release|Any CPU.ActiveCfg = Release|Any CPU
		{5399BA0E-D05A-4F83-993C-AF57AE9ACB99}.Release|Any CPU.Build.0 = Release|Any CPU
		{5399BA0E-D05A-4F83-993C-AF57AE9ACB99}.Release|ARM.ActiveCfg = Release|Any CPU
		{5399BA0E-D05A-4F83-993C-AF57AE9ACB99}.Release|ARM.Build.0 = Release|Any CPU
		{5399BA0E-D05A-4F83-993C-AF57AE9ACB99}.Release|iPhone.ActiveCfg = Release|Any CPU
		{5399BA0E-D05A-4F83-993C-AF57AE9ACB99}.Release|iPhone.Build.0 = Release|Any CPU
		{5399BA0E-D05A-4F83-993C-AF57AE9ACB99}.Release|iPhoneSimulator.ActiveCfg = Release|Any CPU
		{5399BA0E-D05A-4F83-993C-AF57AE9ACB99}.Release|iPhoneSimulator.Build.0 = Release|Any CPU
		{5399BA0E-D05A-4F83-993C-AF57AE9ACB99}.Release|x64.ActiveCfg = Release|Any CPU
		{5399BA0E-D05A-4F83-993C-AF57AE9ACB99}.Release|x64.Build.0 = Release|Any CPU
		{5399BA0E-D05A-4F83-993C-AF57AE9ACB99}.Release|x86.ActiveCfg = Release|Any CPU
		{5399BA0E-D05A-4F83-993C-AF57AE9ACB99}.Release|x86.Build.0 = Release|Any CPU
		{1EB6EC34-D630-4866-A08A-07DDC7F1D73F}.Ad-Hoc|Any CPU.ActiveCfg = Release|Any CPU
		{1EB6EC34-D630-4866-A08A-07DDC7F1D73F}.Ad-Hoc|Any CPU.Build.0 = Release|Any CPU
		{1EB6EC34-D630-4866-A08A-07DDC7F1D73F}.Ad-Hoc|Any CPU.Deploy.0 = Release|Any CPU
		{1EB6EC34-D630-4866-A08A-07DDC7F1D73F}.Ad-Hoc|ARM.ActiveCfg = Release|Any CPU
		{1EB6EC34-D630-4866-A08A-07DDC7F1D73F}.Ad-Hoc|ARM.Build.0 = Release|Any CPU
		{1EB6EC34-D630-4866-A08A-07DDC7F1D73F}.Ad-Hoc|ARM.Deploy.0 = Release|Any CPU
		{1EB6EC34-D630-4866-A08A-07DDC7F1D73F}.Ad-Hoc|iPhone.ActiveCfg = Release|Any CPU
		{1EB6EC34-D630-4866-A08A-07DDC7F1D73F}.Ad-Hoc|iPhone.Build.0 = Release|Any CPU
		{1EB6EC34-D630-4866-A08A-07DDC7F1D73F}.Ad-Hoc|iPhone.Deploy.0 = Release|Any CPU
		{1EB6EC34-D630-4866-A08A-07DDC7F1D73F}.Ad-Hoc|iPhoneSimulator.ActiveCfg = Release|Any CPU
		{1EB6EC34-D630-4866-A08A-07DDC7F1D73F}.Ad-Hoc|iPhoneSimulator.Build.0 = Release|Any CPU
		{1EB6EC34-D630-4866-A08A-07DDC7F1D73F}.Ad-Hoc|iPhoneSimulator.Deploy.0 = Release|Any CPU
		{1EB6EC34-D630-4866-A08A-07DDC7F1D73F}.Ad-Hoc|x64.ActiveCfg = Release|Any CPU
		{1EB6EC34-D630-4866-A08A-07DDC7F1D73F}.Ad-Hoc|x64.Build.0 = Release|Any CPU
		{1EB6EC34-D630-4866-A08A-07DDC7F1D73F}.Ad-Hoc|x64.Deploy.0 = Release|Any CPU
		{1EB6EC34-D630-4866-A08A-07DDC7F1D73F}.Ad-Hoc|x86.ActiveCfg = Release|Any CPU
		{1EB6EC34-D630-4866-A08A-07DDC7F1D73F}.Ad-Hoc|x86.Build.0 = Release|Any CPU
		{1EB6EC34-D630-4866-A08A-07DDC7F1D73F}.Ad-Hoc|x86.Deploy.0 = Release|Any CPU
		{1EB6EC34-D630-4866-A08A-07DDC7F1D73F}.AppStore|Any CPU.ActiveCfg = Release|Any CPU
		{1EB6EC34-D630-4866-A08A-07DDC7F1D73F}.AppStore|Any CPU.Build.0 = Release|Any CPU
		{1EB6EC34-D630-4866-A08A-07DDC7F1D73F}.AppStore|Any CPU.Deploy.0 = Release|Any CPU
		{1EB6EC34-D630-4866-A08A-07DDC7F1D73F}.AppStore|ARM.ActiveCfg = Release|Any CPU
		{1EB6EC34-D630-4866-A08A-07DDC7F1D73F}.AppStore|ARM.Build.0 = Release|Any CPU
		{1EB6EC34-D630-4866-A08A-07DDC7F1D73F}.AppStore|ARM.Deploy.0 = Release|Any CPU
		{1EB6EC34-D630-4866-A08A-07DDC7F1D73F}.AppStore|iPhone.ActiveCfg = Release|Any CPU
		{1EB6EC34-D630-4866-A08A-07DDC7F1D73F}.AppStore|iPhone.Build.0 = Release|Any CPU
		{1EB6EC34-D630-4866-A08A-07DDC7F1D73F}.AppStore|iPhone.Deploy.0 = Release|Any CPU
		{1EB6EC34-D630-4866-A08A-07DDC7F1D73F}.AppStore|iPhoneSimulator.ActiveCfg = Release|Any CPU
		{1EB6EC34-D630-4866-A08A-07DDC7F1D73F}.AppStore|iPhoneSimulator.Build.0 = Release|Any CPU
		{1EB6EC34-D630-4866-A08A-07DDC7F1D73F}.AppStore|iPhoneSimulator.Deploy.0 = Release|Any CPU
		{1EB6EC34-D630-4866-A08A-07DDC7F1D73F}.AppStore|x64.ActiveCfg = Release|Any CPU
		{1EB6EC34-D630-4866-A08A-07DDC7F1D73F}.AppStore|x64.Build.0 = Release|Any CPU
		{1EB6EC34-D630-4866-A08A-07DDC7F1D73F}.AppStore|x64.Deploy.0 = Release|Any CPU
		{1EB6EC34-D630-4866-A08A-07DDC7F1D73F}.AppStore|x86.ActiveCfg = Release|Any CPU
		{1EB6EC34-D630-4866-A08A-07DDC7F1D73F}.AppStore|x86.Build.0 = Release|Any CPU
		{1EB6EC34-D630-4866-A08A-07DDC7F1D73F}.AppStore|x86.Deploy.0 = Release|Any CPU
		{1EB6EC34-D630-4866-A08A-07DDC7F1D73F}.Debug|Any CPU.ActiveCfg = Debug|Any CPU
		{1EB6EC34-D630-4866-A08A-07DDC7F1D73F}.Debug|Any CPU.Build.0 = Debug|Any CPU
		{1EB6EC34-D630-4866-A08A-07DDC7F1D73F}.Debug|Any CPU.Deploy.0 = Debug|Any CPU
		{1EB6EC34-D630-4866-A08A-07DDC7F1D73F}.Debug|ARM.ActiveCfg = Debug|Any CPU
		{1EB6EC34-D630-4866-A08A-07DDC7F1D73F}.Debug|ARM.Build.0 = Debug|Any CPU
		{1EB6EC34-D630-4866-A08A-07DDC7F1D73F}.Debug|ARM.Deploy.0 = Debug|Any CPU
		{1EB6EC34-D630-4866-A08A-07DDC7F1D73F}.Debug|iPhone.ActiveCfg = Debug|Any CPU
		{1EB6EC34-D630-4866-A08A-07DDC7F1D73F}.Debug|iPhone.Build.0 = Debug|Any CPU
		{1EB6EC34-D630-4866-A08A-07DDC7F1D73F}.Debug|iPhone.Deploy.0 = Debug|Any CPU
		{1EB6EC34-D630-4866-A08A-07DDC7F1D73F}.Debug|iPhoneSimulator.ActiveCfg = Debug|Any CPU
		{1EB6EC34-D630-4866-A08A-07DDC7F1D73F}.Debug|iPhoneSimulator.Build.0 = Debug|Any CPU
		{1EB6EC34-D630-4866-A08A-07DDC7F1D73F}.Debug|iPhoneSimulator.Deploy.0 = Debug|Any CPU
		{1EB6EC34-D630-4866-A08A-07DDC7F1D73F}.Debug|x64.ActiveCfg = Debug|Any CPU
		{1EB6EC34-D630-4866-A08A-07DDC7F1D73F}.Debug|x64.Build.0 = Debug|Any CPU
		{1EB6EC34-D630-4866-A08A-07DDC7F1D73F}.Debug|x64.Deploy.0 = Debug|Any CPU
		{1EB6EC34-D630-4866-A08A-07DDC7F1D73F}.Debug|x86.ActiveCfg = Debug|Any CPU
		{1EB6EC34-D630-4866-A08A-07DDC7F1D73F}.Debug|x86.Build.0 = Debug|Any CPU
		{1EB6EC34-D630-4866-A08A-07DDC7F1D73F}.Debug|x86.Deploy.0 = Debug|Any CPU
		{1EB6EC34-D630-4866-A08A-07DDC7F1D73F}.Release|Any CPU.ActiveCfg = Release|Any CPU
		{1EB6EC34-D630-4866-A08A-07DDC7F1D73F}.Release|Any CPU.Build.0 = Release|Any CPU
		{1EB6EC34-D630-4866-A08A-07DDC7F1D73F}.Release|Any CPU.Deploy.0 = Release|Any CPU
		{1EB6EC34-D630-4866-A08A-07DDC7F1D73F}.Release|ARM.ActiveCfg = Release|Any CPU
		{1EB6EC34-D630-4866-A08A-07DDC7F1D73F}.Release|ARM.Build.0 = Release|Any CPU
		{1EB6EC34-D630-4866-A08A-07DDC7F1D73F}.Release|ARM.Deploy.0 = Release|Any CPU
		{1EB6EC34-D630-4866-A08A-07DDC7F1D73F}.Release|iPhone.ActiveCfg = Release|Any CPU
		{1EB6EC34-D630-4866-A08A-07DDC7F1D73F}.Release|iPhone.Build.0 = Release|Any CPU
		{1EB6EC34-D630-4866-A08A-07DDC7F1D73F}.Release|iPhone.Deploy.0 = Release|Any CPU
		{1EB6EC34-D630-4866-A08A-07DDC7F1D73F}.Release|iPhoneSimulator.ActiveCfg = Release|Any CPU
		{1EB6EC34-D630-4866-A08A-07DDC7F1D73F}.Release|iPhoneSimulator.Build.0 = Release|Any CPU
		{1EB6EC34-D630-4866-A08A-07DDC7F1D73F}.Release|iPhoneSimulator.Deploy.0 = Release|Any CPU
		{1EB6EC34-D630-4866-A08A-07DDC7F1D73F}.Release|x64.ActiveCfg = Release|Any CPU
		{1EB6EC34-D630-4866-A08A-07DDC7F1D73F}.Release|x64.Build.0 = Release|Any CPU
		{1EB6EC34-D630-4866-A08A-07DDC7F1D73F}.Release|x64.Deploy.0 = Release|Any CPU
		{1EB6EC34-D630-4866-A08A-07DDC7F1D73F}.Release|x86.ActiveCfg = Release|Any CPU
		{1EB6EC34-D630-4866-A08A-07DDC7F1D73F}.Release|x86.Build.0 = Release|Any CPU
		{1EB6EC34-D630-4866-A08A-07DDC7F1D73F}.Release|x86.Deploy.0 = Release|Any CPU
		{F9C52180-228A-4A7B-AC16-CD5C990CDCF4}.Ad-Hoc|Any CPU.ActiveCfg = Debug|Any CPU
		{F9C52180-228A-4A7B-AC16-CD5C990CDCF4}.Ad-Hoc|Any CPU.Build.0 = Debug|Any CPU
		{F9C52180-228A-4A7B-AC16-CD5C990CDCF4}.Ad-Hoc|ARM.ActiveCfg = Debug|Any CPU
		{F9C52180-228A-4A7B-AC16-CD5C990CDCF4}.Ad-Hoc|ARM.Build.0 = Debug|Any CPU
		{F9C52180-228A-4A7B-AC16-CD5C990CDCF4}.Ad-Hoc|iPhone.ActiveCfg = Debug|Any CPU
		{F9C52180-228A-4A7B-AC16-CD5C990CDCF4}.Ad-Hoc|iPhone.Build.0 = Debug|Any CPU
		{F9C52180-228A-4A7B-AC16-CD5C990CDCF4}.Ad-Hoc|iPhoneSimulator.ActiveCfg = Debug|Any CPU
		{F9C52180-228A-4A7B-AC16-CD5C990CDCF4}.Ad-Hoc|iPhoneSimulator.Build.0 = Debug|Any CPU
		{F9C52180-228A-4A7B-AC16-CD5C990CDCF4}.Ad-Hoc|x64.ActiveCfg = Debug|Any CPU
		{F9C52180-228A-4A7B-AC16-CD5C990CDCF4}.Ad-Hoc|x64.Build.0 = Debug|Any CPU
		{F9C52180-228A-4A7B-AC16-CD5C990CDCF4}.Ad-Hoc|x86.ActiveCfg = Debug|Any CPU
		{F9C52180-228A-4A7B-AC16-CD5C990CDCF4}.Ad-Hoc|x86.Build.0 = Debug|Any CPU
		{F9C52180-228A-4A7B-AC16-CD5C990CDCF4}.AppStore|Any CPU.ActiveCfg = Debug|Any CPU
		{F9C52180-228A-4A7B-AC16-CD5C990CDCF4}.AppStore|Any CPU.Build.0 = Debug|Any CPU
		{F9C52180-228A-4A7B-AC16-CD5C990CDCF4}.AppStore|ARM.ActiveCfg = Debug|Any CPU
		{F9C52180-228A-4A7B-AC16-CD5C990CDCF4}.AppStore|ARM.Build.0 = Debug|Any CPU
		{F9C52180-228A-4A7B-AC16-CD5C990CDCF4}.AppStore|iPhone.ActiveCfg = Debug|Any CPU
		{F9C52180-228A-4A7B-AC16-CD5C990CDCF4}.AppStore|iPhone.Build.0 = Debug|Any CPU
		{F9C52180-228A-4A7B-AC16-CD5C990CDCF4}.AppStore|iPhoneSimulator.ActiveCfg = Debug|Any CPU
		{F9C52180-228A-4A7B-AC16-CD5C990CDCF4}.AppStore|iPhoneSimulator.Build.0 = Debug|Any CPU
		{F9C52180-228A-4A7B-AC16-CD5C990CDCF4}.AppStore|x64.ActiveCfg = Debug|Any CPU
		{F9C52180-228A-4A7B-AC16-CD5C990CDCF4}.AppStore|x64.Build.0 = Debug|Any CPU
		{F9C52180-228A-4A7B-AC16-CD5C990CDCF4}.AppStore|x86.ActiveCfg = Debug|Any CPU
		{F9C52180-228A-4A7B-AC16-CD5C990CDCF4}.AppStore|x86.Build.0 = Debug|Any CPU
		{F9C52180-228A-4A7B-AC16-CD5C990CDCF4}.Debug|Any CPU.ActiveCfg = Debug|Any CPU
		{F9C52180-228A-4A7B-AC16-CD5C990CDCF4}.Debug|Any CPU.Build.0 = Debug|Any CPU
		{F9C52180-228A-4A7B-AC16-CD5C990CDCF4}.Debug|ARM.ActiveCfg = Debug|Any CPU
		{F9C52180-228A-4A7B-AC16-CD5C990CDCF4}.Debug|ARM.Build.0 = Debug|Any CPU
		{F9C52180-228A-4A7B-AC16-CD5C990CDCF4}.Debug|iPhone.ActiveCfg = Debug|Any CPU
		{F9C52180-228A-4A7B-AC16-CD5C990CDCF4}.Debug|iPhone.Build.0 = Debug|Any CPU
		{F9C52180-228A-4A7B-AC16-CD5C990CDCF4}.Debug|iPhoneSimulator.ActiveCfg = Debug|Any CPU
		{F9C52180-228A-4A7B-AC16-CD5C990CDCF4}.Debug|iPhoneSimulator.Build.0 = Debug|Any CPU
		{F9C52180-228A-4A7B-AC16-CD5C990CDCF4}.Debug|x64.ActiveCfg = Debug|Any CPU
		{F9C52180-228A-4A7B-AC16-CD5C990CDCF4}.Debug|x64.Build.0 = Debug|Any CPU
		{F9C52180-228A-4A7B-AC16-CD5C990CDCF4}.Debug|x86.ActiveCfg = Debug|Any CPU
		{F9C52180-228A-4A7B-AC16-CD5C990CDCF4}.Debug|x86.Build.0 = Debug|Any CPU
		{F9C52180-228A-4A7B-AC16-CD5C990CDCF4}.Release|Any CPU.ActiveCfg = Release|Any CPU
		{F9C52180-228A-4A7B-AC16-CD5C990CDCF4}.Release|Any CPU.Build.0 = Release|Any CPU
		{F9C52180-228A-4A7B-AC16-CD5C990CDCF4}.Release|ARM.ActiveCfg = Release|Any CPU
		{F9C52180-228A-4A7B-AC16-CD5C990CDCF4}.Release|ARM.Build.0 = Release|Any CPU
		{F9C52180-228A-4A7B-AC16-CD5C990CDCF4}.Release|iPhone.ActiveCfg = Release|Any CPU
		{F9C52180-228A-4A7B-AC16-CD5C990CDCF4}.Release|iPhone.Build.0 = Release|Any CPU
		{F9C52180-228A-4A7B-AC16-CD5C990CDCF4}.Release|iPhoneSimulator.ActiveCfg = Release|Any CPU
		{F9C52180-228A-4A7B-AC16-CD5C990CDCF4}.Release|iPhoneSimulator.Build.0 = Release|Any CPU
		{F9C52180-228A-4A7B-AC16-CD5C990CDCF4}.Release|x64.ActiveCfg = Release|Any CPU
		{F9C52180-228A-4A7B-AC16-CD5C990CDCF4}.Release|x64.Build.0 = Release|Any CPU
		{F9C52180-228A-4A7B-AC16-CD5C990CDCF4}.Release|x86.ActiveCfg = Release|Any CPU
		{F9C52180-228A-4A7B-AC16-CD5C990CDCF4}.Release|x86.Build.0 = Release|Any CPU
		{B19C892E-2628-4CA7-AD27-08D406A3B14B}.Ad-Hoc|Any CPU.ActiveCfg = Release|Any CPU
		{B19C892E-2628-4CA7-AD27-08D406A3B14B}.Ad-Hoc|Any CPU.Build.0 = Release|Any CPU
		{B19C892E-2628-4CA7-AD27-08D406A3B14B}.Ad-Hoc|ARM.ActiveCfg = Release|Any CPU
		{B19C892E-2628-4CA7-AD27-08D406A3B14B}.Ad-Hoc|ARM.Build.0 = Release|Any CPU
		{B19C892E-2628-4CA7-AD27-08D406A3B14B}.Ad-Hoc|iPhone.ActiveCfg = Release|Any CPU
		{B19C892E-2628-4CA7-AD27-08D406A3B14B}.Ad-Hoc|iPhone.Build.0 = Release|Any CPU
		{B19C892E-2628-4CA7-AD27-08D406A3B14B}.Ad-Hoc|iPhoneSimulator.ActiveCfg = Release|Any CPU
		{B19C892E-2628-4CA7-AD27-08D406A3B14B}.Ad-Hoc|iPhoneSimulator.Build.0 = Release|Any CPU
		{B19C892E-2628-4CA7-AD27-08D406A3B14B}.Ad-Hoc|x64.ActiveCfg = Release|Any CPU
		{B19C892E-2628-4CA7-AD27-08D406A3B14B}.Ad-Hoc|x64.Build.0 = Release|Any CPU
		{B19C892E-2628-4CA7-AD27-08D406A3B14B}.Ad-Hoc|x86.ActiveCfg = Release|Any CPU
		{B19C892E-2628-4CA7-AD27-08D406A3B14B}.Ad-Hoc|x86.Build.0 = Release|Any CPU
		{B19C892E-2628-4CA7-AD27-08D406A3B14B}.AppStore|Any CPU.ActiveCfg = Release|Any CPU
		{B19C892E-2628-4CA7-AD27-08D406A3B14B}.AppStore|Any CPU.Build.0 = Release|Any CPU
		{B19C892E-2628-4CA7-AD27-08D406A3B14B}.AppStore|ARM.ActiveCfg = Release|Any CPU
		{B19C892E-2628-4CA7-AD27-08D406A3B14B}.AppStore|ARM.Build.0 = Release|Any CPU
		{B19C892E-2628-4CA7-AD27-08D406A3B14B}.AppStore|iPhone.ActiveCfg = Release|Any CPU
		{B19C892E-2628-4CA7-AD27-08D406A3B14B}.AppStore|iPhone.Build.0 = Release|Any CPU
		{B19C892E-2628-4CA7-AD27-08D406A3B14B}.AppStore|iPhoneSimulator.ActiveCfg = Release|Any CPU
		{B19C892E-2628-4CA7-AD27-08D406A3B14B}.AppStore|iPhoneSimulator.Build.0 = Release|Any CPU
		{B19C892E-2628-4CA7-AD27-08D406A3B14B}.AppStore|x64.ActiveCfg = Release|Any CPU
		{B19C892E-2628-4CA7-AD27-08D406A3B14B}.AppStore|x64.Build.0 = Release|Any CPU
		{B19C892E-2628-4CA7-AD27-08D406A3B14B}.AppStore|x86.ActiveCfg = Release|Any CPU
		{B19C892E-2628-4CA7-AD27-08D406A3B14B}.AppStore|x86.Build.0 = Release|Any CPU
		{B19C892E-2628-4CA7-AD27-08D406A3B14B}.Debug|Any CPU.ActiveCfg = Debug|Any CPU
		{B19C892E-2628-4CA7-AD27-08D406A3B14B}.Debug|Any CPU.Build.0 = Debug|Any CPU
		{B19C892E-2628-4CA7-AD27-08D406A3B14B}.Debug|ARM.ActiveCfg = Debug|Any CPU
		{B19C892E-2628-4CA7-AD27-08D406A3B14B}.Debug|ARM.Build.0 = Debug|Any CPU
		{B19C892E-2628-4CA7-AD27-08D406A3B14B}.Debug|iPhone.ActiveCfg = Debug|Any CPU
		{B19C892E-2628-4CA7-AD27-08D406A3B14B}.Debug|iPhone.Build.0 = Debug|Any CPU
		{B19C892E-2628-4CA7-AD27-08D406A3B14B}.Debug|iPhoneSimulator.ActiveCfg = Debug|Any CPU
		{B19C892E-2628-4CA7-AD27-08D406A3B14B}.Debug|iPhoneSimulator.Build.0 = Debug|Any CPU
		{B19C892E-2628-4CA7-AD27-08D406A3B14B}.Debug|x64.ActiveCfg = Debug|Any CPU
		{B19C892E-2628-4CA7-AD27-08D406A3B14B}.Debug|x64.Build.0 = Debug|Any CPU
		{B19C892E-2628-4CA7-AD27-08D406A3B14B}.Debug|x86.ActiveCfg = Debug|Any CPU
		{B19C892E-2628-4CA7-AD27-08D406A3B14B}.Debug|x86.Build.0 = Debug|Any CPU
		{B19C892E-2628-4CA7-AD27-08D406A3B14B}.Release|Any CPU.ActiveCfg = Release|Any CPU
		{B19C892E-2628-4CA7-AD27-08D406A3B14B}.Release|Any CPU.Build.0 = Release|Any CPU
		{B19C892E-2628-4CA7-AD27-08D406A3B14B}.Release|ARM.ActiveCfg = Release|Any CPU
		{B19C892E-2628-4CA7-AD27-08D406A3B14B}.Release|ARM.Build.0 = Release|Any CPU
		{B19C892E-2628-4CA7-AD27-08D406A3B14B}.Release|iPhone.ActiveCfg = Release|Any CPU
		{B19C892E-2628-4CA7-AD27-08D406A3B14B}.Release|iPhone.Build.0 = Release|Any CPU
		{B19C892E-2628-4CA7-AD27-08D406A3B14B}.Release|iPhoneSimulator.ActiveCfg = Release|Any CPU
		{B19C892E-2628-4CA7-AD27-08D406A3B14B}.Release|iPhoneSimulator.Build.0 = Release|Any CPU
		{B19C892E-2628-4CA7-AD27-08D406A3B14B}.Release|x64.ActiveCfg = Release|Any CPU
		{B19C892E-2628-4CA7-AD27-08D406A3B14B}.Release|x64.Build.0 = Release|Any CPU
		{B19C892E-2628-4CA7-AD27-08D406A3B14B}.Release|x86.ActiveCfg = Release|Any CPU
		{B19C892E-2628-4CA7-AD27-08D406A3B14B}.Release|x86.Build.0 = Release|Any CPU
	EndGlobalSection
	GlobalSection(SolutionProperties) = preSolution
		HideSolutionNode = FALSE
	EndGlobalSection
	GlobalSection(NestedProjects) = preSolution
		{92F28CBD-CB0D-4F4E-A272-2004811B96BA} = {F71A7AEB-DA19-40E1-8777-BF9A7A09D9DB}
		{1C876011-D7FC-4728-AC1F-41BABD3CC24F} = {EB77F75E-D518-4D0F-89AC-63DD309AEF32}
		{6149F141-1273-47DF-822D-E219D01EE7EF} = {EB77F75E-D518-4D0F-89AC-63DD309AEF32}
		{EB77F75E-D518-4D0F-89AC-63DD309AEF32} = {F71A7AEB-DA19-40E1-8777-BF9A7A09D9DB}
		{21CC98C8-686B-40BD-A1FB-AF1474C7A432} = {233207FC-E7D3-46C0-8E12-DF6B8712397F}
		{03733502-C617-4953-8CE2-1CE15638A973} = {F71A7AEB-DA19-40E1-8777-BF9A7A09D9DB}
		{5AB648D4-C1D2-4C6A-934A-10F401662663} = {4AAC535E-F0C3-4141-8210-8A12B934D724}
		{B1894732-D6BD-40F0-8523-3FDB6688D26E} = {4AAC535E-F0C3-4141-8210-8A12B934D724}
		{2E0D3107-4A4C-44AC-90A2-4EEA56D2AEDF} = {B1894732-D6BD-40F0-8523-3FDB6688D26E}
		{EEF9A0B6-CA0C-4961-987D-2693370B7141} = {159FB821-DFD9-4AC1-88E9-9580183CD4B2}
		{3FA8D1D0-F3B3-40CF-91C9-4B6CD052015A} = {4AAC535E-F0C3-4141-8210-8A12B934D724}
		{35AE98C0-E46A-4B1A-9240-2C7A053BF8B2} = {D02227F7-3642-443E-B0FA-8C7E6F2C3FD6}
		{D02227F7-3642-443E-B0FA-8C7E6F2C3FD6} = {159FB821-DFD9-4AC1-88E9-9580183CD4B2}
		{43A41B5A-45E2-48AE-B2F3-7932C93537DA} = {159FB821-DFD9-4AC1-88E9-9580183CD4B2}
		{AD62AA52-487D-457F-A178-DD7B03F62F24} = {F71A7AEB-DA19-40E1-8777-BF9A7A09D9DB}
		{269E0B77-2404-464A-96C4-926771228EE5} = {233207FC-E7D3-46C0-8E12-DF6B8712397F}
		{233207FC-E7D3-46C0-8E12-DF6B8712397F} = {9A918B19-4EC4-460D-8B09-233F82E5E947}
		{29C07BDB-0C8D-486E-A924-F9CDC9F73373} = {9A918B19-4EC4-460D-8B09-233F82E5E947}
		{08A8BFA7-9E06-401E-A057-B998A3B1F3BF} = {29C07BDB-0C8D-486E-A924-F9CDC9F73373}
		{E90887FC-E4E9-417D-BC2E-2DAD9E49D75D} = {D02227F7-3642-443E-B0FA-8C7E6F2C3FD6}
		{CB70BF45-FDDB-41AD-AECB-7F871A7F727F} = {9A918B19-4EC4-460D-8B09-233F82E5E947}
		{09336E1C-C1B6-48C2-9287-F330A29E5E40} = {CB70BF45-FDDB-41AD-AECB-7F871A7F727F}
		{DCA2EC79-624D-460F-B2E8-6DECFDBE0EBB} = {9A918B19-4EC4-460D-8B09-233F82E5E947}
		{5399BA0E-D05A-4F83-993C-AF57AE9ACB99} = {DCA2EC79-624D-460F-B2E8-6DECFDBE0EBB}
		{1EB6EC34-D630-4866-A08A-07DDC7F1D73F} = {EB77F75E-D518-4D0F-89AC-63DD309AEF32}
		{F9C52180-228A-4A7B-AC16-CD5C990CDCF4} = {DCA2EC79-624D-460F-B2E8-6DECFDBE0EBB}
		{B19C892E-2628-4CA7-AD27-08D406A3B14B} = {F71A7AEB-DA19-40E1-8777-BF9A7A09D9DB}
	EndGlobalSection
	GlobalSection(ExtensibilityGlobals) = postSolution
		SolutionGuid = {FEC77351-973F-40CF-B361-9FAEDD30483C}
	EndGlobalSection
EndGlobal
