
Microsoft Visual Studio Solution File, Format Version 12.00
# Visual Studio 15
VisualStudioVersion = 15.0.28307.705
MinimumVisualStudioVersion = 10.0.40219.1
Project("{9A19103F-16F7-4668-BE54-9A1E7A4F7556}") = "Trine.Mobile.Bootstrapper", "src\Bootstrapper\Trine.Mobile.Bootstrapper.csproj", "{92F28CBD-CB0D-4F4E-A272-2004811B96BA}"
EndProject
Project("{FAE04EC0-301F-11D3-BF4B-00C04F79EFBC}") = "Trine.Mobile.Android", "src\native\Android\Trine.Mobile.Android.csproj", "{1EB6EC34-D630-4866-A08A-07DDC7F1D73F}"
EndProject
Project("{FAE04EC0-301F-11D3-BF4B-00C04F79EFBC}") = "Trine.Mobile.iOS", "src\native\iOS\Trine.Mobile.iOS.csproj", "{1C876011-D7FC-4728-AC1F-41BABD3CC24F}"
EndProject
Project("{FAE04EC0-301F-11D3-BF4B-00C04F79EFBC}") = "Trine.Mobile.UWP", "src\native\UWP\Trine.Mobile.UWP.csproj", "{6149F141-1273-47DF-822D-E219D01EE7EF}"
EndProject
Project("{2150E333-8FDC-42A3-9474-1A3956D46DE8}") = "00 - Solution Items", "00 - Solution Items", "{F8DD56F6-FF6B-4B73-8C42-C461F7BFDF7F}"
	ProjectSection(SolutionItems) = preProject
		appcenter-post-build.sh = appcenter-post-build.sh
		src\native\Android\appcenter-post-build.sh = src\native\Android\appcenter-post-build.sh
	EndProjectSection
EndProject
Project("{2150E333-8FDC-42A3-9474-1A3956D46DE8}") = "01 - DAL", "01 - DAL", "{159FB821-DFD9-4AC1-88E9-9580183CD4B2}"
EndProject
Project("{2150E333-8FDC-42A3-9474-1A3956D46DE8}") = "02 - BLL", "02 - BLL", "{4AAC535E-F0C3-4141-8210-8A12B934D724}"
EndProject
Project("{2150E333-8FDC-42A3-9474-1A3956D46DE8}") = "03 - UI", "03 - UI", "{F71A7AEB-DA19-40E1-8777-BF9A7A09D9DB}"
EndProject
Project("{2150E333-8FDC-42A3-9474-1A3956D46DE8}") = "04 - Modules", "04 - Modules", "{9A918B19-4EC4-460D-8B09-233F82E5E947}"
EndProject
Project("{2150E333-8FDC-42A3-9474-1A3956D46DE8}") = "Native", "Native", "{EB77F75E-D518-4D0F-89AC-63DD309AEF32}"
EndProject
Project("{9A19103F-16F7-4668-BE54-9A1E7A4F7556}") = "Modules.Authentication", "src\modules\Modules.Authentication\Modules.Authentication.csproj", "{21CC98C8-686B-40BD-A1FB-AF1474C7A432}"
EndProject
Project("{FAE04EC0-301F-11D3-BF4B-00C04F79EFBC}") = "Modules.Authentication.UITests", "src\modules\Modules.Authentication.UITests\Modules.Authentication.UITests.csproj", "{B19C892E-2628-4CA7-AD27-08D406A3B14B}"
EndProject
Project("{9A19103F-16F7-4668-BE54-9A1E7A4F7556}") = "Trine.Mobile.Components", "src\Components\Trine.Mobile.Components.csproj", "{03733502-C617-4953-8CE2-1CE15638A973}"
EndProject
Global
	GlobalSection(SolutionConfigurationPlatforms) = preSolution
		Ad-Hoc|Any CPU = Ad-Hoc|Any CPU
		Ad-Hoc|ARM = Ad-Hoc|ARM
		Ad-Hoc|iPhone = Ad-Hoc|iPhone
		Ad-Hoc|iPhoneSimulator = Ad-Hoc|iPhoneSimulator
		Ad-Hoc|x64 = Ad-Hoc|x64
		Ad-Hoc|x86 = Ad-Hoc|x86
		AppStore|Any CPU = AppStore|Any CPU
		AppStore|ARM = AppStore|ARM
		AppStore|iPhone = AppStore|iPhone
		AppStore|iPhoneSimulator = AppStore|iPhoneSimulator
		AppStore|x64 = AppStore|x64
		AppStore|x86 = AppStore|x86
		Debug|Any CPU = Debug|Any CPU
		Debug|ARM = Debug|ARM
		Debug|iPhone = Debug|iPhone
		Debug|iPhoneSimulator = Debug|iPhoneSimulator
		Debug|x64 = Debug|x64
		Debug|x86 = Debug|x86
		Release|Any CPU = Release|Any CPU
		Release|ARM = Release|ARM
		Release|iPhone = Release|iPhone
		Release|iPhoneSimulator = Release|iPhoneSimulator
		Release|x64 = Release|x64
		Release|x86 = Release|x86
	EndGlobalSection
	GlobalSection(ProjectConfigurationPlatforms) = postSolution
		{92F28CBD-CB0D-4F4E-A272-2004811B96BA}.Ad-Hoc|Any CPU.ActiveCfg = Debug|Any CPU
		{92F28CBD-CB0D-4F4E-A272-2004811B96BA}.Ad-Hoc|Any CPU.Build.0 = Debug|Any CPU
		{92F28CBD-CB0D-4F4E-A272-2004811B96BA}.Ad-Hoc|ARM.ActiveCfg = Debug|Any CPU
		{92F28CBD-CB0D-4F4E-A272-2004811B96BA}.Ad-Hoc|ARM.Build.0 = Debug|Any CPU
		{92F28CBD-CB0D-4F4E-A272-2004811B96BA}.Ad-Hoc|iPhone.ActiveCfg = Debug|Any CPU
		{92F28CBD-CB0D-4F4E-A272-2004811B96BA}.Ad-Hoc|iPhone.Build.0 = Debug|Any CPU
		{92F28CBD-CB0D-4F4E-A272-2004811B96BA}.Ad-Hoc|iPhoneSimulator.ActiveCfg = Debug|Any CPU
		{92F28CBD-CB0D-4F4E-A272-2004811B96BA}.Ad-Hoc|iPhoneSimulator.Build.0 = Debug|Any CPU
		{92F28CBD-CB0D-4F4E-A272-2004811B96BA}.Ad-Hoc|x64.ActiveCfg = Debug|Any CPU
		{92F28CBD-CB0D-4F4E-A272-2004811B96BA}.Ad-Hoc|x64.Build.0 = Debug|Any CPU
		{92F28CBD-CB0D-4F4E-A272-2004811B96BA}.Ad-Hoc|x86.ActiveCfg = Debug|Any CPU
		{92F28CBD-CB0D-4F4E-A272-2004811B96BA}.Ad-Hoc|x86.Build.0 = Debug|Any CPU
		{92F28CBD-CB0D-4F4E-A272-2004811B96BA}.AppStore|Any CPU.ActiveCfg = Debug|Any CPU
		{92F28CBD-CB0D-4F4E-A272-2004811B96BA}.AppStore|Any CPU.Build.0 = Debug|Any CPU
		{92F28CBD-CB0D-4F4E-A272-2004811B96BA}.AppStore|ARM.ActiveCfg = Debug|Any CPU
		{92F28CBD-CB0D-4F4E-A272-2004811B96BA}.AppStore|ARM.Build.0 = Debug|Any CPU
		{92F28CBD-CB0D-4F4E-A272-2004811B96BA}.AppStore|iPhone.ActiveCfg = Debug|Any CPU
		{92F28CBD-CB0D-4F4E-A272-2004811B96BA}.AppStore|iPhone.Build.0 = Debug|Any CPU
		{92F28CBD-CB0D-4F4E-A272-2004811B96BA}.AppStore|iPhoneSimulator.ActiveCfg = Debug|Any CPU
		{92F28CBD-CB0D-4F4E-A272-2004811B96BA}.AppStore|iPhoneSimulator.Build.0 = Debug|Any CPU
		{92F28CBD-CB0D-4F4E-A272-2004811B96BA}.AppStore|x64.ActiveCfg = Debug|Any CPU
		{92F28CBD-CB0D-4F4E-A272-2004811B96BA}.AppStore|x64.Build.0 = Debug|Any CPU
		{92F28CBD-CB0D-4F4E-A272-2004811B96BA}.AppStore|x86.ActiveCfg = Debug|Any CPU
		{92F28CBD-CB0D-4F4E-A272-2004811B96BA}.AppStore|x86.Build.0 = Debug|Any CPU
		{92F28CBD-CB0D-4F4E-A272-2004811B96BA}.Debug|Any CPU.ActiveCfg = Debug|Any CPU
		{92F28CBD-CB0D-4F4E-A272-2004811B96BA}.Debug|Any CPU.Build.0 = Debug|Any CPU
		{92F28CBD-CB0D-4F4E-A272-2004811B96BA}.Debug|ARM.ActiveCfg = Debug|Any CPU
		{92F28CBD-CB0D-4F4E-A272-2004811B96BA}.Debug|ARM.Build.0 = Debug|Any CPU
		{92F28CBD-CB0D-4F4E-A272-2004811B96BA}.Debug|iPhone.ActiveCfg = Debug|Any CPU
		{92F28CBD-CB0D-4F4E-A272-2004811B96BA}.Debug|iPhone.Build.0 = Debug|Any CPU
		{92F28CBD-CB0D-4F4E-A272-2004811B96BA}.Debug|iPhoneSimulator.ActiveCfg = Debug|Any CPU
		{92F28CBD-CB0D-4F4E-A272-2004811B96BA}.Debug|iPhoneSimulator.Build.0 = Debug|Any CPU
		{92F28CBD-CB0D-4F4E-A272-2004811B96BA}.Debug|x64.ActiveCfg = Debug|Any CPU
		{92F28CBD-CB0D-4F4E-A272-2004811B96BA}.Debug|x64.Build.0 = Debug|Any CPU
		{92F28CBD-CB0D-4F4E-A272-2004811B96BA}.Debug|x86.ActiveCfg = Debug|Any CPU
		{92F28CBD-CB0D-4F4E-A272-2004811B96BA}.Debug|x86.Build.0 = Debug|Any CPU
		{92F28CBD-CB0D-4F4E-A272-2004811B96BA}.Release|Any CPU.ActiveCfg = Release|Any CPU
		{92F28CBD-CB0D-4F4E-A272-2004811B96BA}.Release|Any CPU.Build.0 = Release|Any CPU
		{92F28CBD-CB0D-4F4E-A272-2004811B96BA}.Release|ARM.ActiveCfg = Release|Any CPU
		{92F28CBD-CB0D-4F4E-A272-2004811B96BA}.Release|ARM.Build.0 = Release|Any CPU
		{92F28CBD-CB0D-4F4E-A272-2004811B96BA}.Release|iPhone.ActiveCfg = Release|Any CPU
		{92F28CBD-CB0D-4F4E-A272-2004811B96BA}.Release|iPhone.Build.0 = Release|Any CPU
		{92F28CBD-CB0D-4F4E-A272-2004811B96BA}.Release|iPhoneSimulator.ActiveCfg = Release|Any CPU
		{92F28CBD-CB0D-4F4E-A272-2004811B96BA}.Release|iPhoneSimulator.Build.0 = Release|Any CPU
		{92F28CBD-CB0D-4F4E-A272-2004811B96BA}.Release|x64.ActiveCfg = Release|Any CPU
		{92F28CBD-CB0D-4F4E-A272-2004811B96BA}.Release|x64.Build.0 = Release|Any CPU
		{92F28CBD-CB0D-4F4E-A272-2004811B96BA}.Release|x86.ActiveCfg = Release|Any CPU
		{92F28CBD-CB0D-4F4E-A272-2004811B96BA}.Release|x86.Build.0 = Release|Any CPU
		{1EB6EC34-D630-4866-A08A-07DDC7F1D73F}.Ad-Hoc|Any CPU.ActiveCfg = Release|Any CPU
		{1EB6EC34-D630-4866-A08A-07DDC7F1D73F}.Ad-Hoc|Any CPU.Build.0 = Release|Any CPU
		{1EB6EC34-D630-4866-A08A-07DDC7F1D73F}.Ad-Hoc|Any CPU.Deploy.0 = Release|Any CPU
		{1EB6EC34-D630-4866-A08A-07DDC7F1D73F}.Ad-Hoc|ARM.ActiveCfg = Release|Any CPU
		{1EB6EC34-D630-4866-A08A-07DDC7F1D73F}.Ad-Hoc|ARM.Build.0 = Release|Any CPU
		{1EB6EC34-D630-4866-A08A-07DDC7F1D73F}.Ad-Hoc|ARM.Deploy.0 = Release|Any CPU
		{1EB6EC34-D630-4866-A08A-07DDC7F1D73F}.Ad-Hoc|iPhone.ActiveCfg = Release|Any CPU
		{1EB6EC34-D630-4866-A08A-07DDC7F1D73F}.Ad-Hoc|iPhone.Build.0 = Release|Any CPU
		{1EB6EC34-D630-4866-A08A-07DDC7F1D73F}.Ad-Hoc|iPhone.Deploy.0 = Release|Any CPU
		{1EB6EC34-D630-4866-A08A-07DDC7F1D73F}.Ad-Hoc|iPhoneSimulator.ActiveCfg = Release|Any CPU
		{1EB6EC34-D630-4866-A08A-07DDC7F1D73F}.Ad-Hoc|iPhoneSimulator.Build.0 = Release|Any CPU
		{1EB6EC34-D630-4866-A08A-07DDC7F1D73F}.Ad-Hoc|iPhoneSimulator.Deploy.0 = Release|Any CPU
		{1EB6EC34-D630-4866-A08A-07DDC7F1D73F}.Ad-Hoc|x64.ActiveCfg = Release|Any CPU
		{1EB6EC34-D630-4866-A08A-07DDC7F1D73F}.Ad-Hoc|x64.Build.0 = Release|Any CPU
		{1EB6EC34-D630-4866-A08A-07DDC7F1D73F}.Ad-Hoc|x64.Deploy.0 = Release|Any CPU
		{1EB6EC34-D630-4866-A08A-07DDC7F1D73F}.Ad-Hoc|x86.ActiveCfg = Release|Any CPU
		{1EB6EC34-D630-4866-A08A-07DDC7F1D73F}.Ad-Hoc|x86.Build.0 = Release|Any CPU
		{1EB6EC34-D630-4866-A08A-07DDC7F1D73F}.Ad-Hoc|x86.Deploy.0 = Release|Any CPU
		{1EB6EC34-D630-4866-A08A-07DDC7F1D73F}.AppStore|Any CPU.ActiveCfg = Release|Any CPU
		{1EB6EC34-D630-4866-A08A-07DDC7F1D73F}.AppStore|Any CPU.Build.0 = Release|Any CPU
		{1EB6EC34-D630-4866-A08A-07DDC7F1D73F}.AppStore|Any CPU.Deploy.0 = Release|Any CPU
		{1EB6EC34-D630-4866-A08A-07DDC7F1D73F}.AppStore|ARM.ActiveCfg = Release|Any CPU
		{1EB6EC34-D630-4866-A08A-07DDC7F1D73F}.AppStore|ARM.Build.0 = Release|Any CPU
		{1EB6EC34-D630-4866-A08A-07DDC7F1D73F}.AppStore|ARM.Deploy.0 = Release|Any CPU
		{1EB6EC34-D630-4866-A08A-07DDC7F1D73F}.AppStore|iPhone.ActiveCfg = Release|Any CPU
		{1EB6EC34-D630-4866-A08A-07DDC7F1D73F}.AppStore|iPhone.Build.0 = Release|Any CPU
		{1EB6EC34-D630-4866-A08A-07DDC7F1D73F}.AppStore|iPhone.Deploy.0 = Release|Any CPU
		{1EB6EC34-D630-4866-A08A-07DDC7F1D73F}.AppStore|iPhoneSimulator.ActiveCfg = Release|Any CPU
		{1EB6EC34-D630-4866-A08A-07DDC7F1D73F}.AppStore|iPhoneSimulator.Build.0 = Release|Any CPU
		{1EB6EC34-D630-4866-A08A-07DDC7F1D73F}.AppStore|iPhoneSimulator.Deploy.0 = Release|Any CPU
		{1EB6EC34-D630-4866-A08A-07DDC7F1D73F}.AppStore|x64.ActiveCfg = Release|Any CPU
		{1EB6EC34-D630-4866-A08A-07DDC7F1D73F}.AppStore|x64.Build.0 = Release|Any CPU
		{1EB6EC34-D630-4866-A08A-07DDC7F1D73F}.AppStore|x64.Deploy.0 = Release|Any CPU
		{1EB6EC34-D630-4866-A08A-07DDC7F1D73F}.AppStore|x86.ActiveCfg = Release|Any CPU
		{1EB6EC34-D630-4866-A08A-07DDC7F1D73F}.AppStore|x86.Build.0 = Release|Any CPU
		{1EB6EC34-D630-4866-A08A-07DDC7F1D73F}.AppStore|x86.Deploy.0 = Release|Any CPU
		{1EB6EC34-D630-4866-A08A-07DDC7F1D73F}.Debug|Any CPU.ActiveCfg = Debug|Any CPU
		{1EB6EC34-D630-4866-A08A-07DDC7F1D73F}.Debug|Any CPU.Build.0 = Debug|Any CPU
		{1EB6EC34-D630-4866-A08A-07DDC7F1D73F}.Debug|Any CPU.Deploy.0 = Debug|Any CPU
		{1EB6EC34-D630-4866-A08A-07DDC7F1D73F}.Debug|ARM.ActiveCfg = Debug|Any CPU
		{1EB6EC34-D630-4866-A08A-07DDC7F1D73F}.Debug|ARM.Build.0 = Debug|Any CPU
		{1EB6EC34-D630-4866-A08A-07DDC7F1D73F}.Debug|ARM.Deploy.0 = Debug|Any CPU
		{1EB6EC34-D630-4866-A08A-07DDC7F1D73F}.Debug|iPhone.ActiveCfg = Debug|Any CPU
		{1EB6EC34-D630-4866-A08A-07DDC7F1D73F}.Debug|iPhone.Build.0 = Debug|Any CPU
		{1EB6EC34-D630-4866-A08A-07DDC7F1D73F}.Debug|iPhone.Deploy.0 = Debug|Any CPU
		{1EB6EC34-D630-4866-A08A-07DDC7F1D73F}.Debug|iPhoneSimulator.ActiveCfg = Debug|Any CPU
		{1EB6EC34-D630-4866-A08A-07DDC7F1D73F}.Debug|iPhoneSimulator.Build.0 = Debug|Any CPU
		{1EB6EC34-D630-4866-A08A-07DDC7F1D73F}.Debug|iPhoneSimulator.Deploy.0 = Debug|Any CPU
		{1EB6EC34-D630-4866-A08A-07DDC7F1D73F}.Debug|x64.ActiveCfg = Debug|Any CPU
		{1EB6EC34-D630-4866-A08A-07DDC7F1D73F}.Debug|x64.Build.0 = Debug|Any CPU
		{1EB6EC34-D630-4866-A08A-07DDC7F1D73F}.Debug|x64.Deploy.0 = Debug|Any CPU
		{1EB6EC34-D630-4866-A08A-07DDC7F1D73F}.Debug|x86.ActiveCfg = Debug|Any CPU
		{1EB6EC34-D630-4866-A08A-07DDC7F1D73F}.Debug|x86.Build.0 = Debug|Any CPU
		{1EB6EC34-D630-4866-A08A-07DDC7F1D73F}.Debug|x86.Deploy.0 = Debug|Any CPU
		{1EB6EC34-D630-4866-A08A-07DDC7F1D73F}.Release|Any CPU.ActiveCfg = Release|Any CPU
		{1EB6EC34-D630-4866-A08A-07DDC7F1D73F}.Release|Any CPU.Build.0 = Release|Any CPU
		{1EB6EC34-D630-4866-A08A-07DDC7F1D73F}.Release|Any CPU.Deploy.0 = Release|Any CPU
		{1EB6EC34-D630-4866-A08A-07DDC7F1D73F}.Release|ARM.ActiveCfg = Release|Any CPU
		{1EB6EC34-D630-4866-A08A-07DDC7F1D73F}.Release|ARM.Build.0 = Release|Any CPU
		{1EB6EC34-D630-4866-A08A-07DDC7F1D73F}.Release|ARM.Deploy.0 = Release|Any CPU
		{1EB6EC34-D630-4866-A08A-07DDC7F1D73F}.Release|iPhone.ActiveCfg = Release|Any CPU
		{1EB6EC34-D630-4866-A08A-07DDC7F1D73F}.Release|iPhone.Build.0 = Release|Any CPU
		{1EB6EC34-D630-4866-A08A-07DDC7F1D73F}.Release|iPhone.Deploy.0 = Release|Any CPU
		{1EB6EC34-D630-4866-A08A-07DDC7F1D73F}.Release|iPhoneSimulator.ActiveCfg = Release|Any CPU
		{1EB6EC34-D630-4866-A08A-07DDC7F1D73F}.Release|iPhoneSimulator.Build.0 = Release|Any CPU
		{1EB6EC34-D630-4866-A08A-07DDC7F1D73F}.Release|iPhoneSimulator.Deploy.0 = Release|Any CPU
		{1EB6EC34-D630-4866-A08A-07DDC7F1D73F}.Release|x64.ActiveCfg = Release|Any CPU
		{1EB6EC34-D630-4866-A08A-07DDC7F1D73F}.Release|x64.Build.0 = Release|Any CPU
		{1EB6EC34-D630-4866-A08A-07DDC7F1D73F}.Release|x64.Deploy.0 = Release|Any CPU
		{1EB6EC34-D630-4866-A08A-07DDC7F1D73F}.Release|x86.ActiveCfg = Release|Any CPU
		{1EB6EC34-D630-4866-A08A-07DDC7F1D73F}.Release|x86.Build.0 = Release|Any CPU
		{1EB6EC34-D630-4866-A08A-07DDC7F1D73F}.Release|x86.Deploy.0 = Release|Any CPU
		{1C876011-D7FC-4728-AC1F-41BABD3CC24F}.Ad-Hoc|Any CPU.ActiveCfg = Ad-Hoc|iPhone
		{1C876011-D7FC-4728-AC1F-41BABD3CC24F}.Ad-Hoc|ARM.ActiveCfg = Ad-Hoc|iPhone
		{1C876011-D7FC-4728-AC1F-41BABD3CC24F}.Ad-Hoc|iPhone.ActiveCfg = Ad-Hoc|iPhone
		{1C876011-D7FC-4728-AC1F-41BABD3CC24F}.Ad-Hoc|iPhone.Build.0 = Ad-Hoc|iPhone
		{1C876011-D7FC-4728-AC1F-41BABD3CC24F}.Ad-Hoc|iPhoneSimulator.ActiveCfg = Ad-Hoc|iPhoneSimulator
		{1C876011-D7FC-4728-AC1F-41BABD3CC24F}.Ad-Hoc|iPhoneSimulator.Build.0 = Ad-Hoc|iPhoneSimulator
		{1C876011-D7FC-4728-AC1F-41BABD3CC24F}.Ad-Hoc|x64.ActiveCfg = Ad-Hoc|iPhone
		{1C876011-D7FC-4728-AC1F-41BABD3CC24F}.Ad-Hoc|x86.ActiveCfg = Ad-Hoc|iPhone
		{1C876011-D7FC-4728-AC1F-41BABD3CC24F}.AppStore|Any CPU.ActiveCfg = AppStore|iPhone
		{1C876011-D7FC-4728-AC1F-41BABD3CC24F}.AppStore|ARM.ActiveCfg = AppStore|iPhone
		{1C876011-D7FC-4728-AC1F-41BABD3CC24F}.AppStore|iPhone.ActiveCfg = AppStore|iPhone
		{1C876011-D7FC-4728-AC1F-41BABD3CC24F}.AppStore|iPhone.Build.0 = AppStore|iPhone
		{1C876011-D7FC-4728-AC1F-41BABD3CC24F}.AppStore|iPhoneSimulator.ActiveCfg = AppStore|iPhoneSimulator
		{1C876011-D7FC-4728-AC1F-41BABD3CC24F}.AppStore|iPhoneSimulator.Build.0 = AppStore|iPhoneSimulator
		{1C876011-D7FC-4728-AC1F-41BABD3CC24F}.AppStore|x64.ActiveCfg = AppStore|iPhone
		{1C876011-D7FC-4728-AC1F-41BABD3CC24F}.AppStore|x86.ActiveCfg = AppStore|iPhone
		{1C876011-D7FC-4728-AC1F-41BABD3CC24F}.Debug|Any CPU.ActiveCfg = Debug|iPhone
		{1C876011-D7FC-4728-AC1F-41BABD3CC24F}.Debug|ARM.ActiveCfg = Debug|iPhone
		{1C876011-D7FC-4728-AC1F-41BABD3CC24F}.Debug|iPhone.ActiveCfg = Debug|iPhone
		{1C876011-D7FC-4728-AC1F-41BABD3CC24F}.Debug|iPhone.Build.0 = Debug|iPhone
		{1C876011-D7FC-4728-AC1F-41BABD3CC24F}.Debug|iPhoneSimulator.ActiveCfg = Debug|iPhoneSimulator
		{1C876011-D7FC-4728-AC1F-41BABD3CC24F}.Debug|iPhoneSimulator.Build.0 = Debug|iPhoneSimulator
		{1C876011-D7FC-4728-AC1F-41BABD3CC24F}.Debug|x64.ActiveCfg = Debug|iPhone
		{1C876011-D7FC-4728-AC1F-41BABD3CC24F}.Debug|x86.ActiveCfg = Debug|iPhone
		{1C876011-D7FC-4728-AC1F-41BABD3CC24F}.Release|Any CPU.ActiveCfg = Release|iPhone
		{1C876011-D7FC-4728-AC1F-41BABD3CC24F}.Release|ARM.ActiveCfg = Release|iPhone
		{1C876011-D7FC-4728-AC1F-41BABD3CC24F}.Release|iPhone.ActiveCfg = Release|iPhone
		{1C876011-D7FC-4728-AC1F-41BABD3CC24F}.Release|iPhone.Build.0 = Release|iPhone
		{1C876011-D7FC-4728-AC1F-41BABD3CC24F}.Release|iPhoneSimulator.ActiveCfg = Release|iPhoneSimulator
		{1C876011-D7FC-4728-AC1F-41BABD3CC24F}.Release|iPhoneSimulator.Build.0 = Release|iPhoneSimulator
		{1C876011-D7FC-4728-AC1F-41BABD3CC24F}.Release|x64.ActiveCfg = Release|iPhone
		{1C876011-D7FC-4728-AC1F-41BABD3CC24F}.Release|x86.ActiveCfg = Release|iPhone
		{6149F141-1273-47DF-822D-E219D01EE7EF}.Ad-Hoc|Any CPU.ActiveCfg = Release|x86
		{6149F141-1273-47DF-822D-E219D01EE7EF}.Ad-Hoc|Any CPU.Build.0 = Release|x86
		{6149F141-1273-47DF-822D-E219D01EE7EF}.Ad-Hoc|Any CPU.Deploy.0 = Release|x86
		{6149F141-1273-47DF-822D-E219D01EE7EF}.Ad-Hoc|ARM.ActiveCfg = Release|ARM
		{6149F141-1273-47DF-822D-E219D01EE7EF}.Ad-Hoc|ARM.Build.0 = Release|ARM
		{6149F141-1273-47DF-822D-E219D01EE7EF}.Ad-Hoc|ARM.Deploy.0 = Release|ARM
		{6149F141-1273-47DF-822D-E219D01EE7EF}.Ad-Hoc|iPhone.ActiveCfg = Release|x86
		{6149F141-1273-47DF-822D-E219D01EE7EF}.Ad-Hoc|iPhone.Build.0 = Release|x86
		{6149F141-1273-47DF-822D-E219D01EE7EF}.Ad-Hoc|iPhone.Deploy.0 = Release|x86
		{6149F141-1273-47DF-822D-E219D01EE7EF}.Ad-Hoc|iPhoneSimulator.ActiveCfg = Release|x86
		{6149F141-1273-47DF-822D-E219D01EE7EF}.Ad-Hoc|iPhoneSimulator.Build.0 = Release|x86
		{6149F141-1273-47DF-822D-E219D01EE7EF}.Ad-Hoc|iPhoneSimulator.Deploy.0 = Release|x86
		{6149F141-1273-47DF-822D-E219D01EE7EF}.Ad-Hoc|x64.ActiveCfg = Release|x64
		{6149F141-1273-47DF-822D-E219D01EE7EF}.Ad-Hoc|x64.Build.0 = Release|x64
		{6149F141-1273-47DF-822D-E219D01EE7EF}.Ad-Hoc|x64.Deploy.0 = Release|x64
		{6149F141-1273-47DF-822D-E219D01EE7EF}.Ad-Hoc|x86.ActiveCfg = Release|x86
		{6149F141-1273-47DF-822D-E219D01EE7EF}.Ad-Hoc|x86.Build.0 = Release|x86
		{6149F141-1273-47DF-822D-E219D01EE7EF}.Ad-Hoc|x86.Deploy.0 = Release|x86
		{6149F141-1273-47DF-822D-E219D01EE7EF}.AppStore|Any CPU.ActiveCfg = Release|x86
		{6149F141-1273-47DF-822D-E219D01EE7EF}.AppStore|Any CPU.Build.0 = Release|x86
		{6149F141-1273-47DF-822D-E219D01EE7EF}.AppStore|Any CPU.Deploy.0 = Release|x86
		{6149F141-1273-47DF-822D-E219D01EE7EF}.AppStore|ARM.ActiveCfg = Release|ARM
		{6149F141-1273-47DF-822D-E219D01EE7EF}.AppStore|ARM.Build.0 = Release|ARM
		{6149F141-1273-47DF-822D-E219D01EE7EF}.AppStore|ARM.Deploy.0 = Release|ARM
		{6149F141-1273-47DF-822D-E219D01EE7EF}.AppStore|iPhone.ActiveCfg = Release|x86
		{6149F141-1273-47DF-822D-E219D01EE7EF}.AppStore|iPhone.Build.0 = Release|x86
		{6149F141-1273-47DF-822D-E219D01EE7EF}.AppStore|iPhone.Deploy.0 = Release|x86
		{6149F141-1273-47DF-822D-E219D01EE7EF}.AppStore|iPhoneSimulator.ActiveCfg = Release|x86
		{6149F141-1273-47DF-822D-E219D01EE7EF}.AppStore|iPhoneSimulator.Build.0 = Release|x86
		{6149F141-1273-47DF-822D-E219D01EE7EF}.AppStore|iPhoneSimulator.Deploy.0 = Release|x86
		{6149F141-1273-47DF-822D-E219D01EE7EF}.AppStore|x64.ActiveCfg = Release|x64
		{6149F141-1273-47DF-822D-E219D01EE7EF}.AppStore|x64.Build.0 = Release|x64
		{6149F141-1273-47DF-822D-E219D01EE7EF}.AppStore|x64.Deploy.0 = Release|x64
		{6149F141-1273-47DF-822D-E219D01EE7EF}.AppStore|x86.ActiveCfg = Release|x86
		{6149F141-1273-47DF-822D-E219D01EE7EF}.AppStore|x86.Build.0 = Release|x86
		{6149F141-1273-47DF-822D-E219D01EE7EF}.AppStore|x86.Deploy.0 = Release|x86
		{6149F141-1273-47DF-822D-E219D01EE7EF}.Debug|Any CPU.ActiveCfg = Debug|x86
		{6149F141-1273-47DF-822D-E219D01EE7EF}.Debug|ARM.ActiveCfg = Debug|ARM
		{6149F141-1273-47DF-822D-E219D01EE7EF}.Debug|ARM.Build.0 = Debug|ARM
		{6149F141-1273-47DF-822D-E219D01EE7EF}.Debug|ARM.Deploy.0 = Debug|ARM
		{6149F141-1273-47DF-822D-E219D01EE7EF}.Debug|iPhone.ActiveCfg = Debug|x86
		{6149F141-1273-47DF-822D-E219D01EE7EF}.Debug|iPhoneSimulator.ActiveCfg = Debug|x86
		{6149F141-1273-47DF-822D-E219D01EE7EF}.Debug|x64.ActiveCfg = Debug|x64
		{6149F141-1273-47DF-822D-E219D01EE7EF}.Debug|x64.Build.0 = Debug|x64
		{6149F141-1273-47DF-822D-E219D01EE7EF}.Debug|x64.Deploy.0 = Debug|x64
		{6149F141-1273-47DF-822D-E219D01EE7EF}.Debug|x86.ActiveCfg = Debug|x86
		{6149F141-1273-47DF-822D-E219D01EE7EF}.Debug|x86.Build.0 = Debug|x86
		{6149F141-1273-47DF-822D-E219D01EE7EF}.Debug|x86.Deploy.0 = Debug|x86
		{6149F141-1273-47DF-822D-E219D01EE7EF}.Release|Any CPU.ActiveCfg = Release|x86
		{6149F141-1273-47DF-822D-E219D01EE7EF}.Release|ARM.ActiveCfg = Release|ARM
		{6149F141-1273-47DF-822D-E219D01EE7EF}.Release|ARM.Build.0 = Release|ARM
		{6149F141-1273-47DF-822D-E219D01EE7EF}.Release|ARM.Deploy.0 = Release|ARM
		{6149F141-1273-47DF-822D-E219D01EE7EF}.Release|iPhone.ActiveCfg = Release|x86
		{6149F141-1273-47DF-822D-E219D01EE7EF}.Release|iPhoneSimulator.ActiveCfg = Release|x86
		{6149F141-1273-47DF-822D-E219D01EE7EF}.Release|x64.ActiveCfg = Release|x64
		{6149F141-1273-47DF-822D-E219D01EE7EF}.Release|x64.Build.0 = Release|x64
		{6149F141-1273-47DF-822D-E219D01EE7EF}.Release|x64.Deploy.0 = Release|x64
		{6149F141-1273-47DF-822D-E219D01EE7EF}.Release|x86.ActiveCfg = Release|x86
		{6149F141-1273-47DF-822D-E219D01EE7EF}.Release|x86.Build.0 = Release|x86
		{6149F141-1273-47DF-822D-E219D01EE7EF}.Release|x86.Deploy.0 = Release|x86
		{21CC98C8-686B-40BD-A1FB-AF1474C7A432}.Ad-Hoc|Any CPU.ActiveCfg = Debug|Any CPU
		{21CC98C8-686B-40BD-A1FB-AF1474C7A432}.Ad-Hoc|Any CPU.Build.0 = Debug|Any CPU
		{21CC98C8-686B-40BD-A1FB-AF1474C7A432}.Ad-Hoc|ARM.ActiveCfg = Debug|Any CPU
		{21CC98C8-686B-40BD-A1FB-AF1474C7A432}.Ad-Hoc|ARM.Build.0 = Debug|Any CPU
		{21CC98C8-686B-40BD-A1FB-AF1474C7A432}.Ad-Hoc|iPhone.ActiveCfg = Debug|Any CPU
		{21CC98C8-686B-40BD-A1FB-AF1474C7A432}.Ad-Hoc|iPhone.Build.0 = Debug|Any CPU
		{21CC98C8-686B-40BD-A1FB-AF1474C7A432}.Ad-Hoc|iPhoneSimulator.ActiveCfg = Debug|Any CPU
		{21CC98C8-686B-40BD-A1FB-AF1474C7A432}.Ad-Hoc|iPhoneSimulator.Build.0 = Debug|Any CPU
		{21CC98C8-686B-40BD-A1FB-AF1474C7A432}.Ad-Hoc|x64.ActiveCfg = Debug|Any CPU
		{21CC98C8-686B-40BD-A1FB-AF1474C7A432}.Ad-Hoc|x64.Build.0 = Debug|Any CPU
		{21CC98C8-686B-40BD-A1FB-AF1474C7A432}.Ad-Hoc|x86.ActiveCfg = Debug|Any CPU
		{21CC98C8-686B-40BD-A1FB-AF1474C7A432}.Ad-Hoc|x86.Build.0 = Debug|Any CPU
		{21CC98C8-686B-40BD-A1FB-AF1474C7A432}.AppStore|Any CPU.ActiveCfg = Debug|Any CPU
		{21CC98C8-686B-40BD-A1FB-AF1474C7A432}.AppStore|Any CPU.Build.0 = Debug|Any CPU
		{21CC98C8-686B-40BD-A1FB-AF1474C7A432}.AppStore|ARM.ActiveCfg = Debug|Any CPU
		{21CC98C8-686B-40BD-A1FB-AF1474C7A432}.AppStore|ARM.Build.0 = Debug|Any CPU
		{21CC98C8-686B-40BD-A1FB-AF1474C7A432}.AppStore|iPhone.ActiveCfg = Debug|Any CPU
		{21CC98C8-686B-40BD-A1FB-AF1474C7A432}.AppStore|iPhone.Build.0 = Debug|Any CPU
		{21CC98C8-686B-40BD-A1FB-AF1474C7A432}.AppStore|iPhoneSimulator.ActiveCfg = Debug|Any CPU
		{21CC98C8-686B-40BD-A1FB-AF1474C7A432}.AppStore|iPhoneSimulator.Build.0 = Debug|Any CPU
		{21CC98C8-686B-40BD-A1FB-AF1474C7A432}.AppStore|x64.ActiveCfg = Debug|Any CPU
		{21CC98C8-686B-40BD-A1FB-AF1474C7A432}.AppStore|x64.Build.0 = Debug|Any CPU
		{21CC98C8-686B-40BD-A1FB-AF1474C7A432}.AppStore|x86.ActiveCfg = Debug|Any CPU
		{21CC98C8-686B-40BD-A1FB-AF1474C7A432}.AppStore|x86.Build.0 = Debug|Any CPU
		{21CC98C8-686B-40BD-A1FB-AF1474C7A432}.Debug|Any CPU.ActiveCfg = Debug|Any CPU
		{21CC98C8-686B-40BD-A1FB-AF1474C7A432}.Debug|Any CPU.Build.0 = Debug|Any CPU
		{21CC98C8-686B-40BD-A1FB-AF1474C7A432}.Debug|ARM.ActiveCfg = Debug|Any CPU
		{21CC98C8-686B-40BD-A1FB-AF1474C7A432}.Debug|ARM.Build.0 = Debug|Any CPU
		{21CC98C8-686B-40BD-A1FB-AF1474C7A432}.Debug|iPhone.ActiveCfg = Debug|Any CPU
		{21CC98C8-686B-40BD-A1FB-AF1474C7A432}.Debug|iPhone.Build.0 = Debug|Any CPU
		{21CC98C8-686B-40BD-A1FB-AF1474C7A432}.Debug|iPhoneSimulator.ActiveCfg = Debug|Any CPU
		{21CC98C8-686B-40BD-A1FB-AF1474C7A432}.Debug|iPhoneSimulator.Build.0 = Debug|Any CPU
		{21CC98C8-686B-40BD-A1FB-AF1474C7A432}.Debug|x64.ActiveCfg = Debug|Any CPU
		{21CC98C8-686B-40BD-A1FB-AF1474C7A432}.Debug|x64.Build.0 = Debug|Any CPU
		{21CC98C8-686B-40BD-A1FB-AF1474C7A432}.Debug|x86.ActiveCfg = Debug|Any CPU
		{21CC98C8-686B-40BD-A1FB-AF1474C7A432}.Debug|x86.Build.0 = Debug|Any CPU
		{21CC98C8-686B-40BD-A1FB-AF1474C7A432}.Release|Any CPU.ActiveCfg = Release|Any CPU
		{21CC98C8-686B-40BD-A1FB-AF1474C7A432}.Release|Any CPU.Build.0 = Release|Any CPU
		{21CC98C8-686B-40BD-A1FB-AF1474C7A432}.Release|ARM.ActiveCfg = Release|Any CPU
		{21CC98C8-686B-40BD-A1FB-AF1474C7A432}.Release|ARM.Build.0 = Release|Any CPU
		{21CC98C8-686B-40BD-A1FB-AF1474C7A432}.Release|iPhone.ActiveCfg = Release|Any CPU
		{21CC98C8-686B-40BD-A1FB-AF1474C7A432}.Release|iPhone.Build.0 = Release|Any CPU
		{21CC98C8-686B-40BD-A1FB-AF1474C7A432}.Release|iPhoneSimulator.ActiveCfg = Release|Any CPU
		{21CC98C8-686B-40BD-A1FB-AF1474C7A432}.Release|iPhoneSimulator.Build.0 = Release|Any CPU
		{21CC98C8-686B-40BD-A1FB-AF1474C7A432}.Release|x64.ActiveCfg = Release|Any CPU
		{21CC98C8-686B-40BD-A1FB-AF1474C7A432}.Release|x64.Build.0 = Release|Any CPU
		{21CC98C8-686B-40BD-A1FB-AF1474C7A432}.Release|x86.ActiveCfg = Release|Any CPU
		{21CC98C8-686B-40BD-A1FB-AF1474C7A432}.Release|x86.Build.0 = Release|Any CPU
		{B19C892E-2628-4CA7-AD27-08D406A3B14B}.Ad-Hoc|Any CPU.ActiveCfg = Release|Any CPU
		{B19C892E-2628-4CA7-AD27-08D406A3B14B}.Ad-Hoc|Any CPU.Build.0 = Release|Any CPU
		{B19C892E-2628-4CA7-AD27-08D406A3B14B}.Ad-Hoc|ARM.ActiveCfg = Release|Any CPU
		{B19C892E-2628-4CA7-AD27-08D406A3B14B}.Ad-Hoc|ARM.Build.0 = Release|Any CPU
		{B19C892E-2628-4CA7-AD27-08D406A3B14B}.Ad-Hoc|iPhone.ActiveCfg = Release|Any CPU
		{B19C892E-2628-4CA7-AD27-08D406A3B14B}.Ad-Hoc|iPhone.Build.0 = Release|Any CPU
		{B19C892E-2628-4CA7-AD27-08D406A3B14B}.Ad-Hoc|iPhoneSimulator.ActiveCfg = Release|Any CPU
		{B19C892E-2628-4CA7-AD27-08D406A3B14B}.Ad-Hoc|iPhoneSimulator.Build.0 = Release|Any CPU
		{B19C892E-2628-4CA7-AD27-08D406A3B14B}.Ad-Hoc|x64.ActiveCfg = Release|Any CPU
		{B19C892E-2628-4CA7-AD27-08D406A3B14B}.Ad-Hoc|x64.Build.0 = Release|Any CPU
		{B19C892E-2628-4CA7-AD27-08D406A3B14B}.Ad-Hoc|x86.ActiveCfg = Release|Any CPU
		{B19C892E-2628-4CA7-AD27-08D406A3B14B}.Ad-Hoc|x86.Build.0 = Release|Any CPU
		{B19C892E-2628-4CA7-AD27-08D406A3B14B}.AppStore|Any CPU.ActiveCfg = Release|Any CPU
		{B19C892E-2628-4CA7-AD27-08D406A3B14B}.AppStore|Any CPU.Build.0 = Release|Any CPU
		{B19C892E-2628-4CA7-AD27-08D406A3B14B}.AppStore|ARM.ActiveCfg = Release|Any CPU
		{B19C892E-2628-4CA7-AD27-08D406A3B14B}.AppStore|ARM.Build.0 = Release|Any CPU
		{B19C892E-2628-4CA7-AD27-08D406A3B14B}.AppStore|iPhone.ActiveCfg = Release|Any CPU
		{B19C892E-2628-4CA7-AD27-08D406A3B14B}.AppStore|iPhone.Build.0 = Release|Any CPU
		{B19C892E-2628-4CA7-AD27-08D406A3B14B}.AppStore|iPhoneSimulator.ActiveCfg = Release|Any CPU
		{B19C892E-2628-4CA7-AD27-08D406A3B14B}.AppStore|iPhoneSimulator.Build.0 = Release|Any CPU
		{B19C892E-2628-4CA7-AD27-08D406A3B14B}.AppStore|x64.ActiveCfg = Release|Any CPU
		{B19C892E-2628-4CA7-AD27-08D406A3B14B}.AppStore|x64.Build.0 = Release|Any CPU
		{B19C892E-2628-4CA7-AD27-08D406A3B14B}.AppStore|x86.ActiveCfg = Release|Any CPU
		{B19C892E-2628-4CA7-AD27-08D406A3B14B}.AppStore|x86.Build.0 = Release|Any CPU
		{B19C892E-2628-4CA7-AD27-08D406A3B14B}.Debug|Any CPU.ActiveCfg = Debug|Any CPU
		{B19C892E-2628-4CA7-AD27-08D406A3B14B}.Debug|Any CPU.Build.0 = Debug|Any CPU
		{B19C892E-2628-4CA7-AD27-08D406A3B14B}.Debug|ARM.ActiveCfg = Debug|Any CPU
		{B19C892E-2628-4CA7-AD27-08D406A3B14B}.Debug|ARM.Build.0 = Debug|Any CPU
		{B19C892E-2628-4CA7-AD27-08D406A3B14B}.Debug|iPhone.ActiveCfg = Debug|Any CPU
		{B19C892E-2628-4CA7-AD27-08D406A3B14B}.Debug|iPhone.Build.0 = Debug|Any CPU
		{B19C892E-2628-4CA7-AD27-08D406A3B14B}.Debug|iPhoneSimulator.ActiveCfg = Debug|Any CPU
		{B19C892E-2628-4CA7-AD27-08D406A3B14B}.Debug|iPhoneSimulator.Build.0 = Debug|Any CPU
		{B19C892E-2628-4CA7-AD27-08D406A3B14B}.Debug|x64.ActiveCfg = Debug|Any CPU
		{B19C892E-2628-4CA7-AD27-08D406A3B14B}.Debug|x64.Build.0 = Debug|Any CPU
		{B19C892E-2628-4CA7-AD27-08D406A3B14B}.Debug|x86.ActiveCfg = Debug|Any CPU
		{B19C892E-2628-4CA7-AD27-08D406A3B14B}.Debug|x86.Build.0 = Debug|Any CPU
		{B19C892E-2628-4CA7-AD27-08D406A3B14B}.Release|Any CPU.ActiveCfg = Release|Any CPU
		{B19C892E-2628-4CA7-AD27-08D406A3B14B}.Release|Any CPU.Build.0 = Release|Any CPU
		{B19C892E-2628-4CA7-AD27-08D406A3B14B}.Release|ARM.ActiveCfg = Release|Any CPU
		{B19C892E-2628-4CA7-AD27-08D406A3B14B}.Release|ARM.Build.0 = Release|Any CPU
		{B19C892E-2628-4CA7-AD27-08D406A3B14B}.Release|iPhone.ActiveCfg = Release|Any CPU
		{B19C892E-2628-4CA7-AD27-08D406A3B14B}.Release|iPhone.Build.0 = Release|Any CPU
		{B19C892E-2628-4CA7-AD27-08D406A3B14B}.Release|iPhoneSimulator.ActiveCfg = Release|Any CPU
		{B19C892E-2628-4CA7-AD27-08D406A3B14B}.Release|iPhoneSimulator.Build.0 = Release|Any CPU
		{B19C892E-2628-4CA7-AD27-08D406A3B14B}.Release|x64.ActiveCfg = Release|Any CPU
		{B19C892E-2628-4CA7-AD27-08D406A3B14B}.Release|x64.Build.0 = Release|Any CPU
		{B19C892E-2628-4CA7-AD27-08D406A3B14B}.Release|x86.ActiveCfg = Release|Any CPU
		{B19C892E-2628-4CA7-AD27-08D406A3B14B}.Release|x86.Build.0 = Release|Any CPU
		{03733502-C617-4953-8CE2-1CE15638A973}.Ad-Hoc|Any CPU.ActiveCfg = Debug|Any CPU
		{03733502-C617-4953-8CE2-1CE15638A973}.Ad-Hoc|Any CPU.Build.0 = Debug|Any CPU
		{03733502-C617-4953-8CE2-1CE15638A973}.Ad-Hoc|ARM.ActiveCfg = Debug|Any CPU
		{03733502-C617-4953-8CE2-1CE15638A973}.Ad-Hoc|ARM.Build.0 = Debug|Any CPU
		{03733502-C617-4953-8CE2-1CE15638A973}.Ad-Hoc|iPhone.ActiveCfg = Debug|Any CPU
		{03733502-C617-4953-8CE2-1CE15638A973}.Ad-Hoc|iPhone.Build.0 = Debug|Any CPU
		{03733502-C617-4953-8CE2-1CE15638A973}.Ad-Hoc|iPhoneSimulator.ActiveCfg = Debug|Any CPU
		{03733502-C617-4953-8CE2-1CE15638A973}.Ad-Hoc|iPhoneSimulator.Build.0 = Debug|Any CPU
		{03733502-C617-4953-8CE2-1CE15638A973}.Ad-Hoc|x64.ActiveCfg = Debug|Any CPU
		{03733502-C617-4953-8CE2-1CE15638A973}.Ad-Hoc|x64.Build.0 = Debug|Any CPU
		{03733502-C617-4953-8CE2-1CE15638A973}.Ad-Hoc|x86.ActiveCfg = Debug|Any CPU
		{03733502-C617-4953-8CE2-1CE15638A973}.Ad-Hoc|x86.Build.0 = Debug|Any CPU
		{03733502-C617-4953-8CE2-1CE15638A973}.AppStore|Any CPU.ActiveCfg = Debug|Any CPU
		{03733502-C617-4953-8CE2-1CE15638A973}.AppStore|Any CPU.Build.0 = Debug|Any CPU
		{03733502-C617-4953-8CE2-1CE15638A973}.AppStore|ARM.ActiveCfg = Debug|Any CPU
		{03733502-C617-4953-8CE2-1CE15638A973}.AppStore|ARM.Build.0 = Debug|Any CPU
		{03733502-C617-4953-8CE2-1CE15638A973}.AppStore|iPhone.ActiveCfg = Debug|Any CPU
		{03733502-C617-4953-8CE2-1CE15638A973}.AppStore|iPhone.Build.0 = Debug|Any CPU
		{03733502-C617-4953-8CE2-1CE15638A973}.AppStore|iPhoneSimulator.ActiveCfg = Debug|Any CPU
		{03733502-C617-4953-8CE2-1CE15638A973}.AppStore|iPhoneSimulator.Build.0 = Debug|Any CPU
		{03733502-C617-4953-8CE2-1CE15638A973}.AppStore|x64.ActiveCfg = Debug|Any CPU
		{03733502-C617-4953-8CE2-1CE15638A973}.AppStore|x64.Build.0 = Debug|Any CPU
		{03733502-C617-4953-8CE2-1CE15638A973}.AppStore|x86.ActiveCfg = Debug|Any CPU
		{03733502-C617-4953-8CE2-1CE15638A973}.AppStore|x86.Build.0 = Debug|Any CPU
		{03733502-C617-4953-8CE2-1CE15638A973}.Debug|Any CPU.ActiveCfg = Debug|Any CPU
		{03733502-C617-4953-8CE2-1CE15638A973}.Debug|Any CPU.Build.0 = Debug|Any CPU
		{03733502-C617-4953-8CE2-1CE15638A973}.Debug|ARM.ActiveCfg = Debug|Any CPU
		{03733502-C617-4953-8CE2-1CE15638A973}.Debug|ARM.Build.0 = Debug|Any CPU
		{03733502-C617-4953-8CE2-1CE15638A973}.Debug|iPhone.ActiveCfg = Debug|Any CPU
		{03733502-C617-4953-8CE2-1CE15638A973}.Debug|iPhone.Build.0 = Debug|Any CPU
		{03733502-C617-4953-8CE2-1CE15638A973}.Debug|iPhoneSimulator.ActiveCfg = Debug|Any CPU
		{03733502-C617-4953-8CE2-1CE15638A973}.Debug|iPhoneSimulator.Build.0 = Debug|Any CPU
		{03733502-C617-4953-8CE2-1CE15638A973}.Debug|x64.ActiveCfg = Debug|Any CPU
		{03733502-C617-4953-8CE2-1CE15638A973}.Debug|x64.Build.0 = Debug|Any CPU
		{03733502-C617-4953-8CE2-1CE15638A973}.Debug|x86.ActiveCfg = Debug|Any CPU
		{03733502-C617-4953-8CE2-1CE15638A973}.Debug|x86.Build.0 = Debug|Any CPU
		{03733502-C617-4953-8CE2-1CE15638A973}.Release|Any CPU.ActiveCfg = Release|Any CPU
		{03733502-C617-4953-8CE2-1CE15638A973}.Release|Any CPU.Build.0 = Release|Any CPU
		{03733502-C617-4953-8CE2-1CE15638A973}.Release|ARM.ActiveCfg = Release|Any CPU
		{03733502-C617-4953-8CE2-1CE15638A973}.Release|ARM.Build.0 = Release|Any CPU
		{03733502-C617-4953-8CE2-1CE15638A973}.Release|iPhone.ActiveCfg = Release|Any CPU
		{03733502-C617-4953-8CE2-1CE15638A973}.Release|iPhone.Build.0 = Release|Any CPU
		{03733502-C617-4953-8CE2-1CE15638A973}.Release|iPhoneSimulator.ActiveCfg = Release|Any CPU
		{03733502-C617-4953-8CE2-1CE15638A973}.Release|iPhoneSimulator.Build.0 = Release|Any CPU
		{03733502-C617-4953-8CE2-1CE15638A973}.Release|x64.ActiveCfg = Release|Any CPU
		{03733502-C617-4953-8CE2-1CE15638A973}.Release|x64.Build.0 = Release|Any CPU
		{03733502-C617-4953-8CE2-1CE15638A973}.Release|x86.ActiveCfg = Release|Any CPU
		{03733502-C617-4953-8CE2-1CE15638A973}.Release|x86.Build.0 = Release|Any CPU
	EndGlobalSection
	GlobalSection(SolutionProperties) = preSolution
		HideSolutionNode = FALSE
	EndGlobalSection
	GlobalSection(NestedProjects) = preSolution
		{92F28CBD-CB0D-4F4E-A272-2004811B96BA} = {F71A7AEB-DA19-40E1-8777-BF9A7A09D9DB}
		{1EB6EC34-D630-4866-A08A-07DDC7F1D73F} = {EB77F75E-D518-4D0F-89AC-63DD309AEF32}
		{1C876011-D7FC-4728-AC1F-41BABD3CC24F} = {EB77F75E-D518-4D0F-89AC-63DD309AEF32}
		{6149F141-1273-47DF-822D-E219D01EE7EF} = {EB77F75E-D518-4D0F-89AC-63DD309AEF32}
		{EB77F75E-D518-4D0F-89AC-63DD309AEF32} = {F71A7AEB-DA19-40E1-8777-BF9A7A09D9DB}
		{21CC98C8-686B-40BD-A1FB-AF1474C7A432} = {9A918B19-4EC4-460D-8B09-233F82E5E947}
		{B19C892E-2628-4CA7-AD27-08D406A3B14B} = {9A918B19-4EC4-460D-8B09-233F82E5E947}
		{03733502-C617-4953-8CE2-1CE15638A973} = {F71A7AEB-DA19-40E1-8777-BF9A7A09D9DB}
	EndGlobalSection
	GlobalSection(ExtensibilityGlobals) = postSolution
		SolutionGuid = {FEC77351-973F-40CF-B361-9FAEDD30483C}
	EndGlobalSection
EndGlobal
